<?xml version="1.0" encoding="utf-8"?>
<Project ToolsVersion="4.0" xmlns="http://schemas.microsoft.com/developer/msbuild/2003">
  <!-- GENERATED by tools/gen_vcxproj_filters.py - do not hand-edit; rerun the generator.
       The folder tree MIRRORS THE ON-DISK LAYOUT (fork F5P); it is not a taxonomy. -->
  <ItemGroup>
    <Filter Include="include">
      <UniqueIdentifier>{2E905106-0C60-5864-9D8F-310AA32B529F}</UniqueIdentifier>
    </Filter>
    <Filter Include="include\mh_net_proto">
      <UniqueIdentifier>{78DE086F-6A11-5393-8EE0-7317974CF438}</UniqueIdentifier>
    </Filter>
    <Filter Include="src">
      <UniqueIdentifier>{E36371B5-2FF0-59BA-9183-B12AA7C04FA0}</UniqueIdentifier>
    </Filter>
  </ItemGroup>
  <ItemGroup>
    <ClInclude Include="include\mh_net_proto\net_crypto.h">
      <Filter>include\mh_net_proto</Filter>
    </ClInclude>
    <ClInclude Include="include\mh_net_proto\net_udp.h">
      <Filter>include\mh_net_proto</Filter>
    </ClInclude>
    <ClInclude Include="include\mh_net_proto\net_wire.h">
      <Filter>include\mh_net_proto</Filter>
    </ClInclude>
    <ClInclude Include="include\mh_net_proto\session_info.h">
      <Filter>include\mh_net_proto</Filter>
    </ClInclude>
    <ClInclude Include="include\mh_net_proto\uuid7.h">
      <Filter>include\mh_net_proto</Filter>
    </ClInclude>
    <ClInclude Include="src\byteio.h">
      <Filter>src</Filter>
    </ClInclude>
  </ItemGroup>
  <ItemGroup>
    <ClCompile Include="src\net_crypto.cpp">
      <Filter>src</Filter>
    </ClCompile>
    <ClCompile Include="src\net_udp.cpp">
      <Filter>src</Filter>
    </ClCompile>
    <ClCompile Include="src\net_wire.cpp">
      <Filter>src</Filter>
    </ClCompile>
    <ClCompile Include="src\session_info.cpp">
      <Filter>src</Filter>
    </ClCompile>
    <ClCompile Include="src\uuid7.cpp">
      <Filter>src</Filter>
    </ClCompile>
  </ItemGroup>
</Project>
