<?xml version="1.0" encoding="utf-8"?>
<Project ToolsVersion="4.0" xmlns="http://schemas.microsoft.com/developer/msbuild/2003">
  <!-- GENERATED by tools/gen_vcxproj_filters.py - do not hand-edit; rerun the generator.
       The folder tree MIRRORS THE ON-DISK LAYOUT (fork F5P); it is not a taxonomy. -->
  <ItemGroup>
    <Filter Include="mh">
      <UniqueIdentifier>{E7570BCB-DD6A-58CA-92CE-8B5A31AF882C}</UniqueIdentifier>
    </Filter>
    <Filter Include="mh\addr">
      <UniqueIdentifier>{6872E13D-6F87-5DF6-A13F-898ECF55763D}</UniqueIdentifier>
    </Filter>
  </ItemGroup>
  <ItemGroup>
    <ClCompile Include="..\mh\addr\mh_calls.gen.cpp">
      <Filter>mh\addr</Filter>
    </ClCompile>
    <ClCompile Include="libmh_std_dllmain.cpp" />
  </ItemGroup>
  <ItemGroup>
    <None Include="libmh_std.def" />
  </ItemGroup>
</Project>
