<?xml version="1.0" encoding="utf-8"?>
<Project ToolsVersion="4.0" xmlns="http://schemas.microsoft.com/developer/msbuild/2003">
  <!-- GENERATED by tools/gen_vcxproj_filters.py - do not hand-edit; rerun the generator.
       The folder tree MIRRORS THE ON-DISK LAYOUT (fork F5P); it is not a taxonomy. -->
  <ItemGroup>
    <Filter Include="mh_net">
      <UniqueIdentifier>{FC047F0A-DFD0-5B5C-A80F-DE92A84B73F6}</UniqueIdentifier>
    </Filter>
  </ItemGroup>
  <ItemGroup>
    <ClCompile Include="udp_endpoint.cpp" />
    <ClCompile Include="udp_channel_c.cpp" />
    <ClCompile Include="udp_snapshot.cpp" />
    <ClCompile Include="udp_transport.cpp" />
    <ClCompile Include="udp_punch.cpp" />
    <ClCompile Include="udp_relay.cpp" />
    <ClCompile Include="mh_net_udp_dllmain.cpp" />
    <ClCompile Include="..\mh_net\net_key.cpp">
      <Filter>mh_net</Filter>
    </ClCompile>
  </ItemGroup>
  <ItemGroup>
    <None Include="mh_net_udp.def" />
  </ItemGroup>
  <ItemGroup>
    <ClInclude Include="udp_endpoint.h" />
    <ClInclude Include="udp_channel_c.h" />
    <ClInclude Include="udp_snapshot.h" />
    <ClInclude Include="udp_stats.h" />
    <ClInclude Include="udp_punch.h" />
    <ClInclude Include="udp_relay.h" />
    <ClInclude Include="udp_room.h" />
  </ItemGroup>
</Project>
