<?xml version="1.0" encoding="utf-8"?>
<Project ToolsVersion="4.0" xmlns="http://schemas.microsoft.com/developer/msbuild/2003">
  <!-- GENERATED by tools/gen_vcxproj_filters.py - do not hand-edit; rerun the generator.
       The folder tree MIRRORS THE ON-DISK LAYOUT (fork F5P); it is not a taxonomy. -->
  <ItemGroup>
    <ClCompile Include="mh_tools.cpp" />
  </ItemGroup>
</Project>
