<?xml version="1.0" encoding="utf-8"?>
<Project ToolsVersion="4.0" xmlns="http://schemas.microsoft.com/developer/msbuild/2003">
  <!-- GENERATED by tools/gen_vcxproj_filters.py - do not hand-edit; rerun the generator.
       The folder tree MIRRORS THE ON-DISK LAYOUT (fork F5P); it is not a taxonomy. -->
  <ItemGroup>
    <Filter Include="libmh">
      <UniqueIdentifier>{90BC3684-4572-5D34-A93D-237EC4F676C0}</UniqueIdentifier>
    </Filter>
    <Filter Include="libmh\ai">
      <UniqueIdentifier>{3D3F6957-22E2-5C4E-BC79-3FD653D22DFD}</UniqueIdentifier>
    </Filter>
    <Filter Include="libmh\lockstep">
      <UniqueIdentifier>{5E78B5D4-208D-50E2-913A-2159A7D133C5}</UniqueIdentifier>
    </Filter>
    <Filter Include="libmh\orders">
      <UniqueIdentifier>{5777355B-04AD-589F-B95B-BE8CB59FA7AA}</UniqueIdentifier>
    </Filter>
    <Filter Include="libmh\orders\issue">
      <UniqueIdentifier>{A9F14FCC-AA45-55CB-8B13-20F02BBCEA18}</UniqueIdentifier>
    </Filter>
    <Filter Include="libmh\save">
      <UniqueIdentifier>{EB542E34-938E-54E1-B3C7-51448310E938}</UniqueIdentifier>
    </Filter>
    <Filter Include="libmh\sim">
      <UniqueIdentifier>{75A208B7-0DBB-556E-B164-F4C0C0D243F9}</UniqueIdentifier>
    </Filter>
    <Filter Include="libmh\sim\hostreach">
      <UniqueIdentifier>{BDDC5009-2D13-5986-8538-C0B4765FAD60}</UniqueIdentifier>
    </Filter>
    <Filter Include="libmh\sim\libtrans">
      <UniqueIdentifier>{303D4FFE-4650-51C4-8903-4582F79EE12A}</UniqueIdentifier>
    </Filter>
    <Filter Include="libmh\sim\resid">
      <UniqueIdentifier>{842EA5F0-39FE-5CB3-B9FC-4BAEF03FF280}</UniqueIdentifier>
    </Filter>
    <Filter Include="libmh\state">
      <UniqueIdentifier>{5446405B-870D-58DE-9804-70503E445AB5}</UniqueIdentifier>
    </Filter>
    <Filter Include="libmh\tact">
      <UniqueIdentifier>{1A51FF3F-585C-5DE3-B720-EBD3DF9888BF}</UniqueIdentifier>
    </Filter>
    <Filter Include="mh">
      <UniqueIdentifier>{F2668E82-03B7-5D2A-A683-0CC1B7AC32FA}</UniqueIdentifier>
    </Filter>
    <Filter Include="mh\addr">
      <UniqueIdentifier>{D5C39D10-F30C-58BD-92F3-CBBB917A04A5}</UniqueIdentifier>
    </Filter>
    <Filter Include="mh\desync">
      <UniqueIdentifier>{1B5B9CB0-54B0-53EA-96BA-6D1DD51E4ACA}</UniqueIdentifier>
    </Filter>
    <Filter Include="mh\hook">
      <UniqueIdentifier>{E1C67C8F-25F1-5007-AB9C-4A8339337902}</UniqueIdentifier>
    </Filter>
    <Filter Include="mh\patch">
      <UniqueIdentifier>{2343EB51-C141-5692-91C0-A47AA13BEB5B}</UniqueIdentifier>
    </Filter>
    <Filter Include="mh\seams">
      <UniqueIdentifier>{6B6C2C74-5C1F-55FD-885C-A24066F7B36C}</UniqueIdentifier>
    </Filter>
    <Filter Include="mh\ui">
      <UniqueIdentifier>{D4C270CF-466C-5391-B921-128D100D96FA}</UniqueIdentifier>
    </Filter>
    <Filter Include="mh_common">
      <UniqueIdentifier>{B5377C98-BF59-583E-BEB4-601D44E18536}</UniqueIdentifier>
    </Filter>
    <Filter Include="mh_harness">
      <UniqueIdentifier>{EA6D0FB4-705F-58D8-9253-4ACF198F9050}</UniqueIdentifier>
    </Filter>
    <Filter Include="mh_net">
      <UniqueIdentifier>{213AE69C-210D-54BF-9C5D-9644D6B5EA69}</UniqueIdentifier>
    </Filter>
    <Filter Include="mh_net_proto">
      <UniqueIdentifier>{A3E29FE4-8D30-51C1-A409-60DB9BAF6DEF}</UniqueIdentifier>
    </Filter>
    <Filter Include="mh_net_proto\src">
      <UniqueIdentifier>{5B1ABE7F-F3C0-55E2-8FFA-8BC0F1EFE83C}</UniqueIdentifier>
    </Filter>
    <Filter Include="mh_net_udp">
      <UniqueIdentifier>{859133F2-C960-5588-8590-223BCC9412D4}</UniqueIdentifier>
    </Filter>
  </ItemGroup>
  <ItemGroup>
    <ClCompile Include="net_selftest.cpp" />
    <ClCompile Include="mh_calls_selftest.gen.cpp" />
    <ClCompile Include="mh_export_selftest.gen.cpp" />
    <ClCompile Include="watchdog_selftest.cpp" />
    <ClCompile Include="desync_selftest.cpp" />
    <ClCompile Include="net_queue_selftest.cpp" />
    <ClCompile Include="session_id_selftest.cpp" />
    <ClCompile Include="session_dir_selftest.cpp" />
    <ClCompile Include="log_rotate_selftest.cpp" />
    <ClCompile Include="ini_read_selftest.cpp" />
    <ClCompile Include="run_context_selftest.cpp" />
    <ClCompile Include="udp_wire_selftest.cpp" />
    <ClCompile Include="udp_loopback_selftest.cpp" />
    <ClCompile Include="..\mh_net_udp\udp_endpoint.cpp">
      <Filter>mh_net_udp</Filter>
    </ClCompile>
    <ClCompile Include="..\mh_net_udp\udp_channel_c.cpp">
      <Filter>mh_net_udp</Filter>
    </ClCompile>
    <ClCompile Include="..\mh_net_udp\udp_snapshot.cpp">
      <Filter>mh_net_udp</Filter>
    </ClCompile>
    <ClCompile Include="udp_bulk_selftest.cpp" />
    <ClCompile Include="udp_snapshot_selftest.cpp" />
    <ClCompile Include="map_transfer_selftest.cpp" />
    <ClCompile Include="udp_punch_selftest.cpp" />
    <ClCompile Include="udp_room_selftest.cpp" />
    <ClCompile Include="udp_relay_selftest.cpp" />
    <ClCompile Include="..\mh_net_udp\udp_punch.cpp">
      <Filter>mh_net_udp</Filter>
    </ClCompile>
    <ClCompile Include="..\mh_net_udp\udp_relay.cpp">
      <Filter>mh_net_udp</Filter>
    </ClCompile>
    <ClCompile Include="..\mh\addr\mh_calls.gen.cpp">
      <Filter>mh\addr</Filter>
    </ClCompile>
    <ClCompile Include="..\mh\addr\mh_hostapi_bind.gen.cpp">
      <Filter>mh\addr</Filter>
    </ClCompile>
    <ClCompile Include="..\mh\seams\hostapi_io_bind.cpp">
      <Filter>mh\seams</Filter>
    </ClCompile>
    <ClCompile Include="..\mh\hook\export.cpp">
      <Filter>mh\hook</Filter>
    </ClCompile>
    <ClCompile Include="..\mh\hook\hookpoint.cpp">
      <Filter>mh\hook</Filter>
    </ClCompile>
    <ClCompile Include="..\libmh\orders\order_queue.cpp">
      <Filter>libmh\orders</Filter>
    </ClCompile>
    <ClCompile Include="..\libmh\orders\issue\issue_state.cpp">
      <Filter>libmh\orders\issue</Filter>
    </ClCompile>
    <ClCompile Include="..\libmh\orders\issue\issue_promote.cpp">
      <Filter>libmh\orders\issue</Filter>
    </ClCompile>
    <ClCompile Include="..\libmh\orders\issue\issue_bldg_orders.cpp">
      <Filter>libmh\orders\issue</Filter>
    </ClCompile>
    <ClCompile Include="..\libmh\orders\issue\issue_order_core.cpp">
      <Filter>libmh\orders\issue</Filter>
    </ClCompile>
    <ClCompile Include="..\libmh\orders\issue\issue_bldg_orders_b.cpp">
      <Filter>libmh\orders\issue</Filter>
    </ClCompile>
    <ClCompile Include="..\libmh\orders\issue\issue_bldg_depart.cpp">
      <Filter>libmh\orders\issue</Filter>
    </ClCompile>
    <ClCompile Include="..\libmh\orders\issue\issue_bldg_footprint.cpp">
      <Filter>libmh\orders\issue</Filter>
    </ClCompile>
    <ClCompile Include="..\libmh\orders\issue\issue_unit_move.cpp">
      <Filter>libmh\orders\issue</Filter>
    </ClCompile>
    <ClCompile Include="..\libmh\orders\issue\issue_unit_attack.cpp">
      <Filter>libmh\orders\issue</Filter>
    </ClCompile>
    <ClCompile Include="..\libmh\orders\issue\issue_unit_storage.cpp">
      <Filter>libmh\orders\issue</Filter>
    </ClCompile>
    <ClCompile Include="..\libmh\orders\issue\issue_group_formation_move.cpp">
      <Filter>libmh\orders\issue</Filter>
    </ClCompile>
    <ClCompile Include="..\libmh\orders\issue\issue_ai_move_primitives.cpp">
      <Filter>libmh\orders\issue</Filter>
    </ClCompile>
    <ClCompile Include="..\libmh\orders\issue\issue_group_orders.cpp">
      <Filter>libmh\orders\issue</Filter>
    </ClCompile>
    <ClCompile Include="..\libmh\orders\issue\issue_turret_orders.cpp">
      <Filter>libmh\orders\issue</Filter>
    </ClCompile>
    <ClCompile Include="..\libmh\orders\issue\issue_order_debug.cpp">
      <Filter>libmh\orders\issue</Filter>
    </ClCompile>
    <ClCompile Include="..\libmh\orders\issue\issue_order_admin.cpp">
      <Filter>libmh\orders\issue</Filter>
    </ClCompile>
    <ClCompile Include="..\libmh\orders\issue\issue_order_player.cpp">
      <Filter>libmh\orders\issue</Filter>
    </ClCompile>
    <ClCompile Include="..\libmh\lockstep\lockstep_state.cpp">
      <Filter>libmh\lockstep</Filter>
    </ClCompile>
    <ClCompile Include="..\libmh\lockstep\turn_engine.cpp">
      <Filter>libmh\lockstep</Filter>
    </ClCompile>
    <ClCompile Include="..\libmh\lockstep\rx_dispatch.cpp">
      <Filter>libmh\lockstep</Filter>
    </ClCompile>
    <ClCompile Include="..\libmh\lockstep\tx_emit.cpp">
      <Filter>libmh\lockstep</Filter>
    </ClCompile>
    <ClCompile Include="..\libmh\lockstep\tx_emit_chat.cpp">
      <Filter>libmh\lockstep</Filter>
    </ClCompile>
    <ClCompile Include="..\libmh\lockstep\tx_emit_ctrl.cpp">
      <Filter>libmh\lockstep</Filter>
    </ClCompile>
    <ClCompile Include="..\libmh\lockstep\tx_emit_order.cpp">
      <Filter>libmh\lockstep</Filter>
    </ClCompile>
    <ClCompile Include="..\libmh\lockstep\resync.cpp">
      <Filter>libmh\lockstep</Filter>
    </ClCompile>
    <ClCompile Include="..\libmh\lockstep\net_session.cpp">
      <Filter>libmh\lockstep</Filter>
    </ClCompile>
    <ClCompile Include="..\libmh\lockstep\overlay_hoist.cpp">
      <Filter>libmh\lockstep</Filter>
    </ClCompile>
    <ClCompile Include="..\libmh\lockstep\timekeeper.cpp">
      <Filter>libmh\lockstep</Filter>
    </ClCompile>
    <ClCompile Include="..\mh\desync\desync_watch.cpp">
      <Filter>mh\desync</Filter>
    </ClCompile>
    <ClCompile Include="..\libmh\save\save_block.cpp">
      <Filter>libmh\save</Filter>
    </ClCompile>
    <ClCompile Include="..\libmh\save\save_driver.cpp">
      <Filter>libmh\save</Filter>
    </ClCompile>
    <ClCompile Include="..\libmh\save\save_ext.cpp">
      <Filter>libmh\save</Filter>
    </ClCompile>
    <ClCompile Include="..\libmh\save\save_format.cpp">
      <Filter>libmh\save</Filter>
    </ClCompile>
    <ClCompile Include="..\libmh\save\save_state.cpp">
      <Filter>libmh\save</Filter>
    </ClCompile>
    <ClCompile Include="..\libmh\save\save_live.cpp">
      <Filter>libmh\save</Filter>
    </ClCompile>
    <ClCompile Include="..\mh_common\lzw.cpp">
      <Filter>mh_common</Filter>
    </ClCompile>
    <ClCompile Include="..\mh_net\net_key.cpp">
      <Filter>mh_net</Filter>
    </ClCompile>
    <ClCompile Include="..\mh_net\net_transport.cpp">
      <Filter>mh_net</Filter>
    </ClCompile>
    <ClCompile Include="..\mh_common\run_context.cpp">
      <Filter>mh_common</Filter>
    </ClCompile>
    <ClCompile Include="..\mh\en_guard.cpp">
      <Filter>mh</Filter>
    </ClCompile>
    <ClCompile Include="..\mh\hook\detour.cpp">
      <Filter>mh\hook</Filter>
    </ClCompile>
    <ClCompile Include="..\mh\hook\patch.cpp">
      <Filter>mh\hook</Filter>
    </ClCompile>
    <ClCompile Include="..\mh\hook\promoted.cpp">
      <Filter>mh\hook</Filter>
    </ClCompile>
    <ClCompile Include="..\mh\hook\tombstone.cpp">
      <Filter>mh\hook</Filter>
    </ClCompile>
    <ClCompile Include="interlock_selftest.cpp" />
    <ClCompile Include="..\mh\patch\inmem_patch.cpp">
      <Filter>mh\patch</Filter>
    </ClCompile>
    <ClCompile Include="..\mh\patch\inmem_install.cpp">
      <Filter>mh\patch</Filter>
    </ClCompile>
    <ClCompile Include="inmem_patch_selftest.cpp" />
    <ClCompile Include="hostapi_c_compile.c" />
    <ClCompile Include="hostapi_selftest.cpp" />
    <ClCompile Include="hostapi_trap.cpp" />
    <ClCompile Include="hostin_selftest.cpp" />
    <ClCompile Include="mh_hostapi_selftest.gen.cpp" />
    <ClCompile Include="..\libmh\state\host_api.cpp">
      <Filter>libmh\state</Filter>
    </ClCompile>
    <ClCompile Include="..\libmh\state\hook_api.cpp">
      <Filter>libmh\state</Filter>
    </ClCompile>
    <ClCompile Include="..\mh\seams\libmh_hook_host.cpp">
      <Filter>mh\seams</Filter>
    </ClCompile>
    <ClCompile Include="..\libmh\state\boot_snapshot.cpp">
      <Filter>libmh\state</Filter>
    </ClCompile>
    <ClCompile Include="..\libmh\state\nav_trailer.cpp">
      <Filter>libmh\state</Filter>
    </ClCompile>
    <ClCompile Include="..\libmh\state\world_snapshot.cpp">
      <Filter>libmh\state</Filter>
    </ClCompile>
    <ClCompile Include="..\libmh\state\spine.cpp">
      <Filter>libmh\state</Filter>
    </ClCompile>
    <ClCompile Include="..\libmh\state\host_bind.cpp">
      <Filter>libmh\state</Filter>
    </ClCompile>
    <ClCompile Include="..\libmh\state\spine_exports.cpp">
      <Filter>libmh\state</Filter>
    </ClCompile>
    <ClCompile Include="..\libmh\state\host_events.cpp">
      <Filter>libmh\state</Filter>
    </ClCompile>
    <ClCompile Include="..\libmh\state\host_in.cpp">
      <Filter>libmh\state</Filter>
    </ClCompile>
    <ClCompile Include="..\libmh\state\rebind_arming.cpp">
      <Filter>libmh\state</Filter>
    </ClCompile>
    <ClCompile Include="..\libmh\state\rebind_shims.cpp">
      <Filter>libmh\state</Filter>
    </ClCompile>
    <ClCompile Include="..\libmh\state\rebind_traps.gen.cpp">
      <Filter>libmh\state</Filter>
    </ClCompile>
    <ClCompile Include="..\libmh\state\rebind_verify.gen.cpp">
      <Filter>libmh\state</Filter>
    </ClCompile>
    <ClCompile Include="tombstone_selftest.cpp" />
    <ClCompile Include="state_selftest.cpp" />
    <ClCompile Include="..\libmh\ai\ai_state.cpp">
      <Filter>libmh\ai</Filter>
    </ClCompile>
    <ClCompile Include="..\libmh\ai\ai_promote.cpp">
      <Filter>libmh\ai</Filter>
    </ClCompile>
    <ClCompile Include="..\libmh\ai\ai_engage.cpp">
      <Filter>libmh\ai</Filter>
    </ClCompile>
    <ClCompile Include="..\libmh\ai\ai_build.cpp">
      <Filter>libmh\ai</Filter>
    </ClCompile>
    <ClCompile Include="..\libmh\ai\ai_target.cpp">
      <Filter>libmh\ai</Filter>
    </ClCompile>
    <ClCompile Include="..\libmh\ai\ai_turret_threat.cpp">
      <Filter>libmh\ai</Filter>
    </ClCompile>
    <ClCompile Include="..\libmh\ai\ai_engage_scan.cpp">
      <Filter>libmh\ai</Filter>
    </ClCompile>
    <ClCompile Include="..\libmh\ai\ai_grid.cpp">
      <Filter>libmh\ai</Filter>
    </ClCompile>
    <ClCompile Include="..\libmh\ai\ai_grid_stencil.cpp">
      <Filter>libmh\ai</Filter>
    </ClCompile>
    <ClCompile Include="..\libmh\ai\ai_spiral_scan.cpp">
      <Filter>libmh\ai</Filter>
    </ClCompile>
    <ClCompile Include="..\libmh\ai\ai_scan_targets.cpp">
      <Filter>libmh\ai</Filter>
    </ClCompile>
    <ClCompile Include="..\libmh\ai\ai_scan_visible.cpp">
      <Filter>libmh\ai</Filter>
    </ClCompile>
    <ClCompile Include="..\libmh\ai\ai_holding_pen.cpp">
      <Filter>libmh\ai</Filter>
    </ClCompile>
    <ClCompile Include="..\libmh\ai\ai_attack_candidates.cpp">
      <Filter>libmh\ai</Filter>
    </ClCompile>
    <ClCompile Include="..\libmh\ai\ai_abandon_target.cpp">
      <Filter>libmh\ai</Filter>
    </ClCompile>
    <ClCompile Include="..\libmh\ai\ai_bldg_repair.cpp">
      <Filter>libmh\ai</Filter>
    </ClCompile>
    <ClCompile Include="..\libmh\ai\ai_army_milestone.cpp">
      <Filter>libmh\ai</Filter>
    </ClCompile>
    <ClCompile Include="..\libmh\ai\ai_target_query.cpp">
      <Filter>libmh\ai</Filter>
    </ClCompile>
    <ClCompile Include="..\libmh\ai\ai_engage_candidates.cpp">
      <Filter>libmh\ai</Filter>
    </ClCompile>
    <ClCompile Include="..\libmh\ai\ai_scan_target_add.cpp">
      <Filter>libmh\ai</Filter>
    </ClCompile>
    <ClCompile Include="..\libmh\ai\ai_construction_sites.cpp">
      <Filter>libmh\ai</Filter>
    </ClCompile>
    <ClCompile Include="..\libmh\ai\ai_target_ref_predicates.cpp">
      <Filter>libmh\ai</Filter>
    </ClCompile>
    <ClCompile Include="..\libmh\ai\ai_worker_priority.cpp">
      <Filter>libmh\ai</Filter>
    </ClCompile>
    <ClCompile Include="..\libmh\ai\ai_site_sort.cpp">
      <Filter>libmh\ai</Filter>
    </ClCompile>
    <ClCompile Include="..\libmh\ai\ai_site_scan.cpp">
      <Filter>libmh\ai</Filter>
    </ClCompile>
    <ClCompile Include="..\libmh\ai\ai_resource_sites.cpp">
      <Filter>libmh\ai</Filter>
    </ClCompile>
    <ClCompile Include="..\libmh\ai\ai_queue_release.cpp">
      <Filter>libmh\ai</Filter>
    </ClCompile>
    <ClCompile Include="..\libmh\ai\ai_attacker_intel.cpp">
      <Filter>libmh\ai</Filter>
    </ClCompile>
    <ClCompile Include="..\libmh\ai\ai_mine_plan.cpp">
      <Filter>libmh\ai</Filter>
    </ClCompile>
    <ClCompile Include="..\libmh\ai\ai_mine_rebalance.cpp">
      <Filter>libmh\ai</Filter>
    </ClCompile>
    <ClCompile Include="..\libmh\ai\ai_mine_yield.cpp">
      <Filter>libmh\ai</Filter>
    </ClCompile>
    <ClCompile Include="..\libmh\ai\ai_turret_plan.cpp">
      <Filter>libmh\ai</Filter>
    </ClCompile>
    <ClCompile Include="..\libmh\ai\ai_worker_rebalance.cpp">
      <Filter>libmh\ai</Filter>
    </ClCompile>
    <ClCompile Include="..\libmh\ai\ai_queue_type_query.cpp">
      <Filter>libmh\ai</Filter>
    </ClCompile>
    <ClCompile Include="..\libmh\ai\ai_queue_rotate.cpp">
      <Filter>libmh\ai</Filter>
    </ClCompile>
    <ClCompile Include="..\libmh\ai\ai_notify_removed.cpp">
      <Filter>libmh\ai</Filter>
    </ClCompile>
    <ClCompile Include="..\libmh\ai\ai_group_tick.cpp">
      <Filter>libmh\ai</Filter>
    </ClCompile>
    <ClCompile Include="..\libmh\ai\ai_group_form.cpp">
      <Filter>libmh\ai</Filter>
    </ClCompile>
    <ClCompile Include="..\libmh\ai\ai_group_hold.cpp">
      <Filter>libmh\ai</Filter>
    </ClCompile>
    <ClCompile Include="..\libmh\ai\ai_group_task_machine.cpp">
      <Filter>libmh\ai</Filter>
    </ClCompile>
    <ClCompile Include="..\libmh\ai\ai_invasion.cpp">
      <Filter>libmh\ai</Filter>
    </ClCompile>
    <ClCompile Include="..\libmh\ai\ai_group_home_guard.cpp">
      <Filter>libmh\ai</Filter>
    </ClCompile>
    <ClCompile Include="..\libmh\ai\ai_group_expansion.cpp">
      <Filter>libmh\ai</Filter>
    </ClCompile>
    <ClCompile Include="..\libmh\ai\ai_group_redistribute.cpp">
      <Filter>libmh\ai</Filter>
    </ClCompile>
    <ClCompile Include="..\libmh\ai\ai_unit_move_bump.cpp">
      <Filter>libmh\ai</Filter>
    </ClCompile>
    <ClCompile Include="..\libmh\ai\ai_group_task_predicates.cpp">
      <Filter>libmh\ai</Filter>
    </ClCompile>
    <ClCompile Include="..\libmh\ai\ai_group_task_attack.cpp">
      <Filter>libmh\ai</Filter>
    </ClCompile>
    <ClCompile Include="..\libmh\ai\ai_group_relocation.cpp">
      <Filter>libmh\ai</Filter>
    </ClCompile>
    <ClCompile Include="..\libmh\ai\ai_queue_remove.cpp">
      <Filter>libmh\ai</Filter>
    </ClCompile>
    <ClCompile Include="..\libmh\ai\ai_group_task_recruit.cpp">
      <Filter>libmh\ai</Filter>
    </ClCompile>
    <ClCompile Include="..\libmh\ai\ai_group_task_lifecycle.cpp">
      <Filter>libmh\ai</Filter>
    </ClCompile>
    <ClCompile Include="..\libmh\ai\ai_group_task_movement.cpp">
      <Filter>libmh\ai</Filter>
    </ClCompile>
    <ClCompile Include="..\libmh\ai\ai_group_task_formation.cpp">
      <Filter>libmh\ai</Filter>
    </ClCompile>
    <ClCompile Include="..\libmh\ai\ai_group_task_queue_ops.cpp">
      <Filter>libmh\ai</Filter>
    </ClCompile>
    <ClCompile Include="..\libmh\ai\ai_group_muster_pick.cpp">
      <Filter>libmh\ai</Filter>
    </ClCompile>
    <ClCompile Include="..\libmh\ai\ai_group_task_workers.cpp">
      <Filter>libmh\ai</Filter>
    </ClCompile>
    <ClCompile Include="..\libmh\ai\ai_group_split_off.cpp">
      <Filter>libmh\ai</Filter>
    </ClCompile>
    <ClCompile Include="..\libmh\ai\ai_group_building_scan.cpp">
      <Filter>libmh\ai</Filter>
    </ClCompile>
    <ClCompile Include="..\libmh\ai\ai_group_classify_target.cpp">
      <Filter>libmh\ai</Filter>
    </ClCompile>
    <ClCompile Include="..\libmh\ai\ai_group_membership.cpp">
      <Filter>libmh\ai</Filter>
    </ClCompile>
    <ClCompile Include="..\libmh\ai\ai_group_member_list.cpp">
      <Filter>libmh\ai</Filter>
    </ClCompile>
    <ClCompile Include="..\libmh\ai\ai_group_remove.cpp">
      <Filter>libmh\ai</Filter>
    </ClCompile>
    <ClCompile Include="..\libmh\ai\ai_attack_commit.cpp">
      <Filter>libmh\ai</Filter>
    </ClCompile>
    <ClCompile Include="..\libmh\ai\ai_players_tick.cpp">
      <Filter>libmh\ai</Filter>
    </ClCompile>
    <ClCompile Include="..\libmh\ai\ai_notify_unit_lifecycle.cpp">
      <Filter>libmh\ai</Filter>
    </ClCompile>
    <ClCompile Include="..\libmh\ai\ai_group_centroid.cpp">
      <Filter>libmh\ai</Filter>
    </ClCompile>
    <ClCompile Include="..\libmh\ai\ai_nearest_flagged.cpp">
      <Filter>libmh\ai</Filter>
    </ClCompile>
    <ClCompile Include="..\libmh\ai\ai_site_dispatch.cpp">
      <Filter>libmh\ai</Filter>
    </ClCompile>
    <ClCompile Include="..\libmh\ai\ai_launch_storage.cpp">
      <Filter>libmh\ai</Filter>
    </ClCompile>
    <ClCompile Include="..\libmh\ai\ai_site_worth.cpp">
      <Filter>libmh\ai</Filter>
    </ClCompile>
    <ClCompile Include="..\libmh\ai\ai_map_influence.cpp">
      <Filter>libmh\ai</Filter>
    </ClCompile>
    <ClCompile Include="..\libmh\ai\ai_queue_reconcile.cpp">
      <Filter>libmh\ai</Filter>
    </ClCompile>
    <ClCompile Include="..\libmh\ai\ai_bldg_weapon_range.cpp">
      <Filter>libmh\ai</Filter>
    </ClCompile>
    <ClCompile Include="..\libmh\ai\ai_train_flush.cpp">
      <Filter>libmh\ai</Filter>
    </ClCompile>
    <ClCompile Include="..\libmh\ai\ai_spend_rate.cpp">
      <Filter>libmh\ai</Filter>
    </ClCompile>
    <ClCompile Include="..\libmh\ai\ai_train_plan.cpp">
      <Filter>libmh\ai</Filter>
    </ClCompile>
    <ClCompile Include="..\libmh\ai\ai_build_sources.cpp">
      <Filter>libmh\ai</Filter>
    </ClCompile>
    <ClCompile Include="..\libmh\ai\ai_bldg_queue.cpp">
      <Filter>libmh\ai</Filter>
    </ClCompile>
    <ClCompile Include="..\libmh\ai\ai_queue_enqueue.cpp">
      <Filter>libmh\ai</Filter>
    </ClCompile>
    <ClCompile Include="..\libmh\ai\ai_bldg_queue_dispatch.cpp">
      <Filter>libmh\ai</Filter>
    </ClCompile>
    <ClCompile Include="..\libmh\ai\ai_build_score.cpp">
      <Filter>libmh\ai</Filter>
    </ClCompile>
    <ClCompile Include="..\libmh\ai\ai_shortage_react.cpp">
      <Filter>libmh\ai</Filter>
    </ClCompile>
    <ClCompile Include="..\libmh\ai\ai_shortage_gate.cpp">
      <Filter>libmh\ai</Filter>
    </ClCompile>
    <ClCompile Include="..\libmh\ai\ai_unit_housing.cpp">
      <Filter>libmh\ai</Filter>
    </ClCompile>
    <ClCompile Include="..\libmh\ai\ai_opponent_relations.cpp">
      <Filter>libmh\ai</Filter>
    </ClCompile>
    <ClCompile Include="..\libmh\ai\ai_shortage_state.cpp">
      <Filter>libmh\ai</Filter>
    </ClCompile>
    <ClCompile Include="..\libmh\ai\ai_construction_plan.cpp">
      <Filter>libmh\ai</Filter>
    </ClCompile>
    <ClCompile Include="..\libmh\ai\ai_notify_map_changed.cpp">
      <Filter>libmh\ai</Filter>
    </ClCompile>
    <ClCompile Include="..\libmh\ai\ai_group_move_helpers.cpp">
      <Filter>libmh\ai</Filter>
    </ClCompile>
    <ClCompile Include="..\libmh\tact\tact_state.cpp">
      <Filter>libmh\tact</Filter>
    </ClCompile>
    <ClCompile Include="..\libmh\tact\tact_pilot.cpp">
      <Filter>libmh\tact</Filter>
    </ClCompile>
    <ClCompile Include="..\libmh\tact\tact_mission_parse.cpp">
      <Filter>libmh\tact</Filter>
    </ClCompile>
    <ClCompile Include="..\libmh\tact\tact_cfg_keyword.cpp">
      <Filter>libmh\tact</Filter>
    </ClCompile>
    <ClCompile Include="..\libmh\tact\tact_mission_disposition.cpp">
      <Filter>libmh\tact</Filter>
    </ClCompile>
    <ClCompile Include="..\libmh\tact\tact_character_parse.cpp">
      <Filter>libmh\tact</Filter>
    </ClCompile>
    <ClCompile Include="..\libmh\tact\tact_map_bounds.cpp">
      <Filter>libmh\tact</Filter>
    </ClCompile>
    <ClCompile Include="..\libmh\tact\tact_squad_status.cpp">
      <Filter>libmh\tact</Filter>
    </ClCompile>
    <ClCompile Include="..\libmh\tact\tact_mission_end_finalize.cpp">
      <Filter>libmh\tact</Filter>
    </ClCompile>
    <ClCompile Include="..\libmh\tact\tact_tile_occupancy.cpp">
      <Filter>libmh\tact</Filter>
    </ClCompile>
    <ClCompile Include="..\libmh\tact\tact_squad_assault_resolve.cpp">
      <Filter>libmh\tact</Filter>
    </ClCompile>
    <ClCompile Include="..\libmh\tact\tact_map_reset.cpp">
      <Filter>libmh\tact</Filter>
    </ClCompile>
    <ClCompile Include="..\libmh\tact\tact_dir24_approach.cpp">
      <Filter>libmh\tact</Filter>
    </ClCompile>
    <ClCompile Include="..\libmh\tact\tact_group_issue_order.cpp">
      <Filter>libmh\tact</Filter>
    </ClCompile>
    <ClCompile Include="..\libmh\tact\tact_unit_cmd_advance_with_defstat.cpp">
      <Filter>libmh\tact</Filter>
    </ClCompile>
    <ClCompile Include="..\libmh\tact\tact_unit_cmd_advance.cpp">
      <Filter>libmh\tact</Filter>
    </ClCompile>
    <ClCompile Include="..\libmh\tact\tact_unit_cmd_stance.cpp">
      <Filter>libmh\tact</Filter>
    </ClCompile>
    <ClCompile Include="..\libmh\tact\tact_facing_to_delta.cpp">
      <Filter>libmh\tact</Filter>
    </ClCompile>
    <ClCompile Include="..\libmh\tact\tact_calc_dir24.cpp">
      <Filter>libmh\tact</Filter>
    </ClCompile>
    <ClCompile Include="..\libmh\tact\tact_unit_move_tick.cpp">
      <Filter>libmh\tact</Filter>
    </ClCompile>
    <ClCompile Include="..\libmh\tact\tact_unit_owner_tick.cpp">
      <Filter>libmh\tact</Filter>
    </ClCompile>
    <ClCompile Include="..\libmh\tact\tact_unit_rotate_tick.cpp">
      <Filter>libmh\tact</Filter>
    </ClCompile>
    <ClCompile Include="..\libmh\tact\tact_unit_cmd_queue_advance.cpp">
      <Filter>libmh\tact</Filter>
    </ClCompile>
    <ClCompile Include="..\libmh\tact\tact_unit_cmd_queue_resubmit_run.cpp">
      <Filter>libmh\tact</Filter>
    </ClCompile>
    <ClCompile Include="..\libmh\tact\tact_unit_cmd_teleport_jump_tick.cpp">
      <Filter>libmh\tact</Filter>
    </ClCompile>
    <ClCompile Include="..\libmh\tact\tact_move_path_build.cpp">
      <Filter>libmh\tact</Filter>
    </ClCompile>
    <ClCompile Include="..\libmh\tact\tact_move_path_preview_walk.cpp">
      <Filter>libmh\tact</Filter>
    </ClCompile>
    <ClCompile Include="..\libmh\tact\tact_unit_rotate_step.cpp">
      <Filter>libmh\tact</Filter>
    </ClCompile>
    <ClCompile Include="..\libmh\tact\tact_unit_move_advance.cpp">
      <Filter>libmh\tact</Filter>
    </ClCompile>
    <ClCompile Include="..\libmh\tact\tact_unit_enqueue_command.cpp">
      <Filter>libmh\tact</Filter>
    </ClCompile>
    <ClCompile Include="..\libmh\tact\tact_teleport_cmdqueue_jump.cpp">
      <Filter>libmh\tact</Filter>
    </ClCompile>
    <ClCompile Include="..\libmh\tact\tact_unit_teleport.cpp">
      <Filter>libmh\tact</Filter>
    </ClCompile>
    <ClCompile Include="..\libmh\tact\tact_move_step_attempt.cpp">
      <Filter>libmh\tact</Filter>
    </ClCompile>
    <ClCompile Include="..\libmh\tact\tact_unit_weapon_in_range.cpp">
      <Filter>libmh\tact</Filter>
    </ClCompile>
    <ClCompile Include="..\libmh\tact\tact_unit_despawn.cpp">
      <Filter>libmh\tact</Filter>
    </ClCompile>
    <ClCompile Include="..\libmh\tact\tact_mission_end_return_to_strategic.cpp">
      <Filter>libmh\tact</Filter>
    </ClCompile>
    <ClCompile Include="..\libmh\tact\tact_mission_start.cpp">
      <Filter>libmh\tact</Filter>
    </ClCompile>
    <ClCompile Include="..\libmh\tact\tact_mission_load.cpp">
      <Filter>libmh\tact</Filter>
    </ClCompile>
    <ClCompile Include="..\libmh\tact\tact_unit_update_anim.cpp">
      <Filter>libmh\tact</Filter>
    </ClCompile>
    <ClCompile Include="..\libmh\tact\tact_unit_weapons_tick.cpp">
      <Filter>libmh\tact</Filter>
    </ClCompile>
    <ClCompile Include="..\libmh\tact\tact_fx_update_projectile.cpp">
      <Filter>libmh\tact</Filter>
    </ClCompile>
    <ClCompile Include="..\libmh\tact\tact_unit_spawn.cpp">
      <Filter>libmh\tact</Filter>
    </ClCompile>
    <ClCompile Include="..\libmh\tact\tact_unit_death_tick.cpp">
      <Filter>libmh\tact</Filter>
    </ClCompile>
    <ClCompile Include="..\libmh\tact\tact_unit_kneel_tick.cpp">
      <Filter>libmh\tact</Filter>
    </ClCompile>
    <ClCompile Include="..\libmh\tact\tact_unit_mine_arm_tick.cpp">
      <Filter>libmh\tact</Filter>
    </ClCompile>
    <ClCompile Include="..\libmh\tact\tact_unit_stand_tick.cpp">
      <Filter>libmh\tact</Filter>
    </ClCompile>
    <ClCompile Include="..\libmh\tact\tact_unit_set_anim_state.cpp">
      <Filter>libmh\tact</Filter>
    </ClCompile>
    <ClCompile Include="..\libmh\tact\tact_unit_get_muzzle_offset.cpp">
      <Filter>libmh\tact</Filter>
    </ClCompile>
    <ClCompile Include="..\libmh\tact\tact_unit_destroy.cpp">
      <Filter>libmh\tact</Filter>
    </ClCompile>
    <ClCompile Include="..\libmh\tact\tact_weapon_calc_scatter.cpp">
      <Filter>libmh\tact</Filter>
    </ClCompile>
    <ClCompile Include="..\libmh\tact\tact_fx_spawn.cpp">
      <Filter>libmh\tact</Filter>
    </ClCompile>
    <ClCompile Include="..\libmh\tact\tact_fx_splash_damage.cpp">
      <Filter>libmh\tact</Filter>
    </ClCompile>
    <ClCompile Include="..\libmh\tact\tact_unit_fire_weapon.cpp">
      <Filter>libmh\tact</Filter>
    </ClCompile>
    <ClCompile Include="..\libmh\tact\tact_door.cpp">
      <Filter>libmh\tact</Filter>
    </ClCompile>
    <ClCompile Include="..\libmh\tact\tact_teleport_zone.cpp">
      <Filter>libmh\tact</Filter>
    </ClCompile>
    <ClCompile Include="..\libmh\tact\tact_fov.cpp">
      <Filter>libmh\tact</Filter>
    </ClCompile>
    <ClCompile Include="..\libmh\tact\tact_unit_vision.cpp">
      <Filter>libmh\tact</Filter>
    </ClCompile>
    <ClCompile Include="..\libmh\tact\tact_ambient_sound.cpp">
      <Filter>libmh\tact</Filter>
    </ClCompile>
    <ClCompile Include="..\libmh\tact\tact_ui_sel_panel_init.cpp">
      <Filter>libmh\tact</Filter>
    </ClCompile>
    <ClCompile Include="..\libmh\tact\tact_update_units_and_fx.cpp">
      <Filter>libmh\tact</Filter>
    </ClCompile>
    <ClCompile Include="..\libmh\tact\tact_cam_follow_selection_tick.cpp">
      <Filter>libmh\tact</Filter>
    </ClCompile>
    <ClCompile Include="..\libmh\tact\tact_select_next_unit.cpp">
      <Filter>libmh\tact</Filter>
    </ClCompile>
    <ClCompile Include="..\libmh\tact\tact_sidebar_dispatch.cpp">
      <Filter>libmh\tact</Filter>
    </ClCompile>
    <ClCompile Include="..\libmh\tact\tact_scroll_target_proximity_tick.cpp">
      <Filter>libmh\tact</Filter>
    </ClCompile>
    <ClCompile Include="..\libmh\tact\tact_view_shift.cpp">
      <Filter>libmh\tact</Filter>
    </ClCompile>
    <ClCompile Include="..\libmh\tact\tact_frame.cpp">
      <Filter>libmh\tact</Filter>
    </ClCompile>
    <ClCompile Include="..\libmh\tact\tact_ui_sel_panel_multi_mode_tick.cpp">
      <Filter>libmh\tact</Filter>
    </ClCompile>
    <ClCompile Include="..\libmh\tact\tact_ui_sel_panel_single_mode_tick.cpp">
      <Filter>libmh\tact</Filter>
    </ClCompile>
    <ClCompile Include="..\libmh\tact\tact_camera_center_on_tile.cpp">
      <Filter>libmh\tact</Filter>
    </ClCompile>
    <ClCompile Include="..\libmh\tact\tact_selection_clear_unless_ctrl.cpp">
      <Filter>libmh\tact</Filter>
    </ClCompile>
    <ClCompile Include="..\libmh\tact\tact_active_unit_count_hud_draw.cpp">
      <Filter>libmh\tact</Filter>
    </ClCompile>
    <ClCompile Include="..\libmh\tact\tact_squad_roster_refresh.cpp">
      <Filter>libmh\tact</Filter>
    </ClCompile>
    <ClCompile Include="..\libmh\tact\tact_selection_panel_refresh.cpp">
      <Filter>libmh\tact</Filter>
    </ClCompile>
    <ClCompile Include="..\libmh\tact\tact_ui_order_buttons_minimap_tick.cpp">
      <Filter>libmh\tact</Filter>
    </ClCompile>
    <ClCompile Include="..\libmh\sim\sim_state.cpp">
      <Filter>libmh\sim</Filter>
    </ClCompile>
    <ClCompile Include="..\libmh\sim\sim_group_scratch_centroid.cpp">
      <Filter>libmh\sim</Filter>
    </ClCompile>
    <ClCompile Include="..\libmh\sim\sim_unit_weapons.cpp">
      <Filter>libmh\sim</Filter>
    </ClCompile>
    <ClCompile Include="..\libmh\sim\sim_bldg_alive.cpp">
      <Filter>libmh\sim</Filter>
    </ClCompile>
    <ClCompile Include="..\libmh\sim\sim_unit_status_bits.cpp">
      <Filter>libmh\sim</Filter>
    </ClCompile>
    <ClCompile Include="..\libmh\sim\sim_resource_spend.cpp">
      <Filter>libmh\sim</Filter>
    </ClCompile>
    <ClCompile Include="..\libmh\sim\sim_order_enqueue.cpp">
      <Filter>libmh\sim</Filter>
    </ClCompile>
    <ClCompile Include="..\libmh\sim\sim_order_dispatch.cpp">
      <Filter>libmh\sim</Filter>
    </ClCompile>
    <ClCompile Include="..\libmh\sim\sim_order_dispatch_bldg.cpp">
      <Filter>libmh\sim</Filter>
    </ClCompile>
    <ClCompile Include="..\libmh\sim\sim_order_dispatch_admin.cpp">
      <Filter>libmh\sim</Filter>
    </ClCompile>
    <ClCompile Include="..\libmh\sim\sim_debug_roll_random.cpp">
      <Filter>libmh\sim</Filter>
    </ClCompile>
    <ClCompile Include="..\libmh\sim\sim_bldg_finish_order.cpp">
      <Filter>libmh\sim</Filter>
    </ClCompile>
    <ClCompile Include="..\libmh\sim\sim_bldg_placement_preview.cpp">
      <Filter>libmh\sim</Filter>
    </ClCompile>
    <ClCompile Include="..\libmh\sim\sim_bldg_placement_enclosure.cpp">
      <Filter>libmh\sim</Filter>
    </ClCompile>
    <ClCompile Include="..\libmh\sim\sim_bldg_roster_queries.cpp">
      <Filter>libmh\sim</Filter>
    </ClCompile>
    <ClCompile Include="..\libmh\sim\sim_bldg_defense_cost.cpp">
      <Filter>libmh\sim</Filter>
    </ClCompile>
    <ClCompile Include="..\libmh\sim\sim_bldg_load_resource_tail_noop.cpp">
      <Filter>libmh\sim</Filter>
    </ClCompile>
    <ClCompile Include="..\libmh\sim\sim_bldg_footprint_set_passable.cpp">
      <Filter>libmh\sim</Filter>
    </ClCompile>
    <ClCompile Include="..\libmh\sim\sim_bldg_footprint_is_clear.cpp">
      <Filter>libmh\sim</Filter>
    </ClCompile>
    <ClCompile Include="..\libmh\sim\sim_bldg_grant_type_resources.cpp">
      <Filter>libmh\sim</Filter>
    </ClCompile>
    <ClCompile Include="..\libmh\sim\sim_bldg_update_charge_pips.cpp">
      <Filter>libmh\sim</Filter>
    </ClCompile>
    <ClCompile Include="..\libmh\sim\sim_unit_bldg_energy_refill_full.cpp">
      <Filter>libmh\sim</Filter>
    </ClCompile>
    <ClCompile Include="..\libmh\sim\sim_bldg_construct_finalize.cpp">
      <Filter>libmh\sim</Filter>
    </ClCompile>
    <ClCompile Include="..\libmh\sim\sim_bldg_link_to_network.cpp">
      <Filter>libmh\sim</Filter>
    </ClCompile>
    <ClCompile Include="..\libmh\sim\sim_bldg_state_destroyed.cpp">
      <Filter>libmh\sim</Filter>
    </ClCompile>
    <ClCompile Include="..\libmh\sim\sim_bldg_state_reset_idle.cpp">
      <Filter>libmh\sim</Filter>
    </ClCompile>
    <ClCompile Include="..\libmh\sim\sim_bldg_state_deploy.cpp">
      <Filter>libmh\sim</Filter>
    </ClCompile>
    <ClCompile Include="..\libmh\sim\sim_bldg_state_to_unit.cpp">
      <Filter>libmh\sim</Filter>
    </ClCompile>
    <ClCompile Include="..\libmh\sim\sim_bldg_state_turret.cpp">
      <Filter>libmh\sim</Filter>
    </ClCompile>
    <ClCompile Include="..\libmh\sim\sim_bldg_state_charge.cpp">
      <Filter>libmh\sim</Filter>
    </ClCompile>
    <ClCompile Include="..\libmh\sim\sim_bldg_state_hangar.cpp">
      <Filter>libmh\sim</Filter>
    </ClCompile>
    <ClCompile Include="..\libmh\sim\sim_bldg_state_upgrade_research.cpp">
      <Filter>libmh\sim</Filter>
    </ClCompile>
    <ClCompile Include="..\libmh\sim\sim_bldg_state_dismantle.cpp">
      <Filter>libmh\sim</Filter>
    </ClCompile>
    <ClCompile Include="..\libmh\sim\sim_bldg_state_rubble_decay.cpp">
      <Filter>libmh\sim</Filter>
    </ClCompile>
    <ClCompile Include="..\libmh\sim\sim_bldg_state_prod.cpp">
      <Filter>libmh\sim</Filter>
    </ClCompile>
    <ClCompile Include="..\libmh\sim\sim_bldg_state_mine_scan.cpp">
      <Filter>libmh\sim</Filter>
    </ClCompile>
    <ClCompile Include="..\libmh\sim\sim_bldg_state_mine.cpp">
      <Filter>libmh\sim</Filter>
    </ClCompile>
    <ClCompile Include="..\libmh\sim\sim_bldg_state_power.cpp">
      <Filter>libmh\sim</Filter>
    </ClCompile>
    <ClCompile Include="..\libmh\sim\sim_bldg_liftoff_anim.cpp">
      <Filter>libmh\sim</Filter>
    </ClCompile>
    <ClCompile Include="..\libmh\sim\sim_bldg_construction_complete.cpp">
      <Filter>libmh\sim</Filter>
    </ClCompile>
    <ClCompile Include="..\libmh\sim\sim_bldg_refund_resources_scaled_by_energy.cpp">
      <Filter>libmh\sim</Filter>
    </ClCompile>
    <ClCompile Include="..\libmh\sim\sim_hangar_energy.cpp">
      <Filter>libmh\sim</Filter>
    </ClCompile>
    <ClCompile Include="..\libmh\sim\sim_bldg_free_record.cpp">
      <Filter>libmh\sim</Filter>
    </ClCompile>
    <ClCompile Include="..\libmh\sim\sim_bldg_turret_combat.cpp">
      <Filter>libmh\sim</Filter>
    </ClCompile>
    <ClCompile Include="..\libmh\sim\sim_bldg_placement_corner.cpp">
      <Filter>libmh\sim</Filter>
    </ClCompile>
    <ClCompile Include="..\libmh\sim\sim_prod_cargo.cpp">
      <Filter>libmh\sim</Filter>
    </ClCompile>
    <ClCompile Include="..\libmh\sim\sim_bldg_footprint_clear_passable.cpp">
      <Filter>libmh\sim</Filter>
    </ClCompile>
    <ClCompile Include="..\libmh\sim\sim_bldg_anim_trigger.cpp">
      <Filter>libmh\sim</Filter>
    </ClCompile>
    <ClCompile Include="..\libmh\sim\sim_bldg_completion_dispatch.cpp">
      <Filter>libmh\sim</Filter>
    </ClCompile>
    <ClCompile Include="..\libmh\sim\sim_bldg_done_handlers.cpp">
      <Filter>libmh\sim</Filter>
    </ClCompile>
    <ClCompile Include="..\libmh\sim\sim_bldg_anim_tick.cpp">
      <Filter>libmh\sim</Filter>
    </ClCompile>
    <ClCompile Include="..\libmh\sim\sim_bldg_anim_state_online.cpp">
      <Filter>libmh\sim</Filter>
    </ClCompile>
    <ClCompile Include="..\libmh\sim\sim_bldg_anim_state_port.cpp">
      <Filter>libmh\sim</Filter>
    </ClCompile>
    <ClCompile Include="..\libmh\sim\sim_bldg_economy.cpp">
      <Filter>libmh\sim</Filter>
    </ClCompile>
    <ClCompile Include="..\libmh\sim\sim_bldg_sprite_anchor.cpp">
      <Filter>libmh\sim</Filter>
    </ClCompile>
    <ClCompile Include="..\libmh\sim\sim_bldg_register_online.cpp">
      <Filter>libmh\sim</Filter>
    </ClCompile>
    <ClCompile Include="..\libmh\sim\sim_bldg_online_secondary.cpp">
      <Filter>libmh\sim</Filter>
    </ClCompile>
    <ClCompile Include="..\libmh\sim\sim_unit_goal_in_weapon_range.cpp">
      <Filter>libmh\sim</Filter>
    </ClCompile>
    <ClCompile Include="..\libmh\sim\sim_unit_fire_at_target.cpp">
      <Filter>libmh\sim</Filter>
    </ClCompile>
    <ClCompile Include="..\libmh\sim\sim_unit_chase_check.cpp">
      <Filter>libmh\sim</Filter>
    </ClCompile>
    <ClCompile Include="..\libmh\sim\sim_unit_walk_step_allowed.cpp">
      <Filter>libmh\sim</Filter>
    </ClCompile>
    <ClCompile Include="..\libmh\sim\sim_unit_calc_range_approach_point.cpp">
      <Filter>libmh\sim</Filter>
    </ClCompile>
    <ClCompile Include="..\libmh\sim\sim_unit_try_pay_action_cost.cpp">
      <Filter>libmh\sim</Filter>
    </ClCompile>
    <ClCompile Include="..\libmh\sim\sim_reason_to_housing_bldg.cpp">
      <Filter>libmh\sim</Filter>
    </ClCompile>
    <ClCompile Include="..\libmh\sim\sim_mine_scan_deposit_slot.cpp">
      <Filter>libmh\sim</Filter>
    </ClCompile>
    <ClCompile Include="..\libmh\sim\sim_dmp_enqueue_scripted_order.cpp">
      <Filter>libmh\sim</Filter>
    </ClCompile>
    <ClCompile Include="..\libmh\sim\sim_load_base_layout_dmp.cpp">
      <Filter>libmh\sim</Filter>
    </ClCompile>
    <ClCompile Include="..\libmh\sim\sim_bldg_unmap_footprint.cpp">
      <Filter>libmh\sim</Filter>
    </ClCompile>
    <ClCompile Include="..\libmh\sim\sim_bldg_get_coords.cpp">
      <Filter>libmh\sim</Filter>
    </ClCompile>
    <ClCompile Include="..\libmh\sim\sim_bldg_mothership_alive.cpp">
      <Filter>libmh\sim</Filter>
    </ClCompile>
    <ClCompile Include="..\libmh\sim\sim_bldg_mother_reelect_primary.cpp">
      <Filter>libmh\sim</Filter>
    </ClCompile>
    <ClCompile Include="..\libmh\sim\sim_bldg_worker_assign.cpp">
      <Filter>libmh\sim</Filter>
    </ClCompile>
    <ClCompile Include="..\libmh\sim\sim_bldg_add_workers.cpp">
      <Filter>libmh\sim</Filter>
    </ClCompile>
    <ClCompile Include="..\libmh\sim\sim_bldg_power_network_recompute.cpp">
      <Filter>libmh\sim</Filter>
    </ClCompile>
    <ClCompile Include="..\libmh\sim\sim_bldg_propagate_network_connectivity.cpp">
      <Filter>libmh\sim</Filter>
    </ClCompile>
    <ClCompile Include="..\libmh\sim\sim_bldg_population_layoff_workers.cpp">
      <Filter>libmh\sim</Filter>
    </ClCompile>
    <ClCompile Include="..\libmh\sim\sim_bldg_clear_flag_bit0_notify.cpp">
      <Filter>libmh\sim</Filter>
    </ClCompile>
    <ClCompile Include="..\libmh\sim\sim_bldg_find_mothership_position.cpp">
      <Filter>libmh\sim</Filter>
    </ClCompile>
    <ClCompile Include="..\libmh\sim\sim_refresh_building.cpp">
      <Filter>libmh\sim</Filter>
    </ClCompile>
    <ClCompile Include="..\libmh\sim\sim_bldg_remove_workers.cpp">
      <Filter>libmh\sim</Filter>
    </ClCompile>
    <ClCompile Include="..\libmh\sim\sim_bldg_set_connected_flag.cpp">
      <Filter>libmh\sim</Filter>
    </ClCompile>
    <ClCompile Include="..\libmh\sim\sim_bldg_staffed_flag.cpp">
      <Filter>libmh\sim</Filter>
    </ClCompile>
    <ClCompile Include="..\libmh\sim\sim_bldg_notify_state_change.cpp">
      <Filter>libmh\sim</Filter>
    </ClCompile>
    <ClCompile Include="..\libmh\sim\sim_bldg_uses_workers.cpp">
      <Filter>libmh\sim</Filter>
    </ClCompile>
    <ClCompile Include="..\libmh\sim\sim_bldg_notify_ui.cpp">
      <Filter>libmh\sim</Filter>
    </ClCompile>
    <ClCompile Include="..\libmh\sim\sim_bldg_footprint_random_offset.cpp">
      <Filter>libmh\sim</Filter>
    </ClCompile>
    <ClCompile Include="..\libmh\sim\sim_bldg_transfer_notify_noop.cpp">
      <Filter>libmh\sim</Filter>
    </ClCompile>
    <ClCompile Include="..\libmh\sim\sim_bldg_reset_construction_anim.cpp">
      <Filter>libmh\sim</Filter>
    </ClCompile>
    <ClCompile Include="..\libmh\sim\sim_bldg_tick_pip_anim.cpp">
      <Filter>libmh\sim</Filter>
    </ClCompile>
    <ClCompile Include="..\libmh\sim\sim_bldg_turret_reload_tick.cpp">
      <Filter>libmh\sim</Filter>
    </ClCompile>
    <ClCompile Include="..\libmh\sim\sim_bldg_pay_costs.cpp">
      <Filter>libmh\sim</Filter>
    </ClCompile>
    <ClCompile Include="..\libmh\sim\sim_bldg_power_recompute.cpp">
      <Filter>libmh\sim</Filter>
    </ClCompile>
    <ClCompile Include="..\libmh\sim\sim_bldg_refresh_all_buildings.cpp">
      <Filter>libmh\sim</Filter>
    </ClCompile>
    <ClCompile Include="..\libmh\sim\sim_bldg_scrap_stored_units.cpp">
      <Filter>libmh\sim</Filter>
    </ClCompile>
    <ClCompile Include="..\libmh\sim\sim_unit_state_predicates.cpp">
      <Filter>libmh\sim</Filter>
    </ClCompile>
    <ClCompile Include="..\libmh\sim\sim_unit_type_predicates.cpp">
      <Filter>libmh\sim</Filter>
    </ClCompile>
    <ClCompile Include="..\libmh\sim\sim_unit_passive_engage.cpp">
      <Filter>libmh\sim</Filter>
    </ClCompile>
    <ClCompile Include="..\libmh\sim\sim_register_state_handlers.cpp">
      <Filter>libmh\sim</Filter>
    </ClCompile>
    <ClCompile Include="..\libmh\sim\sim_register_bldg_type_callbacks.cpp">
      <Filter>libmh\sim</Filter>
    </ClCompile>
    <ClCompile Include="..\libmh\sim\sim_unit_tick.cpp">
      <Filter>libmh\sim</Filter>
    </ClCompile>
    <ClCompile Include="..\libmh\sim\sim_building_tick.cpp">
      <Filter>libmh\sim</Filter>
    </ClCompile>
    <ClCompile Include="..\libmh\sim\sim_bldg_tick_animation_state.cpp">
      <Filter>libmh\sim</Filter>
    </ClCompile>
    <ClCompile Include="..\libmh\sim\sim_unit_idle_state.cpp">
      <Filter>libmh\sim</Filter>
    </ClCompile>
    <ClCompile Include="..\libmh\sim\sim_unit_ctrl_group.cpp">
      <Filter>libmh\sim</Filter>
    </ClCompile>
    <ClCompile Include="..\libmh\sim\sim_unit_update_rotation.cpp">
      <Filter>libmh\sim</Filter>
    </ClCompile>
    <ClCompile Include="..\libmh\sim\sim_unit_update_anim.cpp">
      <Filter>libmh\sim</Filter>
    </ClCompile>
    <ClCompile Include="..\libmh\sim\sim_unit_soldier_chain.cpp">
      <Filter>libmh\sim</Filter>
    </ClCompile>
    <ClCompile Include="..\libmh\sim\sim_unit_soldier_anim.cpp">
      <Filter>libmh\sim</Filter>
    </ClCompile>
    <ClCompile Include="..\libmh\sim\sim_unit_housing_count.cpp">
      <Filter>libmh\sim</Filter>
    </ClCompile>
    <ClCompile Include="..\libmh\sim\sim_unit_refund.cpp">
      <Filter>libmh\sim</Filter>
    </ClCompile>
    <ClCompile Include="..\libmh\sim\sim_unit_spawn_on_tile.cpp">
      <Filter>libmh\sim</Filter>
    </ClCompile>
    <ClCompile Include="..\libmh\sim\sim_unit_update_soldiers.cpp">
      <Filter>libmh\sim</Filter>
    </ClCompile>
    <ClCompile Include="..\libmh\sim\sim_unit_target_tracking.cpp">
      <Filter>libmh\sim</Filter>
    </ClCompile>
    <ClCompile Include="..\libmh\sim\sim_unit_create_soldier.cpp">
      <Filter>libmh\sim</Filter>
    </ClCompile>
    <ClCompile Include="..\libmh\sim\sim_unit_recruit.cpp">
      <Filter>libmh\sim</Filter>
    </ClCompile>
    <ClCompile Include="..\libmh\sim\sim_unit_predict_coords.cpp">
      <Filter>libmh\sim</Filter>
    </ClCompile>
    <ClCompile Include="..\libmh\sim\sim_unit_ctrlgroup_member.cpp">
      <Filter>libmh\sim</Filter>
    </ClCompile>
    <ClCompile Include="..\libmh\sim\sim_unit_set_state.cpp">
      <Filter>libmh\sim</Filter>
    </ClCompile>
    <ClCompile Include="..\libmh\sim\sim_facing24_from_points.cpp">
      <Filter>libmh\sim</Filter>
    </ClCompile>
    <ClCompile Include="..\libmh\sim\sim_unit_path_free_slot.cpp">
      <Filter>libmh\sim</Filter>
    </ClCompile>
    <ClCompile Include="..\libmh\sim\sim_unit_purge_unregistered.cpp">
      <Filter>libmh\sim</Filter>
    </ClCompile>
    <ClCompile Include="..\libmh\sim\sim_unit_remove_from_map.cpp">
      <Filter>libmh\sim</Filter>
    </ClCompile>
    <ClCompile Include="..\libmh\sim\sim_unit_on_destroyed.cpp">
      <Filter>libmh\sim</Filter>
    </ClCompile>
    <ClCompile Include="..\libmh\sim\sim_unit_init_record.cpp">
      <Filter>libmh\sim</Filter>
    </ClCompile>
    <ClCompile Include="..\libmh\sim\sim_unit_teardown.cpp">
      <Filter>libmh\sim</Filter>
    </ClCompile>
    <ClCompile Include="..\libmh\sim\sim_unit_unlink_tile.cpp">
      <Filter>libmh\sim</Filter>
    </ClCompile>
    <ClCompile Include="..\libmh\sim\sim_unit_force_disembark.cpp">
      <Filter>libmh\sim</Filter>
    </ClCompile>
    <ClCompile Include="..\libmh\sim\sim_unit_mount_pos.cpp">
      <Filter>libmh\sim</Filter>
    </ClCompile>
    <ClCompile Include="..\libmh\sim\sim_unit_soldier_screen_pos.cpp">
      <Filter>libmh\sim</Filter>
    </ClCompile>
    <ClCompile Include="..\libmh\sim\sim_unit_facing24_delta.cpp">
      <Filter>libmh\sim</Filter>
    </ClCompile>
    <ClCompile Include="..\libmh\sim\sim_unit_is_boarding.cpp">
      <Filter>libmh\sim</Filter>
    </ClCompile>
    <ClCompile Include="..\libmh\sim\sim_unit_population_remove.cpp">
      <Filter>libmh\sim</Filter>
    </ClCompile>
    <ClCompile Include="..\libmh\sim\sim_unit_fine_pos.cpp">
      <Filter>libmh\sim</Filter>
    </ClCompile>
    <ClCompile Include="..\libmh\sim\sim_unit_ctrlgroup_leave.cpp">
      <Filter>libmh\sim</Filter>
    </ClCompile>
    <ClCompile Include="..\libmh\sim\sim_unit_set_state_of.cpp">
      <Filter>libmh\sim</Filter>
    </ClCompile>
    <ClCompile Include="..\libmh\sim\sim_unit_put_on_map.cpp">
      <Filter>libmh\sim</Filter>
    </ClCompile>
    <ClCompile Include="..\libmh\sim\sim_unit_notify.cpp">
      <Filter>libmh\sim</Filter>
    </ClCompile>
    <ClCompile Include="..\libmh\sim\sim_map_unit_add.cpp">
      <Filter>libmh\sim</Filter>
    </ClCompile>
    <ClCompile Include="..\libmh\sim\sim_unit_create.cpp">
      <Filter>libmh\sim</Filter>
    </ClCompile>
    <ClCompile Include="..\libmh\sim\sim_dock_slot_is_busy.cpp">
      <Filter>libmh\sim</Filter>
    </ClCompile>
    <ClCompile Include="..\libmh\sim\sim_unit_storage_transit.cpp">
      <Filter>libmh\sim</Filter>
    </ClCompile>
    <ClCompile Include="..\libmh\sim\sim_bldg_side_has_aircraft_producer.cpp">
      <Filter>libmh\sim</Filter>
    </ClCompile>
    <ClCompile Include="..\libmh\sim\sim_bldg_find_idle_producer.cpp">
      <Filter>libmh\sim</Filter>
    </ClCompile>
    <ClCompile Include="..\libmh\sim\sim_check_storage_overflow.cpp">
      <Filter>libmh\sim</Filter>
    </ClCompile>
    <ClCompile Include="..\libmh\sim\sim_storage_cancel_pending_docked.cpp">
      <Filter>libmh\sim</Filter>
    </ClCompile>
    <ClCompile Include="..\libmh\sim\sim_prod_shuttle_complete.cpp">
      <Filter>libmh\sim</Filter>
    </ClCompile>
    <ClCompile Include="..\libmh\sim\sim_ai_bldg_queue_construction.cpp">
      <Filter>libmh\sim</Filter>
    </ClCompile>
    <ClCompile Include="..\libmh\sim\sim_bldg_instant_construct.cpp">
      <Filter>libmh\sim</Filter>
    </ClCompile>
    <ClCompile Include="..\libmh\sim\sim_bldg_init_all.cpp">
      <Filter>libmh\sim</Filter>
    </ClCompile>
    <ClCompile Include="..\libmh\sim\sim_bldg_instant_construct_find_slot.cpp">
      <Filter>libmh\sim</Filter>
    </ClCompile>
    <ClCompile Include="..\libmh\sim\sim_unit_order_disembark_soldiers.cpp">
      <Filter>libmh\sim</Filter>
    </ClCompile>
    <ClCompile Include="..\libmh\sim\sim_unit_transport_unload.cpp">
      <Filter>libmh\sim</Filter>
    </ClCompile>
    <ClCompile Include="..\libmh\sim\sim_prod_shuttle_slot_bind_default.cpp">
      <Filter>libmh\sim</Filter>
    </ClCompile>
    <ClCompile Include="..\libmh\sim\sim_prod_shuttle_load_resource.cpp">
      <Filter>libmh\sim</Filter>
    </ClCompile>
    <ClCompile Include="..\libmh\sim\sim_prod_shuttle_fuel_apply.cpp">
      <Filter>libmh\sim</Filter>
    </ClCompile>
    <ClCompile Include="..\libmh\sim\sim_bldg_shuttle_slot_is_free.cpp">
      <Filter>libmh\sim</Filter>
    </ClCompile>
    <ClCompile Include="..\libmh\sim\sim_game_notify_system_available.cpp">
      <Filter>libmh\sim</Filter>
    </ClCompile>
    <ClCompile Include="..\libmh\sim\sim_prod_shuttle_depart.cpp">
      <Filter>libmh\sim</Filter>
    </ClCompile>
    <ClCompile Include="..\libmh\sim\sim_prod_shuttle_load_passengers.cpp">
      <Filter>libmh\sim</Filter>
    </ClCompile>
    <ClCompile Include="..\libmh\sim\sim_storage_purge_dead_docked.cpp">
      <Filter>libmh\sim</Filter>
    </ClCompile>
    <ClCompile Include="..\libmh\sim\sim_unit_load_into_shuttle_cargo.cpp">
      <Filter>libmh\sim</Filter>
    </ClCompile>
    <ClCompile Include="..\libmh\sim\sim_prod_unload_cargo_unit.cpp">
      <Filter>libmh\sim</Filter>
    </ClCompile>
    <ClCompile Include="..\libmh\sim\sim_prod_bldg_depart_finalize.cpp">
      <Filter>libmh\sim</Filter>
    </ClCompile>
    <ClCompile Include="..\libmh\sim\sim_unit_apply_production_completion.cpp">
      <Filter>libmh\sim</Filter>
    </ClCompile>
    <ClCompile Include="..\libmh\sim\sim_unit_spawn_docked.cpp">
      <Filter>libmh\sim</Filter>
    </ClCompile>
    <ClCompile Include="..\libmh\sim\sim_unit_add_docked.cpp">
      <Filter>libmh\sim</Filter>
    </ClCompile>
    <ClCompile Include="..\libmh\sim\sim_storage_release_door_held_by_unit.cpp">
      <Filter>libmh\sim</Filter>
    </ClCompile>
    <ClCompile Include="..\libmh\sim\sim_storage_launch_parked_to_orbit.cpp">
      <Filter>libmh\sim</Filter>
    </ClCompile>
    <ClCompile Include="..\libmh\sim\sim_prod_planet_distance_factor.cpp">
      <Filter>libmh\sim</Filter>
    </ClCompile>
    <ClCompile Include="..\libmh\sim\sim_prod_shuttle_fuel_check.cpp">
      <Filter>libmh\sim</Filter>
    </ClCompile>
    <ClCompile Include="..\libmh\sim\sim_prod_shuttle_slot_release.cpp">
      <Filter>libmh\sim</Filter>
    </ClCompile>
    <ClCompile Include="..\libmh\sim\sim_prod_shuttle_unload_resource.cpp">
      <Filter>libmh\sim</Filter>
    </ClCompile>
    <ClCompile Include="..\libmh\sim\sim_prod_shuttle_unload_passengers.cpp">
      <Filter>libmh\sim</Filter>
    </ClCompile>
    <ClCompile Include="..\libmh\sim\sim_prod_shuttle_bay_unload_all.cpp">
      <Filter>libmh\sim</Filter>
    </ClCompile>
    <ClCompile Include="..\libmh\sim\sim_bldg_flush_cargo_hold.cpp">
      <Filter>libmh\sim</Filter>
    </ClCompile>
    <ClCompile Include="..\libmh\sim\sim_storage_find_home_for_unit.cpp">
      <Filter>libmh\sim</Filter>
    </ClCompile>
    <ClCompile Include="..\libmh\sim\sim_storage_remove_docked_unit.cpp">
      <Filter>libmh\sim</Filter>
    </ClCompile>
    <ClCompile Include="..\libmh\sim\sim_storage_dock_unit_at_building.cpp">
      <Filter>libmh\sim</Filter>
    </ClCompile>
    <ClCompile Include="..\libmh\sim\sim_prod_unbind_planet.cpp">
      <Filter>libmh\sim</Filter>
    </ClCompile>
    <ClCompile Include="..\libmh\sim\sim_prod_deliver_arrivals.cpp">
      <Filter>libmh\sim</Filter>
    </ClCompile>
    <ClCompile Include="..\libmh\sim\sim_storage_accepts_unit_type.cpp">
      <Filter>libmh\sim</Filter>
    </ClCompile>
    <ClCompile Include="..\libmh\sim\sim_prod_bind_planet.cpp">
      <Filter>libmh\sim</Filter>
    </ClCompile>
    <ClCompile Include="..\libmh\sim\sim_storage_get_approach_tile.cpp">
      <Filter>libmh\sim</Filter>
    </ClCompile>
    <ClCompile Include="..\libmh\sim\sim_storage_type_accepts_unit.cpp">
      <Filter>libmh\sim</Filter>
    </ClCompile>
    <ClCompile Include="..\libmh\sim\sim_unit_get_sight.cpp">
      <Filter>libmh\sim</Filter>
    </ClCompile>
    <ClCompile Include="..\libmh\sim\sim_bldg_has_aa_weapon.cpp">
      <Filter>libmh\sim</Filter>
    </ClCompile>
    <ClCompile Include="..\libmh\sim\sim_prod_spawn_arrived_unit.cpp">
      <Filter>libmh\sim</Filter>
    </ClCompile>
    <ClCompile Include="..\libmh\sim\sim_combat_kill_credit.cpp">
      <Filter>libmh\sim</Filter>
    </ClCompile>
    <ClCompile Include="..\libmh\sim\sim_weapon_projectile_spawn.cpp">
      <Filter>libmh\sim</Filter>
    </ClCompile>
    <ClCompile Include="..\libmh\sim\sim_unit_fire_weapon.cpp">
      <Filter>libmh\sim</Filter>
    </ClCompile>
    <ClCompile Include="..\libmh\sim\sim_weapon_damage_calc.cpp">
      <Filter>libmh\sim</Filter>
    </ClCompile>
    <ClCompile Include="..\libmh\sim\sim_fx_debris_burst.cpp">
      <Filter>libmh\sim</Filter>
    </ClCompile>
    <ClCompile Include="..\libmh\sim\sim_projectile_tick.cpp">
      <Filter>libmh\sim</Filter>
    </ClCompile>
    <ClCompile Include="..\libmh\sim\sim_fx_anim_chain_find_tail.cpp">
      <Filter>libmh\sim</Filter>
    </ClCompile>
    <ClCompile Include="..\libmh\sim\sim_unit_select_weapon.cpp">
      <Filter>libmh\sim</Filter>
    </ClCompile>
    <ClCompile Include="..\libmh\sim\sim_combat_credit_planet_conquest_kills.cpp">
      <Filter>libmh\sim</Filter>
    </ClCompile>
    <ClCompile Include="..\libmh\sim\sim_map_fow_reveal_full.cpp">
      <Filter>libmh\sim</Filter>
    </ClCompile>
    <ClCompile Include="..\libmh\sim\sim_bldg_apply_damage.cpp">
      <Filter>libmh\sim</Filter>
    </ClCompile>
    <ClCompile Include="..\libmh\sim\sim_unit_apply_damage.cpp">
      <Filter>libmh\sim</Filter>
    </ClCompile>
    <ClCompile Include="..\libmh\sim\sim_unit_weapon_reload_tick.cpp">
      <Filter>libmh\sim</Filter>
    </ClCompile>
    <ClCompile Include="..\libmh\sim\sim_unit_bldg_apply_lethal_damage.cpp">
      <Filter>libmh\sim</Filter>
    </ClCompile>
    <ClCompile Include="..\libmh\sim\sim_unit_bldg_apply_scaled_damage.cpp">
      <Filter>libmh\sim</Filter>
    </ClCompile>
    <ClCompile Include="..\libmh\sim\sim_fx_anim_seq_cancel.cpp">
      <Filter>libmh\sim</Filter>
    </ClCompile>
    <ClCompile Include="..\libmh\sim\sim_fx_anim_tick.cpp">
      <Filter>libmh\sim</Filter>
    </ClCompile>
    <ClCompile Include="..\libmh\sim\sim_unit_in_weapon_range.cpp">
      <Filter>libmh\sim</Filter>
    </ClCompile>
    <ClCompile Include="..\libmh\sim\sim_unit_fire_at_target2_if_aimed.cpp">
      <Filter>libmh\sim</Filter>
    </ClCompile>
    <ClCompile Include="..\libmh\sim\sim_unit_update_damage_smoke.cpp">
      <Filter>libmh\sim</Filter>
    </ClCompile>
    <ClCompile Include="..\libmh\sim\sim_unit_state_die_explode.cpp">
      <Filter>libmh\sim</Filter>
    </ClCompile>
    <ClCompile Include="..\libmh\sim\sim_unit_state_budget_noop.cpp">
      <Filter>libmh\sim</Filter>
    </ClCompile>
    <ClCompile Include="..\libmh\sim\sim_unit_state_stop_to_default.cpp">
      <Filter>libmh\sim</Filter>
    </ClCompile>
    <ClCompile Include="..\libmh\sim\sim_unit_state_patrol_swap.cpp">
      <Filter>libmh\sim</Filter>
    </ClCompile>
    <ClCompile Include="..\libmh\sim\sim_unit_state_group_step.cpp">
      <Filter>libmh\sim</Filter>
    </ClCompile>
    <ClCompile Include="..\libmh\sim\sim_unit_state_group_marshal.cpp">
      <Filter>libmh\sim</Filter>
    </ClCompile>
    <ClCompile Include="..\libmh\sim\sim_unit_state_move_walker.cpp">
      <Filter>libmh\sim</Filter>
    </ClCompile>
    <ClCompile Include="..\libmh\sim\sim_unit_state_hover_engage.cpp">
      <Filter>libmh\sim</Filter>
    </ClCompile>
    <ClCompile Include="..\libmh\sim\sim_unit_state_flight.cpp">
      <Filter>libmh\sim</Filter>
    </ClCompile>
    <ClCompile Include="..\libmh\sim\sim_unit_state_corpse_fow_decay.cpp">
      <Filter>libmh\sim</Filter>
    </ClCompile>
    <ClCompile Include="..\libmh\sim\sim_unit_state_attack_building.cpp">
      <Filter>libmh\sim</Filter>
    </ClCompile>
    <ClCompile Include="..\libmh\sim\sim_unit_state_attack_unit.cpp">
      <Filter>libmh\sim</Filter>
    </ClCompile>
    <ClCompile Include="..\libmh\sim\sim_unit_state_remove_silent.cpp">
      <Filter>libmh\sim</Filter>
    </ClCompile>
    <ClCompile Include="..\libmh\sim\sim_unit_state_idle_scatter.cpp">
      <Filter>libmh\sim</Filter>
    </ClCompile>
    <ClCompile Include="..\libmh\sim\sim_group_move_order_commit.cpp">
      <Filter>libmh\sim</Filter>
    </ClCompile>
    <ClCompile Include="..\libmh\sim\sim_unit_group_step_plane.cpp">
      <Filter>libmh\sim</Filter>
    </ClCompile>
    <ClCompile Include="..\libmh\sim\sim_unit_group_step_ground.cpp">
      <Filter>libmh\sim</Filter>
    </ClCompile>
    <ClCompile Include="..\libmh\sim\sim_unit_set_state_order_of.cpp">
      <Filter>libmh\sim</Filter>
    </ClCompile>
    <ClCompile Include="..\libmh\sim\sim_unit_teardown_mapped.cpp">
      <Filter>libmh\sim</Filter>
    </ClCompile>
    <ClCompile Include="..\libmh\sim\sim_unit_free_slot.cpp">
      <Filter>libmh\sim</Filter>
    </ClCompile>
    <ClCompile Include="..\libmh\sim\sim_unit_change_proto_and_energy.cpp">
      <Filter>libmh\sim</Filter>
    </ClCompile>
    <ClCompile Include="..\libmh\sim\sim_squad_pick_free_formation_anchor.cpp">
      <Filter>libmh\sim</Filter>
    </ClCompile>
    <ClCompile Include="..\libmh\sim\sim_unit_hover_tile_crowded.cpp">
      <Filter>libmh\sim</Filter>
    </ClCompile>
    <ClCompile Include="..\libmh\sim\sim_group_move_register_member.cpp">
      <Filter>libmh\sim</Filter>
    </ClCompile>
    <ClCompile Include="..\libmh\sim\sim_unit_get_ready_home_building.cpp">
      <Filter>libmh\sim</Filter>
    </ClCompile>
    <ClCompile Include="..\libmh\sim\sim_unit_set_state_order.cpp">
      <Filter>libmh\sim</Filter>
    </ClCompile>
    <ClCompile Include="..\libmh\sim\sim_group_scratch_add_unit.cpp">
      <Filter>libmh\sim</Filter>
    </ClCompile>
    <ClCompile Include="..\libmh\sim\sim_group_plan_formation_positions.cpp">
      <Filter>libmh\sim</Filter>
    </ClCompile>
    <ClCompile Include="..\libmh\sim\sim_unit_type_group_index.cpp">
      <Filter>libmh\sim</Filter>
    </ClCompile>
    <ClCompile Include="..\libmh\sim\sim_unit_queue_advance.cpp">
      <Filter>libmh\sim</Filter>
    </ClCompile>
    <ClCompile Include="..\libmh\sim\sim_order_issue_0xf_adjacent.cpp">
      <Filter>libmh\sim</Filter>
    </ClCompile>
    <ClCompile Include="..\libmh\sim\sim_fog_of_war.cpp">
      <Filter>libmh\sim</Filter>
    </ClCompile>
    <ClCompile Include="..\libmh\sim\sim_game_get_starting_unit.cpp">
      <Filter>libmh\sim</Filter>
    </ClCompile>
    <ClCompile Include="..\libmh\sim\sim_step.cpp">
      <Filter>libmh\sim</Filter>
    </ClCompile>
    <ClCompile Include="..\libmh\sim\rng_trace.cpp">
      <Filter>libmh\sim</Filter>
    </ClCompile>
    <ClCompile Include="..\libmh\sim\sim_rng_next.cpp">
      <Filter>libmh\sim</Filter>
    </ClCompile>
    <ClCompile Include="..\libmh\sim\libtrans\sim_lt_available_remove.cpp">
      <Filter>libmh\sim\libtrans</Filter>
    </ClCompile>
    <ClCompile Include="..\libmh\sim\libtrans\sim_lt_ambient.cpp">
      <Filter>libmh\sim\libtrans</Filter>
    </ClCompile>
    <ClCompile Include="..\libmh\sim\libtrans\sim_lt_anim_time.cpp">
      <Filter>libmh\sim\libtrans</Filter>
    </ClCompile>
    <ClCompile Include="..\libmh\sim\libtrans\sim_lt_available_projects_clear.cpp">
      <Filter>libmh\sim\libtrans</Filter>
    </ClCompile>
    <ClCompile Include="..\libmh\sim\libtrans\sim_lt_bldg_query.cpp">
      <Filter>libmh\sim\libtrans</Filter>
    </ClCompile>
    <ClCompile Include="..\libmh\sim\libtrans\sim_lt_bldg_cell_grid.cpp">
      <Filter>libmh\sim\libtrans</Filter>
    </ClCompile>
    <ClCompile Include="..\libmh\sim\libtrans\sim_lt_frame.cpp">
      <Filter>libmh\sim\libtrans</Filter>
    </ClCompile>
    <ClCompile Include="..\libmh\sim\sim_xtl_promote.cpp">
      <Filter>libmh\sim</Filter>
    </ClCompile>
    <ClCompile Include="..\libmh\sim\sim_hostreach_promote.cpp">
      <Filter>libmh\sim</Filter>
    </ClCompile>
    <ClCompile Include="..\libmh\sim\libtrans\sim_lt_promote.cpp">
      <Filter>libmh\sim\libtrans</Filter>
    </ClCompile>
    <ClCompile Include="..\libmh\sim\libtrans\sim_lt_cfg_planet.cpp">
      <Filter>libmh\sim\libtrans</Filter>
    </ClCompile>
    <ClCompile Include="..\libmh\sim\libtrans\sim_lt_deploy_squad.cpp">
      <Filter>libmh\sim\libtrans</Filter>
    </ClCompile>
    <ClCompile Include="..\libmh\sim\libtrans\sim_lt_diplomacy.cpp">
      <Filter>libmh\sim\libtrans</Filter>
    </ClCompile>
    <ClCompile Include="..\libmh\sim\libtrans\sim_lt_invasion_alert.cpp">
      <Filter>libmh\sim\libtrans</Filter>
    </ClCompile>
    <ClCompile Include="..\libmh\sim\libtrans\sim_lt_map_region_pool.cpp">
      <Filter>libmh\sim\libtrans</Filter>
    </ClCompile>
    <ClCompile Include="..\libmh\sim\libtrans\sim_lt_map_setup_dimensions.cpp">
      <Filter>libmh\sim\libtrans</Filter>
    </ClCompile>
    <ClCompile Include="..\libmh\sim\libtrans\sim_lt_math.cpp">
      <Filter>libmh\sim\libtrans</Filter>
    </ClCompile>
    <ClCompile Include="..\libmh\sim\libtrans\sim_lt_menu_teardown.cpp">
      <Filter>libmh\sim\libtrans</Filter>
    </ClCompile>
    <ClCompile Include="..\libmh\sim\libtrans\sim_lt_placement_offsets.cpp">
      <Filter>libmh\sim\libtrans</Filter>
    </ClCompile>
    <ClCompile Include="..\libmh\sim\libtrans\sim_lt_prod_transfer.cpp">
      <Filter>libmh\sim\libtrans</Filter>
    </ClCompile>
    <ClCompile Include="..\libmh\sim\libtrans\sim_lt_progress_finalize.cpp">
      <Filter>libmh\sim\libtrans</Filter>
    </ClCompile>
    <ClCompile Include="..\libmh\sim\libtrans\sim_lt_progress_planet_sweep.cpp">
      <Filter>libmh\sim\libtrans</Filter>
    </ClCompile>
    <ClCompile Include="..\libmh\sim\libtrans\sim_lt_progress_unlock_fixpoint.cpp">
      <Filter>libmh\sim\libtrans</Filter>
    </ClCompile>
    <ClCompile Include="..\libmh\sim\libtrans\sim_lt_scan_masked_table.cpp">
      <Filter>libmh\sim\libtrans</Filter>
    </ClCompile>
    <ClCompile Include="..\libmh\sim\libtrans\sim_lt_str.cpp">
      <Filter>libmh\sim\libtrans</Filter>
    </ClCompile>
    <ClCompile Include="..\libmh\lockstep\lt_chat_ally_mask.cpp">
      <Filter>libmh\lockstep</Filter>
    </ClCompile>
    <ClCompile Include="..\libmh\lockstep\lt_peer_timing_reset.cpp">
      <Filter>libmh\lockstep</Filter>
    </ClCompile>
    <ClCompile Include="..\libmh\lockstep\lt_player_by_side_id.cpp">
      <Filter>libmh\lockstep</Filter>
    </ClCompile>
    <ClCompile Include="..\libmh\lockstep\lt_reload_snapshot_resync.cpp">
      <Filter>libmh\lockstep</Filter>
    </ClCompile>
    <ClCompile Include="..\libmh\lockstep\lt_time_query.cpp">
      <Filter>libmh\lockstep</Filter>
    </ClCompile>
    <ClCompile Include="..\libmh\sim\libtrans\sim_lt_rng_draws.cpp">
      <Filter>libmh\sim\libtrans</Filter>
    </ClCompile>
    <ClCompile Include="..\libmh\sim\libtrans\sim_lt_rng_seed.cpp">
      <Filter>libmh\sim\libtrans</Filter>
    </ClCompile>
    <ClCompile Include="..\libmh\sim\libtrans\sim_lt_rng_raw_step.cpp">
      <Filter>libmh\sim\libtrans</Filter>
    </ClCompile>
    <ClCompile Include="..\libmh\sim\sim_geom_toroidal.cpp">
      <Filter>libmh\sim</Filter>
    </ClCompile>
    <ClCompile Include="..\libmh\sim\sim_resource_decay.cpp">
      <Filter>libmh\sim</Filter>
    </ClCompile>
    <ClCompile Include="..\libmh\sim\sim_game_speed_adjust.cpp">
      <Filter>libmh\sim</Filter>
    </ClCompile>
    <ClCompile Include="..\libmh\sim\sim_diplomacy_set_relation.cpp">
      <Filter>libmh\sim</Filter>
    </ClCompile>
    <ClCompile Include="..\libmh\sim\sim_game_player_set_side.cpp">
      <Filter>libmh\sim</Filter>
    </ClCompile>
    <ClCompile Include="..\libmh\sim\sim_population_change.cpp">
      <Filter>libmh\sim</Filter>
    </ClCompile>
    <ClCompile Include="..\libmh\sim\sim_map_fog_of_war_recompute.cpp">
      <Filter>libmh\sim</Filter>
    </ClCompile>
    <ClCompile Include="..\libmh\sim\sim_target_class.cpp">
      <Filter>libmh\sim</Filter>
    </ClCompile>
    <ClCompile Include="..\libmh\sim\sim_cfg_anim_frame_at_progress.cpp">
      <Filter>libmh\sim</Filter>
    </ClCompile>
    <ClCompile Include="..\libmh\sim\sim_game_speed_recompute.cpp">
      <Filter>libmh\sim</Filter>
    </ClCompile>
    <ClCompile Include="..\libmh\sim\sim_diplomacy_ai_relation_swap.cpp">
      <Filter>libmh\sim</Filter>
    </ClCompile>
    <ClCompile Include="..\libmh\sim\sim_game_add_planet_to_available.cpp">
      <Filter>libmh\sim</Filter>
    </ClCompile>
    <ClCompile Include="..\libmh\sim\sim_game_add_to_available_buildings.cpp">
      <Filter>libmh\sim</Filter>
    </ClCompile>
    <ClCompile Include="..\libmh\sim\sim_game_add_project_to_available.cpp">
      <Filter>libmh\sim</Filter>
    </ClCompile>
    <ClCompile Include="..\libmh\sim\sim_cfg_apply_project_resources.cpp">
      <Filter>libmh\sim</Filter>
    </ClCompile>
    <ClCompile Include="..\libmh\sim\sim_game_try_start_project.cpp">
      <Filter>libmh\sim</Filter>
    </ClCompile>
    <ClCompile Include="..\libmh\sim\sim_game_handle_progress.cpp">
      <Filter>libmh\sim</Filter>
    </ClCompile>
    <ClCompile Include="..\libmh\sim\sim_planet_distance.cpp">
      <Filter>libmh\sim</Filter>
    </ClCompile>
    <ClCompile Include="..\libmh\sim\sim_dist_out_of_range.cpp">
      <Filter>libmh\sim</Filter>
    </ClCompile>
    <ClCompile Include="..\libmh\sim\sim_resource_add_spend.cpp">
      <Filter>libmh\sim</Filter>
    </ClCompile>
    <ClCompile Include="..\libmh\sim\sim_map_zoom_scale_x_get.cpp">
      <Filter>libmh\sim</Filter>
    </ClCompile>
    <ClCompile Include="..\libmh\sim\sim_game_sp_outcome_announce.cpp">
      <Filter>libmh\sim</Filter>
    </ClCompile>
    <ClCompile Include="..\libmh\sim\sim_invasion.cpp">
      <Filter>libmh\sim</Filter>
    </ClCompile>
    <ClCompile Include="..\libmh\sim\sim_game_handle_upgrade.cpp">
      <Filter>libmh\sim</Filter>
    </ClCompile>
    <ClCompile Include="..\libmh\sim\sim_revoke_invention.cpp">
      <Filter>libmh\sim</Filter>
    </ClCompile>
    <ClCompile Include="..\libmh\sim\sim_game_set_event.cpp">
      <Filter>libmh\sim</Filter>
    </ClCompile>
    <ClCompile Include="..\libmh\sim\resid\sim_prod_transfer_destination.cpp">
      <Filter>libmh\sim\resid</Filter>
    </ClCompile>
    <ClCompile Include="..\libmh\sim\resid\sim_bldg_network_critical.cpp">
      <Filter>libmh\sim\resid</Filter>
    </ClCompile>
    <ClCompile Include="..\libmh\sim\resid\sim_spawn_ai_base.cpp">
      <Filter>libmh\sim\resid</Filter>
    </ClCompile>
    <ClCompile Include="..\libmh\sim\resid\sim_squad_status_gather.cpp">
      <Filter>libmh\sim\resid</Filter>
    </ClCompile>
    <ClCompile Include="..\libmh\sim\resid\sim_invasion_due_check.cpp">
      <Filter>libmh\sim\resid</Filter>
    </ClCompile>
    <ClCompile Include="..\libmh\sim\resid\sim_rng_seed_channel.cpp">
      <Filter>libmh\sim\resid</Filter>
    </ClCompile>
    <ClCompile Include="..\libmh\sim\resid\sim_time_resync.cpp">
      <Filter>libmh\sim\resid</Filter>
    </ClCompile>
    <ClCompile Include="..\libmh\sim\resid\sim_tutorial_step_driver.cpp">
      <Filter>libmh\sim\resid</Filter>
    </ClCompile>
    <ClCompile Include="..\libmh\sim\resid\sim_start_tutorial.cpp">
      <Filter>libmh\sim\resid</Filter>
    </ClCompile>
    <ClCompile Include="..\libmh\sim\resid\sim_clock_resync.cpp">
      <Filter>libmh\sim\resid</Filter>
    </ClCompile>
    <ClCompile Include="..\libmh\sim\resid\sim_advisor_tick.cpp">
      <Filter>libmh\sim\resid</Filter>
    </ClCompile>
    <ClCompile Include="..\libmh\sim\resid\sim_land_players_on_planet.cpp">
      <Filter>libmh\sim\resid</Filter>
    </ClCompile>
    <ClCompile Include="..\libmh\sim\resid\sim_new_game_init.cpp">
      <Filter>libmh\sim\resid</Filter>
    </ClCompile>
    <ClCompile Include="..\libmh\sim\resid\sim_bldg_try_begin_placement.cpp">
      <Filter>libmh\sim\resid</Filter>
    </ClCompile>
    <ClCompile Include="..\libmh\sim\resid\sim_invasion_alert_reset.cpp">
      <Filter>libmh\sim\resid</Filter>
    </ClCompile>
    <ClCompile Include="..\libmh\sim\resid\sim_landing_spots_reroll.cpp">
      <Filter>libmh\sim\resid</Filter>
    </ClCompile>
    <ClCompile Include="..\libmh\sim\resid\sim_scenario_planet_clone.cpp">
      <Filter>libmh\sim\resid</Filter>
    </ClCompile>
    <ClCompile Include="..\libmh\sim\resid\sim_map_fill_defaults.cpp">
      <Filter>libmh\sim\resid</Filter>
    </ClCompile>
    <ClCompile Include="..\libmh\sim\resid\sim_pathfinder_init.cpp">
      <Filter>libmh\sim\resid</Filter>
    </ClCompile>
    <ClCompile Include="..\libmh\sim\resid\sim_planet_map_session_init.cpp">
      <Filter>libmh\sim\resid</Filter>
    </ClCompile>
    <ClCompile Include="..\libmh\sim\resid\sim_planet_session_begin.cpp">
      <Filter>libmh\sim\resid</Filter>
    </ClCompile>
    <ClCompile Include="..\libmh\sim\resid\sim_planet_transition_finalize.cpp">
      <Filter>libmh\sim\resid</Filter>
    </ClCompile>
    <ClCompile Include="..\libmh\sim\resid\sim_session_begin_multi.cpp">
      <Filter>libmh\sim\resid</Filter>
    </ClCompile>
    <ClCompile Include="..\libmh\sim\resid\sim_session_state_reset.cpp">
      <Filter>libmh\sim\resid</Filter>
    </ClCompile>
    <ClCompile Include="..\libmh\sim\resid\resid_promote.cpp">
      <Filter>libmh\sim\resid</Filter>
    </ClCompile>
    <ClCompile Include="..\libmh\sim\resid\sim_session_clear_presence_flag.cpp">
      <Filter>libmh\sim\resid</Filter>
    </ClCompile>
    <ClCompile Include="..\libmh\sim\resid\sim_player_init.cpp">
      <Filter>libmh\sim\resid</Filter>
    </ClCompile>
    <ClCompile Include="..\libmh\sim\resid\sim_table_resets.cpp">
      <Filter>libmh\sim\resid</Filter>
    </ClCompile>
    <ClCompile Include="..\libmh\sim\resid\sim_unit_path_release.cpp">
      <Filter>libmh\sim\resid</Filter>
    </ClCompile>
    <ClCompile Include="..\libmh\sim\resid\sim_unit_path_store.cpp">
      <Filter>libmh\sim\resid</Filter>
    </ClCompile>
    <ClCompile Include="..\libmh\sim\hostreach\sim_h_diplomacy_restore_relations.cpp">
      <Filter>libmh\sim\hostreach</Filter>
    </ClCompile>
    <ClCompile Include="..\libmh\sim\hostreach\sim_h_group_issue_orders.cpp">
      <Filter>libmh\sim\hostreach</Filter>
    </ClCompile>
    <ClCompile Include="..\libmh\sim\hostreach\sim_h_map_build_regions.cpp">
      <Filter>libmh\sim\hostreach</Filter>
    </ClCompile>
    <ClCompile Include="..\libmh\sim\hostreach\sim_h_shuttle_slot_spawn_arrival.cpp">
      <Filter>libmh\sim\hostreach</Filter>
    </ClCompile>
    <ClCompile Include="..\libmh\sim\hostreach\sim_h_switch_to_planet.cpp">
      <Filter>libmh\sim\hostreach</Filter>
    </ClCompile>
    <ClCompile Include="..\libmh\sim\hostreach\sim_h_bldg_init_defaults.cpp">
      <Filter>libmh\sim\hostreach</Filter>
    </ClCompile>
    <ClCompile Include="..\libmh\sim\hostreach\sim_h_bldg_frame_center_offset.cpp">
      <Filter>libmh\sim\hostreach</Filter>
    </ClCompile>
    <ClCompile Include="..\libmh\sim\hostreach\sim_h_map_region_flood_fill.cpp">
      <Filter>libmh\sim\hostreach</Filter>
    </ClCompile>
    <ClCompile Include="..\libmh\sim\hostreach\sim_h_map_region_prep.cpp">
      <Filter>libmh\sim\hostreach</Filter>
    </ClCompile>
    <ClCompile Include="..\libmh\sim\hostreach\sim_h_map_region_seed.cpp">
      <Filter>libmh\sim\hostreach</Filter>
    </ClCompile>
    <ClCompile Include="..\libmh\sim\hostreach\sim_batch_h_promote.cpp">
      <Filter>libmh\sim\hostreach</Filter>
    </ClCompile>
    <ClCompile Include="..\libmh\sim\sim_player_presence_lost.cpp">
      <Filter>libmh\sim</Filter>
    </ClCompile>
    <ClCompile Include="..\libmh\sim\sim_spawn_invasion_force.cpp">
      <Filter>libmh\sim</Filter>
    </ClCompile>
    <ClCompile Include="..\libmh\sim\sim_map_wrap_delta_row.cpp">
      <Filter>libmh\sim</Filter>
    </ClCompile>
    <ClCompile Include="..\libmh\sim\sim_dir_headings.cpp">
      <Filter>libmh\sim</Filter>
    </ClCompile>
    <ClCompile Include="..\libmh\sim\sim_player_teardown_hook_stub.cpp">
      <Filter>libmh\sim</Filter>
    </ClCompile>
    <ClCompile Include="..\libmh\sim\sim_game_insert_item_in_player_array.cpp">
      <Filter>libmh\sim</Filter>
    </ClCompile>
    <ClCompile Include="..\libmh\sim\sim_map_region_helpers.cpp">
      <Filter>libmh\sim</Filter>
    </ClCompile>
    <ClCompile Include="..\libmh\sim\sim_map_region_split.cpp">
      <Filter>libmh\sim</Filter>
    </ClCompile>
    <ClCompile Include="..\libmh\sim\sim_map_apply_area.cpp">
      <Filter>libmh\sim</Filter>
    </ClCompile>
    <ClCompile Include="..\libmh\sim\sim_map_create_building.cpp">
      <Filter>libmh\sim</Filter>
    </ClCompile>
    <ClCompile Include="..\libmh\sim\sim_landing_spot.cpp">
      <Filter>libmh\sim</Filter>
    </ClCompile>
    <ClCompile Include="..\libmh\sim\sim_locate_active_port.cpp">
      <Filter>libmh\sim</Filter>
    </ClCompile>
    <ClCompile Include="..\libmh\sim\sim_invasion_alert_arm.cpp">
      <Filter>libmh\sim</Filter>
    </ClCompile>
    <ClCompile Include="..\libmh\sim\sim_map_region_recompute_adjacency.cpp">
      <Filter>libmh\sim</Filter>
    </ClCompile>
    <ClCompile Include="..\libmh\sim\sim_target_release_ref.cpp">
      <Filter>libmh\sim</Filter>
    </ClCompile>
    <ClCompile Include="..\libmh\sim\sim_game_update_resource_stats.cpp">
      <Filter>libmh\sim</Filter>
    </ClCompile>
    <ClCompile Include="..\libmh\sim\sim_game_update_progress.cpp">
      <Filter>libmh\sim</Filter>
    </ClCompile>
    <ClCompile Include="..\libmh\sim\sim_tile_pixel_wrap_delta.cpp">
      <Filter>libmh\sim</Filter>
    </ClCompile>
    <ClCompile Include="..\libmh\sim\sim_landing_queries.cpp">
      <Filter>libmh\sim</Filter>
    </ClCompile>
    <ClCompile Include="..\libmh\sim\sim_population_add.cpp">
      <Filter>libmh\sim</Filter>
    </ClCompile>
    <ClCompile Include="..\libmh\sim\sim_region_adjacency_edge.cpp">
      <Filter>libmh\sim</Filter>
    </ClCompile>
    <ClCompile Include="..\libmh\sim\sim_tile_delta_wrapped.cpp">
      <Filter>libmh\sim</Filter>
    </ClCompile>
    <ClCompile Include="..\libmh\sim\sim_tile_neighbor_reverse_dir.cpp">
      <Filter>libmh\sim</Filter>
    </ClCompile>
    <ClCompile Include="..\libmh\sim\sim_pathfind_grid_geometry.cpp">
      <Filter>libmh\sim</Filter>
    </ClCompile>
    <ClCompile Include="..\libmh\sim\sim_unit_path_step_blocked.cpp">
      <Filter>libmh\sim</Filter>
    </ClCompile>
    <ClCompile Include="..\libmh\sim\sim_path_step_check_and_request_detour.cpp">
      <Filter>libmh\sim</Filter>
    </ClCompile>
    <ClCompile Include="..\libmh\sim\sim_unit_path_detour.cpp">
      <Filter>libmh\sim</Filter>
    </ClCompile>
    <ClCompile Include="..\libmh\sim\sim_unit_state_move_path.cpp">
      <Filter>libmh\sim</Filter>
    </ClCompile>
    <ClCompile Include="..\libmh\sim\sim_unit_state_plot_turn_path.cpp">
      <Filter>libmh\sim</Filter>
    </ClCompile>
    <ClCompile Include="..\libmh\sim\sim_path_make_single_step.cpp">
      <Filter>libmh\sim</Filter>
    </ClCompile>
    <ClCompile Include="..\libmh\sim\sim_pathfind_route_leg_group_and_sort.cpp">
      <Filter>libmh\sim</Filter>
    </ClCompile>
    <ClCompile Include="..\libmh\sim\sim_pathfind_route_leg_reconcile.cpp">
      <Filter>libmh\sim</Filter>
    </ClCompile>
    <ClCompile Include="..\libmh\sim\sim_group_move_order_pathfind.cpp">
      <Filter>libmh\sim</Filter>
    </ClCompile>
    <ClCompile Include="..\libmh\sim\sim_path_solver.cpp">
      <Filter>libmh\sim</Filter>
    </ClCompile>
    <ClCompile Include="..\libmh\sim\sim_path_slot_dist.cpp">
      <Filter>libmh\sim</Filter>
    </ClCompile>
    <ClCompile Include="..\libmh\sim\sim_pathtrace_greedy.cpp">
      <Filter>libmh\sim</Filter>
    </ClCompile>
    <ClCompile Include="..\libmh\sim\sim_map_region_tile_find.cpp">
      <Filter>libmh\sim</Filter>
    </ClCompile>
    <ClCompile Include="..\libmh\sim\sim_pathfind_route.cpp">
      <Filter>libmh\sim</Filter>
    </ClCompile>
    <ClCompile Include="..\libmh\sim\sim_unit_path_queue_count.cpp">
      <Filter>libmh\sim</Filter>
    </ClCompile>
    <ClCompile Include="..\libmh\sim\sim_pathfind_geom_misc.cpp">
      <Filter>libmh\sim</Filter>
    </ClCompile>
    <ClCompile Include="..\libmh\sim\sim_pathtrace_dir_table.cpp">
      <Filter>libmh\sim</Filter>
    </ClCompile>
    <ClCompile Include="..\libmh\sim\sim_path_alloc_slot.cpp">
      <Filter>libmh\sim</Filter>
    </ClCompile>
    <ClCompile Include="..\libmh\sim\sim_path_group_steps.cpp">
      <Filter>libmh\sim</Filter>
    </ClCompile>
    <ClCompile Include="..\libmh\sim\sim_map_region_routing.cpp">
      <Filter>libmh\sim</Filter>
    </ClCompile>
    <ClCompile Include="..\libmh\sim\sim_map_region_route_marking.cpp">
      <Filter>libmh\sim</Filter>
    </ClCompile>
    <ClCompile Include="..\libmh\sim\sim_map_wrap_delta_xy.cpp">
      <Filter>libmh\sim</Filter>
    </ClCompile>
    <ClCompile Include="..\libmh\sim\sim_pathfind_dir_code_and_adjacency.cpp">
      <Filter>libmh\sim</Filter>
    </ClCompile>
    <ClCompile Include="..\libmh\sim\sim_path_attach_slot.cpp">
      <Filter>libmh\sim</Filter>
    </ClCompile>
    <ClCompile Include="..\libmh\sim\sim_group_path_step_append.cpp">
      <Filter>libmh\sim</Filter>
    </ClCompile>
    <ClCompile Include="..\libmh\sim\sim_unit_state_squad_merge.cpp">
      <Filter>libmh\sim</Filter>
    </ClCompile>
    <ClCompile Include="..\libmh\sim\sim_unit_state_exit.cpp">
      <Filter>libmh\sim</Filter>
    </ClCompile>
    <ClCompile Include="..\libmh\sim\sim_unit_state_enter.cpp">
      <Filter>libmh\sim</Filter>
    </ClCompile>
    <ClCompile Include="..\libmh\sim\sim_unit_state_taxi_dock.cpp">
      <Filter>libmh\sim</Filter>
    </ClCompile>
    <ClCompile Include="..\libmh\sim\sim_unit_state_deploy.cpp">
      <Filter>libmh\sim</Filter>
    </ClCompile>
    <ClCompile Include="..\libmh\sim\sim_unit_state_takeoff.cpp">
      <Filter>libmh\sim</Filter>
    </ClCompile>
    <ClCompile Include="..\libmh\sim\sim_unit_state_misc2.cpp">
      <Filter>libmh\sim</Filter>
    </ClCompile>
    <ClCompile Include="..\libmh\sim\sim_storage_can.cpp">
      <Filter>libmh\sim</Filter>
    </ClCompile>
    <ClCompile Include="..\libmh\sim\sim_storage_exit_placement.cpp">
      <Filter>libmh\sim</Filter>
    </ClCompile>
    <ClCompile Include="..\libmh\sim\sim_storage_exit_query.cpp">
      <Filter>libmh\sim</Filter>
    </ClCompile>
    <ClCompile Include="..\libmh\sim\sim_storage_dock.cpp">
      <Filter>libmh\sim</Filter>
    </ClCompile>
    <ClCompile Include="..\libmh\sim\sim_storage_scrap.cpp">
      <Filter>libmh\sim</Filter>
    </ClCompile>
    <ClCompile Include="..\libmh\sim\sim_storage_path.cpp">
      <Filter>libmh\sim</Filter>
    </ClCompile>
    <ClCompile Include="..\libmh\ai\ai_group_member_count.cpp">
      <Filter>libmh\ai</Filter>
    </ClCompile>
    <ClCompile Include="..\libmh\ai\ai_spiral_table_init.cpp">
      <Filter>libmh\ai</Filter>
    </ClCompile>
    <ClCompile Include="..\libmh\ai\ai_build_plan_push.cpp">
      <Filter>libmh\ai</Filter>
    </ClCompile>
    <ClCompile Include="..\libmh\ai\ai_scan_target_sort_cmp.cpp">
      <Filter>libmh\ai</Filter>
    </ClCompile>
    <ClCompile Include="..\libmh\ai\ai_notify_bldg_constructed.cpp">
      <Filter>libmh\ai</Filter>
    </ClCompile>
    <ClCompile Include="..\libmh\ai\ai_hq_attack_scenario.cpp">
      <Filter>libmh\ai</Filter>
    </ClCompile>
    <ClCompile Include="..\libmh\ai\ai_scr_parse.cpp">
      <Filter>libmh\ai</Filter>
    </ClCompile>
    <ClCompile Include="..\libmh\ai\ai_player_tick.cpp">
      <Filter>libmh\ai</Filter>
    </ClCompile>
    <ClCompile Include="..\libmh\ai\ai_active_unit_tick.cpp">
      <Filter>libmh\ai</Filter>
    </ClCompile>
    <ClCompile Include="..\libmh\ai\ai_reinforcements.cpp">
      <Filter>libmh\ai</Filter>
    </ClCompile>
    <ClCompile Include="..\libmh\ai\ai_hq_attack_commit.cpp">
      <Filter>libmh\ai</Filter>
    </ClCompile>
    <ClCompile Include="..\mh\hook\watcall.cpp">
      <Filter>mh\hook</Filter>
    </ClCompile>
    <ClCompile Include="..\mh\seams\host_event_sink.cpp">
      <Filter>mh\seams</Filter>
    </ClCompile>
    <ClCompile Include="..\mh\seams\save_triggers.cpp">
      <Filter>mh\seams</Filter>
    </ClCompile>
    <ClCompile Include="..\mh\seams\net_seams.cpp">
      <Filter>mh\seams</Filter>
    </ClCompile>
    <ClCompile Include="..\mh\seams\reimpl_probe.cpp">
      <Filter>mh\seams</Filter>
    </ClCompile>
    <ClCompile Include="..\mh\ui\ui_runtime.cpp">
      <Filter>mh\ui</Filter>
    </ClCompile>
    <ClCompile Include="..\mh\ui\lobby_slide.cpp">
      <Filter>mh\ui</Filter>
    </ClCompile>
    <ClCompile Include="..\mh\ui\lobby_notice.cpp">
      <Filter>mh\ui</Filter>
    </ClCompile>
    <ClCompile Include="..\mh\ui\lobby_widgets.cpp">
      <Filter>mh\ui</Filter>
    </ClCompile>
    <ClCompile Include="..\mh\ui\lobby_ping.cpp">
      <Filter>mh\ui</Filter>
    </ClCompile>
    <ClCompile Include="..\mh\ui\lobby_announce.cpp">
      <Filter>mh\ui</Filter>
    </ClCompile>
    <ClCompile Include="..\mh\seams\standalone.cpp">
      <Filter>mh\seams</Filter>
    </ClCompile>
    <ClCompile Include="..\mh\seams\net_diag.cpp">
      <Filter>mh\seams</Filter>
    </ClCompile>
    <ClCompile Include="..\mh\seams\net_discovery.cpp">
      <Filter>mh\seams</Filter>
    </ClCompile>
    <ClCompile Include="..\mh\seams\map_transfer.cpp">
      <Filter>mh\seams</Filter>
    </ClCompile>
    <ClCompile Include="..\mh\seams\net_lockstep.cpp">
      <Filter>mh\seams</Filter>
    </ClCompile>
    <ClCompile Include="..\mh\seams\mp_menu.cpp">
      <Filter>mh\seams</Filter>
    </ClCompile>
    <ClCompile Include="..\mh\seams\gfx_capture.cpp">
      <Filter>mh\seams</Filter>
    </ClCompile>
    <ClCompile Include="module_bind_compiled_in.cpp" />
    <ClCompile Include="..\mh\seams\gfx_overlay.cpp">
      <Filter>mh\seams</Filter>
    </ClCompile>
    <ClCompile Include="..\mh\seams\gfx_font_guard.cpp">
      <Filter>mh\seams</Filter>
    </ClCompile>
    <ClCompile Include="..\mh\seams\ui_chat_input.cpp">
      <Filter>mh\seams</Filter>
    </ClCompile>
    <ClCompile Include="..\mh\seams\ui_cheat_gate.cpp">
      <Filter>mh\seams</Filter>
    </ClCompile>
    <ClCompile Include="..\mh\seams\ui_diplomacy_echo.cpp">
      <Filter>mh\seams</Filter>
    </ClCompile>
    <ClCompile Include="..\mh\seams\ui_bldg_cancel_task.cpp">
      <Filter>mh\seams</Filter>
    </ClCompile>
    <ClCompile Include="..\mh\seams\ui_net_indicator.cpp">
      <Filter>mh\seams</Filter>
    </ClCompile>
    <ClCompile Include="..\mh\seams\ui_drive.cpp">
      <Filter>mh\seams</Filter>
    </ClCompile>
    <ClCompile Include="..\mh_harness\harness.cpp">
      <Filter>mh_harness</Filter>
    </ClCompile>
    <ClCompile Include="..\mh\seams\core_arm.cpp">
      <Filter>mh\seams</Filter>
    </ClCompile>
    <ClCompile Include="..\mh\seams\ui_keyrepeat.cpp">
      <Filter>mh\seams</Filter>
    </ClCompile>
    <ClCompile Include="..\mh\seams\ui_pause.cpp">
      <Filter>mh\seams</Filter>
    </ClCompile>
    <ClCompile Include="..\mh\seams\launch.cpp">
      <Filter>mh\seams</Filter>
    </ClCompile>
    <ClCompile Include="..\mh\seams\video.cpp">
      <Filter>mh\seams</Filter>
    </ClCompile>
    <ClCompile Include="..\..\mh_net_proto\src\session_info.cpp">
      <Filter>mh_net_proto\src</Filter>
    </ClCompile>
    <ClCompile Include="..\..\mh_net_proto\src\uuid7.cpp">
      <Filter>mh_net_proto\src</Filter>
    </ClCompile>
    <ClCompile Include="..\..\mh_net_proto\src\net_wire.cpp">
      <Filter>mh_net_proto\src</Filter>
    </ClCompile>
    <ClCompile Include="..\..\mh_net_proto\src\net_crypto.cpp">
      <Filter>mh_net_proto\src</Filter>
    </ClCompile>
    <ClCompile Include="..\..\mh_net_proto\src\net_udp.cpp">
      <Filter>mh_net_proto\src</Filter>
    </ClCompile>
  </ItemGroup>
</Project>
