<?xml version="1.0" encoding="utf-8"?>
<Project ToolsVersion="4.0" xmlns="http://schemas.microsoft.com/developer/msbuild/2003">
  <!-- GENERATED by tools/gen_vcxproj_filters.py - do not hand-edit; rerun the generator.
       The folder tree MIRRORS THE ON-DISK LAYOUT (fork F5P); it is not a taxonomy. -->
  <ItemGroup>
    <Filter Include="include">
      <UniqueIdentifier>{811BE297-6EBC-5A61-9420-1169FDC9AE90}</UniqueIdentifier>
    </Filter>
  </ItemGroup>
  <ItemGroup>
    <ClInclude Include="generic.h" />
    <ClInclude Include="include\mh_bmp.h">
      <Filter>include</Filter>
    </ClInclude>
    <ClInclude Include="include\mh_bnk.h">
      <Filter>include</Filter>
    </ClInclude>
    <ClInclude Include="include\mh_lib_c_export.h">
      <Filter>include</Filter>
    </ClInclude>
    <ClInclude Include="include\mh_lib_export.h">
      <Filter>include</Filter>
    </ClInclude>
    <ClInclude Include="include\mh_net_export.h">
      <Filter>include</Filter>
    </ClInclude>
    <ClInclude Include="include\mh_net_key.h">
      <Filter>include</Filter>
    </ClInclude>
    <ClInclude Include="include\mh_net_module.h">
      <Filter>include</Filter>
    </ClInclude>
    <ClInclude Include="include\mh_run_context.h">
      <Filter>include</Filter>
    </ClInclude>
  </ItemGroup>
  <ItemGroup>
    <ClCompile Include="bmp_io.cpp" />
    <ClCompile Include="bnk.cpp" />
    <ClCompile Include="lzw.cpp" />
    <ClCompile Include="misc.cpp" />
    <ClCompile Include="run_context.cpp" />
  </ItemGroup>
</Project>
