<?xml version="1.0" encoding="utf-8"?>
<Project ToolsVersion="4.0" xmlns="http://schemas.microsoft.com/developer/msbuild/2003">
  <!-- GENERATED by tools/gen_vcxproj_filters.py - do not hand-edit; rerun the generator.
       The folder tree MIRRORS THE ON-DISK LAYOUT (fork F5P); it is not a taxonomy. -->
  <ItemGroup>
    <Filter Include="mh">
      <UniqueIdentifier>{BD7347D6-A2B6-51C8-B03B-14B529BAA418}</UniqueIdentifier>
    </Filter>
    <Filter Include="mh\addr">
      <UniqueIdentifier>{269FF357-C05F-5B2D-8BFE-6739EAECD668}</UniqueIdentifier>
    </Filter>
  </ItemGroup>
  <ItemGroup>
    <ClCompile Include="dispatch_selftest.cpp" />
    <ClCompile Include="main.cpp" />
    <ClCompile Include="..\mh\addr\mh_calls.gen.cpp">
      <Filter>mh\addr</Filter>
    </ClCompile>
  </ItemGroup>
</Project>
