<?xml version="1.0" encoding="utf-8"?>
<Project ToolsVersion="4.0" xmlns="http://schemas.microsoft.com/developer/msbuild/2003">
  <!-- GENERATED by tools/gen_vcxproj_filters.py - do not hand-edit; rerun the generator.
       The folder tree MIRRORS THE ON-DISK LAYOUT (fork F5P); it is not a taxonomy. -->
  <ItemGroup>
    <Filter Include="ai">
      <UniqueIdentifier>{F7D1B591-7883-563A-A530-AF494E1364A0}</UniqueIdentifier>
    </Filter>
    <Filter Include="lockstep">
      <UniqueIdentifier>{6EDA2EF6-1FE3-5162-A1C8-83394DBE0EDC}</UniqueIdentifier>
    </Filter>
    <Filter Include="orders">
      <UniqueIdentifier>{39ACFAEA-1765-5D72-8835-22E0FEFDF4F8}</UniqueIdentifier>
    </Filter>
    <Filter Include="orders\issue">
      <UniqueIdentifier>{24B0D3B3-5700-51AA-AAA7-FD7DF32C2331}</UniqueIdentifier>
    </Filter>
    <Filter Include="save">
      <UniqueIdentifier>{3321FFAE-EC63-5039-93ED-8E2FC13FC275}</UniqueIdentifier>
    </Filter>
    <Filter Include="sim">
      <UniqueIdentifier>{AB44F435-4FE0-56F3-A52C-E315D89C1371}</UniqueIdentifier>
    </Filter>
    <Filter Include="sim\hostreach">
      <UniqueIdentifier>{67473D8F-4844-519C-B672-F3405354290B}</UniqueIdentifier>
    </Filter>
    <Filter Include="sim\libtrans">
      <UniqueIdentifier>{D0FF81E7-5ABE-5EBE-8B04-3412281D461A}</UniqueIdentifier>
    </Filter>
    <Filter Include="sim\resid">
      <UniqueIdentifier>{2E09CD03-2911-57F8-B55C-A3F42C4E6895}</UniqueIdentifier>
    </Filter>
    <Filter Include="state">
      <UniqueIdentifier>{D732F863-2DCF-5EE3-869E-A40887EB1420}</UniqueIdentifier>
    </Filter>
    <Filter Include="tact">
      <UniqueIdentifier>{46A0E00B-476B-5F12-B17D-B648B48A128E}</UniqueIdentifier>
    </Filter>
  </ItemGroup>
  <ItemGroup>
    <ClCompile Include="ai\ai_abandon_target.cpp">
      <Filter>ai</Filter>
    </ClCompile>
    <ClCompile Include="ai\ai_active_unit_tick.cpp">
      <Filter>ai</Filter>
    </ClCompile>
    <ClCompile Include="ai\ai_army_milestone.cpp">
      <Filter>ai</Filter>
    </ClCompile>
    <ClCompile Include="ai\ai_attack_candidates.cpp">
      <Filter>ai</Filter>
    </ClCompile>
    <ClCompile Include="ai\ai_attack_commit.cpp">
      <Filter>ai</Filter>
    </ClCompile>
    <ClCompile Include="ai\ai_attacker_intel.cpp">
      <Filter>ai</Filter>
    </ClCompile>
    <ClCompile Include="ai\ai_bldg_queue.cpp">
      <Filter>ai</Filter>
    </ClCompile>
    <ClCompile Include="ai\ai_bldg_queue_dispatch.cpp">
      <Filter>ai</Filter>
    </ClCompile>
    <ClCompile Include="ai\ai_bldg_repair.cpp">
      <Filter>ai</Filter>
    </ClCompile>
    <ClCompile Include="ai\ai_bldg_weapon_range.cpp">
      <Filter>ai</Filter>
    </ClCompile>
    <ClCompile Include="ai\ai_build.cpp">
      <Filter>ai</Filter>
    </ClCompile>
    <ClCompile Include="ai\ai_build_plan_push.cpp">
      <Filter>ai</Filter>
    </ClCompile>
    <ClCompile Include="ai\ai_build_score.cpp">
      <Filter>ai</Filter>
    </ClCompile>
    <ClCompile Include="ai\ai_build_sources.cpp">
      <Filter>ai</Filter>
    </ClCompile>
    <ClCompile Include="ai\ai_construction_plan.cpp">
      <Filter>ai</Filter>
    </ClCompile>
    <ClCompile Include="ai\ai_construction_sites.cpp">
      <Filter>ai</Filter>
    </ClCompile>
    <ClCompile Include="ai\ai_engage.cpp">
      <Filter>ai</Filter>
    </ClCompile>
    <ClCompile Include="ai\ai_engage_candidates.cpp">
      <Filter>ai</Filter>
    </ClCompile>
    <ClCompile Include="ai\ai_engage_scan.cpp">
      <Filter>ai</Filter>
    </ClCompile>
    <ClCompile Include="ai\ai_grid.cpp">
      <Filter>ai</Filter>
    </ClCompile>
    <ClCompile Include="ai\ai_grid_stencil.cpp">
      <Filter>ai</Filter>
    </ClCompile>
    <ClCompile Include="ai\ai_group_building_scan.cpp">
      <Filter>ai</Filter>
    </ClCompile>
    <ClCompile Include="ai\ai_group_centroid.cpp">
      <Filter>ai</Filter>
    </ClCompile>
    <ClCompile Include="ai\ai_group_classify_target.cpp">
      <Filter>ai</Filter>
    </ClCompile>
    <ClCompile Include="ai\ai_group_expansion.cpp">
      <Filter>ai</Filter>
    </ClCompile>
    <ClCompile Include="ai\ai_group_form.cpp">
      <Filter>ai</Filter>
    </ClCompile>
    <ClCompile Include="ai\ai_group_hold.cpp">
      <Filter>ai</Filter>
    </ClCompile>
    <ClCompile Include="ai\ai_group_home_guard.cpp">
      <Filter>ai</Filter>
    </ClCompile>
    <ClCompile Include="ai\ai_group_member_count.cpp">
      <Filter>ai</Filter>
    </ClCompile>
    <ClCompile Include="ai\ai_group_member_list.cpp">
      <Filter>ai</Filter>
    </ClCompile>
    <ClCompile Include="ai\ai_group_membership.cpp">
      <Filter>ai</Filter>
    </ClCompile>
    <ClCompile Include="ai\ai_group_move_helpers.cpp">
      <Filter>ai</Filter>
    </ClCompile>
    <ClCompile Include="ai\ai_group_muster_pick.cpp">
      <Filter>ai</Filter>
    </ClCompile>
    <ClCompile Include="ai\ai_group_redistribute.cpp">
      <Filter>ai</Filter>
    </ClCompile>
    <ClCompile Include="ai\ai_group_relocation.cpp">
      <Filter>ai</Filter>
    </ClCompile>
    <ClCompile Include="ai\ai_group_remove.cpp">
      <Filter>ai</Filter>
    </ClCompile>
    <ClCompile Include="ai\ai_group_split_off.cpp">
      <Filter>ai</Filter>
    </ClCompile>
    <ClCompile Include="ai\ai_group_task_attack.cpp">
      <Filter>ai</Filter>
    </ClCompile>
    <ClCompile Include="ai\ai_group_task_formation.cpp">
      <Filter>ai</Filter>
    </ClCompile>
    <ClCompile Include="ai\ai_group_task_lifecycle.cpp">
      <Filter>ai</Filter>
    </ClCompile>
    <ClCompile Include="ai\ai_group_task_machine.cpp">
      <Filter>ai</Filter>
    </ClCompile>
    <ClCompile Include="ai\ai_group_task_movement.cpp">
      <Filter>ai</Filter>
    </ClCompile>
    <ClCompile Include="ai\ai_group_task_predicates.cpp">
      <Filter>ai</Filter>
    </ClCompile>
    <ClCompile Include="ai\ai_group_task_queue_ops.cpp">
      <Filter>ai</Filter>
    </ClCompile>
    <ClCompile Include="ai\ai_group_task_recruit.cpp">
      <Filter>ai</Filter>
    </ClCompile>
    <ClCompile Include="ai\ai_group_task_workers.cpp">
      <Filter>ai</Filter>
    </ClCompile>
    <ClCompile Include="ai\ai_group_tick.cpp">
      <Filter>ai</Filter>
    </ClCompile>
    <ClCompile Include="ai\ai_holding_pen.cpp">
      <Filter>ai</Filter>
    </ClCompile>
    <ClCompile Include="ai\ai_hq_attack_commit.cpp">
      <Filter>ai</Filter>
    </ClCompile>
    <ClCompile Include="ai\ai_hq_attack_scenario.cpp">
      <Filter>ai</Filter>
    </ClCompile>
    <ClCompile Include="ai\ai_invasion.cpp">
      <Filter>ai</Filter>
    </ClCompile>
    <ClCompile Include="ai\ai_launch_storage.cpp">
      <Filter>ai</Filter>
    </ClCompile>
    <ClCompile Include="ai\ai_map_influence.cpp">
      <Filter>ai</Filter>
    </ClCompile>
    <ClCompile Include="ai\ai_mine_plan.cpp">
      <Filter>ai</Filter>
    </ClCompile>
    <ClCompile Include="ai\ai_mine_rebalance.cpp">
      <Filter>ai</Filter>
    </ClCompile>
    <ClCompile Include="ai\ai_mine_yield.cpp">
      <Filter>ai</Filter>
    </ClCompile>
    <ClCompile Include="ai\ai_nearest_flagged.cpp">
      <Filter>ai</Filter>
    </ClCompile>
    <ClCompile Include="ai\ai_notify_bldg_constructed.cpp">
      <Filter>ai</Filter>
    </ClCompile>
    <ClCompile Include="ai\ai_notify_map_changed.cpp">
      <Filter>ai</Filter>
    </ClCompile>
    <ClCompile Include="ai\ai_notify_removed.cpp">
      <Filter>ai</Filter>
    </ClCompile>
    <ClCompile Include="ai\ai_notify_unit_lifecycle.cpp">
      <Filter>ai</Filter>
    </ClCompile>
    <ClCompile Include="ai\ai_opponent_relations.cpp">
      <Filter>ai</Filter>
    </ClCompile>
    <ClCompile Include="ai\ai_player_tick.cpp">
      <Filter>ai</Filter>
    </ClCompile>
    <ClCompile Include="ai\ai_players_tick.cpp">
      <Filter>ai</Filter>
    </ClCompile>
    <ClCompile Include="ai\ai_promote.cpp">
      <Filter>ai</Filter>
    </ClCompile>
    <ClCompile Include="ai\ai_queue_enqueue.cpp">
      <Filter>ai</Filter>
    </ClCompile>
    <ClCompile Include="ai\ai_queue_reconcile.cpp">
      <Filter>ai</Filter>
    </ClCompile>
    <ClCompile Include="ai\ai_queue_release.cpp">
      <Filter>ai</Filter>
    </ClCompile>
    <ClCompile Include="ai\ai_queue_remove.cpp">
      <Filter>ai</Filter>
    </ClCompile>
    <ClCompile Include="ai\ai_queue_rotate.cpp">
      <Filter>ai</Filter>
    </ClCompile>
    <ClCompile Include="ai\ai_queue_type_query.cpp">
      <Filter>ai</Filter>
    </ClCompile>
    <ClCompile Include="ai\ai_reinforcements.cpp">
      <Filter>ai</Filter>
    </ClCompile>
    <ClCompile Include="ai\ai_resource_sites.cpp">
      <Filter>ai</Filter>
    </ClCompile>
    <ClCompile Include="ai\ai_scan_target_add.cpp">
      <Filter>ai</Filter>
    </ClCompile>
    <ClCompile Include="ai\ai_scan_target_sort_cmp.cpp">
      <Filter>ai</Filter>
    </ClCompile>
    <ClCompile Include="ai\ai_scan_targets.cpp">
      <Filter>ai</Filter>
    </ClCompile>
    <ClCompile Include="ai\ai_scan_visible.cpp">
      <Filter>ai</Filter>
    </ClCompile>
    <ClCompile Include="ai\ai_scr_parse.cpp">
      <Filter>ai</Filter>
    </ClCompile>
    <ClCompile Include="ai\ai_shortage_gate.cpp">
      <Filter>ai</Filter>
    </ClCompile>
    <ClCompile Include="ai\ai_shortage_react.cpp">
      <Filter>ai</Filter>
    </ClCompile>
    <ClCompile Include="ai\ai_shortage_state.cpp">
      <Filter>ai</Filter>
    </ClCompile>
    <ClCompile Include="ai\ai_site_dispatch.cpp">
      <Filter>ai</Filter>
    </ClCompile>
    <ClCompile Include="ai\ai_site_scan.cpp">
      <Filter>ai</Filter>
    </ClCompile>
    <ClCompile Include="ai\ai_site_sort.cpp">
      <Filter>ai</Filter>
    </ClCompile>
    <ClCompile Include="ai\ai_site_worth.cpp">
      <Filter>ai</Filter>
    </ClCompile>
    <ClCompile Include="ai\ai_spend_rate.cpp">
      <Filter>ai</Filter>
    </ClCompile>
    <ClCompile Include="ai\ai_spiral_scan.cpp">
      <Filter>ai</Filter>
    </ClCompile>
    <ClCompile Include="ai\ai_spiral_table_init.cpp">
      <Filter>ai</Filter>
    </ClCompile>
    <ClCompile Include="ai\ai_state.cpp">
      <Filter>ai</Filter>
    </ClCompile>
    <ClCompile Include="ai\ai_target.cpp">
      <Filter>ai</Filter>
    </ClCompile>
    <ClCompile Include="ai\ai_target_query.cpp">
      <Filter>ai</Filter>
    </ClCompile>
    <ClCompile Include="ai\ai_target_ref_predicates.cpp">
      <Filter>ai</Filter>
    </ClCompile>
    <ClCompile Include="ai\ai_train_flush.cpp">
      <Filter>ai</Filter>
    </ClCompile>
    <ClCompile Include="ai\ai_train_plan.cpp">
      <Filter>ai</Filter>
    </ClCompile>
    <ClCompile Include="ai\ai_turret_plan.cpp">
      <Filter>ai</Filter>
    </ClCompile>
    <ClCompile Include="ai\ai_turret_threat.cpp">
      <Filter>ai</Filter>
    </ClCompile>
    <ClCompile Include="ai\ai_unit_housing.cpp">
      <Filter>ai</Filter>
    </ClCompile>
    <ClCompile Include="ai\ai_unit_move_bump.cpp">
      <Filter>ai</Filter>
    </ClCompile>
    <ClCompile Include="ai\ai_worker_priority.cpp">
      <Filter>ai</Filter>
    </ClCompile>
    <ClCompile Include="ai\ai_worker_rebalance.cpp">
      <Filter>ai</Filter>
    </ClCompile>
    <ClCompile Include="lockstep\lockstep_state.cpp">
      <Filter>lockstep</Filter>
    </ClCompile>
    <ClCompile Include="lockstep\lt_chat_ally_mask.cpp">
      <Filter>lockstep</Filter>
    </ClCompile>
    <ClCompile Include="lockstep\lt_peer_timing_reset.cpp">
      <Filter>lockstep</Filter>
    </ClCompile>
    <ClCompile Include="lockstep\lt_player_by_side_id.cpp">
      <Filter>lockstep</Filter>
    </ClCompile>
    <ClCompile Include="lockstep\lt_reload_snapshot_resync.cpp">
      <Filter>lockstep</Filter>
    </ClCompile>
    <ClCompile Include="lockstep\lt_time_query.cpp">
      <Filter>lockstep</Filter>
    </ClCompile>
    <ClCompile Include="lockstep\net_session.cpp">
      <Filter>lockstep</Filter>
    </ClCompile>
    <ClCompile Include="lockstep\overlay_hoist.cpp">
      <Filter>lockstep</Filter>
    </ClCompile>
    <ClCompile Include="lockstep\resync.cpp">
      <Filter>lockstep</Filter>
    </ClCompile>
    <ClCompile Include="lockstep\rx_dispatch.cpp">
      <Filter>lockstep</Filter>
    </ClCompile>
    <ClCompile Include="lockstep\timekeeper.cpp">
      <Filter>lockstep</Filter>
    </ClCompile>
    <ClCompile Include="lockstep\turn_engine.cpp">
      <Filter>lockstep</Filter>
    </ClCompile>
    <ClCompile Include="lockstep\tx_emit.cpp">
      <Filter>lockstep</Filter>
    </ClCompile>
    <ClCompile Include="lockstep\tx_emit_chat.cpp">
      <Filter>lockstep</Filter>
    </ClCompile>
    <ClCompile Include="lockstep\tx_emit_ctrl.cpp">
      <Filter>lockstep</Filter>
    </ClCompile>
    <ClCompile Include="lockstep\tx_emit_order.cpp">
      <Filter>lockstep</Filter>
    </ClCompile>
    <ClCompile Include="orders\issue\issue_ai_move_primitives.cpp">
      <Filter>orders\issue</Filter>
    </ClCompile>
    <ClCompile Include="orders\issue\issue_bldg_depart.cpp">
      <Filter>orders\issue</Filter>
    </ClCompile>
    <ClCompile Include="orders\issue\issue_bldg_footprint.cpp">
      <Filter>orders\issue</Filter>
    </ClCompile>
    <ClCompile Include="orders\issue\issue_bldg_orders.cpp">
      <Filter>orders\issue</Filter>
    </ClCompile>
    <ClCompile Include="orders\issue\issue_bldg_orders_b.cpp">
      <Filter>orders\issue</Filter>
    </ClCompile>
    <ClCompile Include="orders\issue\issue_group_formation_move.cpp">
      <Filter>orders\issue</Filter>
    </ClCompile>
    <ClCompile Include="orders\issue\issue_group_orders.cpp">
      <Filter>orders\issue</Filter>
    </ClCompile>
    <ClCompile Include="orders\issue\issue_order_admin.cpp">
      <Filter>orders\issue</Filter>
    </ClCompile>
    <ClCompile Include="orders\issue\issue_order_core.cpp">
      <Filter>orders\issue</Filter>
    </ClCompile>
    <ClCompile Include="orders\issue\issue_order_debug.cpp">
      <Filter>orders\issue</Filter>
    </ClCompile>
    <ClCompile Include="orders\issue\issue_order_player.cpp">
      <Filter>orders\issue</Filter>
    </ClCompile>
    <ClCompile Include="orders\issue\issue_promote.cpp">
      <Filter>orders\issue</Filter>
    </ClCompile>
    <ClCompile Include="orders\issue\issue_state.cpp">
      <Filter>orders\issue</Filter>
    </ClCompile>
    <ClCompile Include="orders\issue\issue_turret_orders.cpp">
      <Filter>orders\issue</Filter>
    </ClCompile>
    <ClCompile Include="orders\issue\issue_unit_attack.cpp">
      <Filter>orders\issue</Filter>
    </ClCompile>
    <ClCompile Include="orders\issue\issue_unit_move.cpp">
      <Filter>orders\issue</Filter>
    </ClCompile>
    <ClCompile Include="orders\issue\issue_unit_storage.cpp">
      <Filter>orders\issue</Filter>
    </ClCompile>
    <ClCompile Include="orders\order_queue.cpp">
      <Filter>orders</Filter>
    </ClCompile>
    <ClCompile Include="save\save_block.cpp">
      <Filter>save</Filter>
    </ClCompile>
    <ClCompile Include="save\save_driver.cpp">
      <Filter>save</Filter>
    </ClCompile>
    <ClCompile Include="save\save_ext.cpp">
      <Filter>save</Filter>
    </ClCompile>
    <ClCompile Include="save\save_format.cpp">
      <Filter>save</Filter>
    </ClCompile>
    <ClCompile Include="save\save_live.cpp">
      <Filter>save</Filter>
    </ClCompile>
    <ClCompile Include="save\save_state.cpp">
      <Filter>save</Filter>
    </ClCompile>
    <ClCompile Include="sim\hostreach\sim_batch_h_promote.cpp">
      <Filter>sim\hostreach</Filter>
    </ClCompile>
    <ClCompile Include="sim\hostreach\sim_h_bldg_frame_center_offset.cpp">
      <Filter>sim\hostreach</Filter>
    </ClCompile>
    <ClCompile Include="sim\hostreach\sim_h_bldg_init_defaults.cpp">
      <Filter>sim\hostreach</Filter>
    </ClCompile>
    <ClCompile Include="sim\hostreach\sim_h_diplomacy_restore_relations.cpp">
      <Filter>sim\hostreach</Filter>
    </ClCompile>
    <ClCompile Include="sim\hostreach\sim_h_group_issue_orders.cpp">
      <Filter>sim\hostreach</Filter>
    </ClCompile>
    <ClCompile Include="sim\hostreach\sim_h_map_build_regions.cpp">
      <Filter>sim\hostreach</Filter>
    </ClCompile>
    <ClCompile Include="sim\hostreach\sim_h_map_region_flood_fill.cpp">
      <Filter>sim\hostreach</Filter>
    </ClCompile>
    <ClCompile Include="sim\hostreach\sim_h_map_region_prep.cpp">
      <Filter>sim\hostreach</Filter>
    </ClCompile>
    <ClCompile Include="sim\hostreach\sim_h_map_region_seed.cpp">
      <Filter>sim\hostreach</Filter>
    </ClCompile>
    <ClCompile Include="sim\hostreach\sim_h_shuttle_slot_spawn_arrival.cpp">
      <Filter>sim\hostreach</Filter>
    </ClCompile>
    <ClCompile Include="sim\hostreach\sim_h_switch_to_planet.cpp">
      <Filter>sim\hostreach</Filter>
    </ClCompile>
    <ClCompile Include="sim\libtrans\sim_lt_ambient.cpp">
      <Filter>sim\libtrans</Filter>
    </ClCompile>
    <ClCompile Include="sim\libtrans\sim_lt_anim_time.cpp">
      <Filter>sim\libtrans</Filter>
    </ClCompile>
    <ClCompile Include="sim\libtrans\sim_lt_available_projects_clear.cpp">
      <Filter>sim\libtrans</Filter>
    </ClCompile>
    <ClCompile Include="sim\libtrans\sim_lt_available_remove.cpp">
      <Filter>sim\libtrans</Filter>
    </ClCompile>
    <ClCompile Include="sim\libtrans\sim_lt_bldg_cell_grid.cpp">
      <Filter>sim\libtrans</Filter>
    </ClCompile>
    <ClCompile Include="sim\libtrans\sim_lt_bldg_query.cpp">
      <Filter>sim\libtrans</Filter>
    </ClCompile>
    <ClCompile Include="sim\libtrans\sim_lt_cfg_planet.cpp">
      <Filter>sim\libtrans</Filter>
    </ClCompile>
    <ClCompile Include="sim\libtrans\sim_lt_deploy_squad.cpp">
      <Filter>sim\libtrans</Filter>
    </ClCompile>
    <ClCompile Include="sim\libtrans\sim_lt_diplomacy.cpp">
      <Filter>sim\libtrans</Filter>
    </ClCompile>
    <ClCompile Include="sim\libtrans\sim_lt_frame.cpp">
      <Filter>sim\libtrans</Filter>
    </ClCompile>
    <ClCompile Include="sim\libtrans\sim_lt_invasion_alert.cpp">
      <Filter>sim\libtrans</Filter>
    </ClCompile>
    <ClCompile Include="sim\libtrans\sim_lt_map_region_pool.cpp">
      <Filter>sim\libtrans</Filter>
    </ClCompile>
    <ClCompile Include="sim\libtrans\sim_lt_map_setup_dimensions.cpp">
      <Filter>sim\libtrans</Filter>
    </ClCompile>
    <ClCompile Include="sim\libtrans\sim_lt_math.cpp">
      <Filter>sim\libtrans</Filter>
    </ClCompile>
    <ClCompile Include="sim\libtrans\sim_lt_menu_teardown.cpp">
      <Filter>sim\libtrans</Filter>
    </ClCompile>
    <ClCompile Include="sim\libtrans\sim_lt_placement_offsets.cpp">
      <Filter>sim\libtrans</Filter>
    </ClCompile>
    <ClCompile Include="sim\libtrans\sim_lt_prod_transfer.cpp">
      <Filter>sim\libtrans</Filter>
    </ClCompile>
    <ClCompile Include="sim\libtrans\sim_lt_progress_finalize.cpp">
      <Filter>sim\libtrans</Filter>
    </ClCompile>
    <ClCompile Include="sim\libtrans\sim_lt_progress_planet_sweep.cpp">
      <Filter>sim\libtrans</Filter>
    </ClCompile>
    <ClCompile Include="sim\libtrans\sim_lt_progress_unlock_fixpoint.cpp">
      <Filter>sim\libtrans</Filter>
    </ClCompile>
    <ClCompile Include="sim\libtrans\sim_lt_promote.cpp">
      <Filter>sim\libtrans</Filter>
    </ClCompile>
    <ClCompile Include="sim\libtrans\sim_lt_rng_draws.cpp">
      <Filter>sim\libtrans</Filter>
    </ClCompile>
    <ClCompile Include="sim\libtrans\sim_lt_rng_raw_step.cpp">
      <Filter>sim\libtrans</Filter>
    </ClCompile>
    <ClCompile Include="sim\libtrans\sim_lt_rng_seed.cpp">
      <Filter>sim\libtrans</Filter>
    </ClCompile>
    <ClCompile Include="sim\libtrans\sim_lt_scan_masked_table.cpp">
      <Filter>sim\libtrans</Filter>
    </ClCompile>
    <ClCompile Include="sim\libtrans\sim_lt_str.cpp">
      <Filter>sim\libtrans</Filter>
    </ClCompile>
    <ClCompile Include="sim\resid\resid_promote.cpp">
      <Filter>sim\resid</Filter>
    </ClCompile>
    <ClCompile Include="sim\resid\sim_advisor_tick.cpp">
      <Filter>sim\resid</Filter>
    </ClCompile>
    <ClCompile Include="sim\resid\sim_bldg_network_critical.cpp">
      <Filter>sim\resid</Filter>
    </ClCompile>
    <ClCompile Include="sim\resid\sim_bldg_try_begin_placement.cpp">
      <Filter>sim\resid</Filter>
    </ClCompile>
    <ClCompile Include="sim\resid\sim_clock_resync.cpp">
      <Filter>sim\resid</Filter>
    </ClCompile>
    <ClCompile Include="sim\resid\sim_invasion_alert_reset.cpp">
      <Filter>sim\resid</Filter>
    </ClCompile>
    <ClCompile Include="sim\resid\sim_invasion_due_check.cpp">
      <Filter>sim\resid</Filter>
    </ClCompile>
    <ClCompile Include="sim\resid\sim_land_players_on_planet.cpp">
      <Filter>sim\resid</Filter>
    </ClCompile>
    <ClCompile Include="sim\resid\sim_landing_spots_reroll.cpp">
      <Filter>sim\resid</Filter>
    </ClCompile>
    <ClCompile Include="sim\resid\sim_map_fill_defaults.cpp">
      <Filter>sim\resid</Filter>
    </ClCompile>
    <ClCompile Include="sim\resid\sim_new_game_init.cpp">
      <Filter>sim\resid</Filter>
    </ClCompile>
    <ClCompile Include="sim\resid\sim_pathfinder_init.cpp">
      <Filter>sim\resid</Filter>
    </ClCompile>
    <ClCompile Include="sim\resid\sim_planet_map_session_init.cpp">
      <Filter>sim\resid</Filter>
    </ClCompile>
    <ClCompile Include="sim\resid\sim_planet_session_begin.cpp">
      <Filter>sim\resid</Filter>
    </ClCompile>
    <ClCompile Include="sim\resid\sim_planet_transition_finalize.cpp">
      <Filter>sim\resid</Filter>
    </ClCompile>
    <ClCompile Include="sim\resid\sim_player_init.cpp">
      <Filter>sim\resid</Filter>
    </ClCompile>
    <ClCompile Include="sim\resid\sim_prod_transfer_destination.cpp">
      <Filter>sim\resid</Filter>
    </ClCompile>
    <ClCompile Include="sim\resid\sim_rng_seed_channel.cpp">
      <Filter>sim\resid</Filter>
    </ClCompile>
    <ClCompile Include="sim\resid\sim_scenario_planet_clone.cpp">
      <Filter>sim\resid</Filter>
    </ClCompile>
    <ClCompile Include="sim\resid\sim_session_begin_multi.cpp">
      <Filter>sim\resid</Filter>
    </ClCompile>
    <ClCompile Include="sim\resid\sim_session_clear_presence_flag.cpp">
      <Filter>sim\resid</Filter>
    </ClCompile>
    <ClCompile Include="sim\resid\sim_session_state_reset.cpp">
      <Filter>sim\resid</Filter>
    </ClCompile>
    <ClCompile Include="sim\resid\sim_spawn_ai_base.cpp">
      <Filter>sim\resid</Filter>
    </ClCompile>
    <ClCompile Include="sim\resid\sim_squad_status_gather.cpp">
      <Filter>sim\resid</Filter>
    </ClCompile>
    <ClCompile Include="sim\resid\sim_start_tutorial.cpp">
      <Filter>sim\resid</Filter>
    </ClCompile>
    <ClCompile Include="sim\resid\sim_table_resets.cpp">
      <Filter>sim\resid</Filter>
    </ClCompile>
    <ClCompile Include="sim\resid\sim_time_resync.cpp">
      <Filter>sim\resid</Filter>
    </ClCompile>
    <ClCompile Include="sim\resid\sim_tutorial_step_driver.cpp">
      <Filter>sim\resid</Filter>
    </ClCompile>
    <ClCompile Include="sim\resid\sim_unit_path_release.cpp">
      <Filter>sim\resid</Filter>
    </ClCompile>
    <ClCompile Include="sim\resid\sim_unit_path_store.cpp">
      <Filter>sim\resid</Filter>
    </ClCompile>
    <ClCompile Include="sim\rng_trace.cpp">
      <Filter>sim</Filter>
    </ClCompile>
    <ClCompile Include="sim\sim_ai_bldg_queue_construction.cpp">
      <Filter>sim</Filter>
    </ClCompile>
    <ClCompile Include="sim\sim_bldg_add_workers.cpp">
      <Filter>sim</Filter>
    </ClCompile>
    <ClCompile Include="sim\sim_bldg_alive.cpp">
      <Filter>sim</Filter>
    </ClCompile>
    <ClCompile Include="sim\sim_bldg_anim_state_online.cpp">
      <Filter>sim</Filter>
    </ClCompile>
    <ClCompile Include="sim\sim_bldg_anim_state_port.cpp">
      <Filter>sim</Filter>
    </ClCompile>
    <ClCompile Include="sim\sim_bldg_anim_tick.cpp">
      <Filter>sim</Filter>
    </ClCompile>
    <ClCompile Include="sim\sim_bldg_anim_trigger.cpp">
      <Filter>sim</Filter>
    </ClCompile>
    <ClCompile Include="sim\sim_bldg_apply_damage.cpp">
      <Filter>sim</Filter>
    </ClCompile>
    <ClCompile Include="sim\sim_bldg_clear_flag_bit0_notify.cpp">
      <Filter>sim</Filter>
    </ClCompile>
    <ClCompile Include="sim\sim_bldg_completion_dispatch.cpp">
      <Filter>sim</Filter>
    </ClCompile>
    <ClCompile Include="sim\sim_bldg_construct_finalize.cpp">
      <Filter>sim</Filter>
    </ClCompile>
    <ClCompile Include="sim\sim_bldg_construction_complete.cpp">
      <Filter>sim</Filter>
    </ClCompile>
    <ClCompile Include="sim\sim_bldg_defense_cost.cpp">
      <Filter>sim</Filter>
    </ClCompile>
    <ClCompile Include="sim\sim_bldg_done_handlers.cpp">
      <Filter>sim</Filter>
    </ClCompile>
    <ClCompile Include="sim\sim_bldg_economy.cpp">
      <Filter>sim</Filter>
    </ClCompile>
    <ClCompile Include="sim\sim_bldg_find_idle_producer.cpp">
      <Filter>sim</Filter>
    </ClCompile>
    <ClCompile Include="sim\sim_bldg_find_mothership_position.cpp">
      <Filter>sim</Filter>
    </ClCompile>
    <ClCompile Include="sim\sim_bldg_finish_order.cpp">
      <Filter>sim</Filter>
    </ClCompile>
    <ClCompile Include="sim\sim_bldg_flush_cargo_hold.cpp">
      <Filter>sim</Filter>
    </ClCompile>
    <ClCompile Include="sim\sim_bldg_footprint_clear_passable.cpp">
      <Filter>sim</Filter>
    </ClCompile>
    <ClCompile Include="sim\sim_bldg_footprint_is_clear.cpp">
      <Filter>sim</Filter>
    </ClCompile>
    <ClCompile Include="sim\sim_bldg_footprint_random_offset.cpp">
      <Filter>sim</Filter>
    </ClCompile>
    <ClCompile Include="sim\sim_bldg_footprint_set_passable.cpp">
      <Filter>sim</Filter>
    </ClCompile>
    <ClCompile Include="sim\sim_bldg_free_record.cpp">
      <Filter>sim</Filter>
    </ClCompile>
    <ClCompile Include="sim\sim_bldg_get_coords.cpp">
      <Filter>sim</Filter>
    </ClCompile>
    <ClCompile Include="sim\sim_bldg_grant_type_resources.cpp">
      <Filter>sim</Filter>
    </ClCompile>
    <ClCompile Include="sim\sim_bldg_has_aa_weapon.cpp">
      <Filter>sim</Filter>
    </ClCompile>
    <ClCompile Include="sim\sim_bldg_init_all.cpp">
      <Filter>sim</Filter>
    </ClCompile>
    <ClCompile Include="sim\sim_bldg_instant_construct.cpp">
      <Filter>sim</Filter>
    </ClCompile>
    <ClCompile Include="sim\sim_bldg_instant_construct_find_slot.cpp">
      <Filter>sim</Filter>
    </ClCompile>
    <ClCompile Include="sim\sim_bldg_liftoff_anim.cpp">
      <Filter>sim</Filter>
    </ClCompile>
    <ClCompile Include="sim\sim_bldg_link_to_network.cpp">
      <Filter>sim</Filter>
    </ClCompile>
    <ClCompile Include="sim\sim_bldg_load_resource_tail_noop.cpp">
      <Filter>sim</Filter>
    </ClCompile>
    <ClCompile Include="sim\sim_bldg_mother_reelect_primary.cpp">
      <Filter>sim</Filter>
    </ClCompile>
    <ClCompile Include="sim\sim_bldg_mothership_alive.cpp">
      <Filter>sim</Filter>
    </ClCompile>
    <ClCompile Include="sim\sim_bldg_notify_state_change.cpp">
      <Filter>sim</Filter>
    </ClCompile>
    <ClCompile Include="sim\sim_bldg_notify_ui.cpp">
      <Filter>sim</Filter>
    </ClCompile>
    <ClCompile Include="sim\sim_bldg_online_secondary.cpp">
      <Filter>sim</Filter>
    </ClCompile>
    <ClCompile Include="sim\sim_bldg_pay_costs.cpp">
      <Filter>sim</Filter>
    </ClCompile>
    <ClCompile Include="sim\sim_bldg_placement_corner.cpp">
      <Filter>sim</Filter>
    </ClCompile>
    <ClCompile Include="sim\sim_bldg_placement_enclosure.cpp">
      <Filter>sim</Filter>
    </ClCompile>
    <ClCompile Include="sim\sim_bldg_placement_preview.cpp">
      <Filter>sim</Filter>
    </ClCompile>
    <ClCompile Include="sim\sim_bldg_population_layoff_workers.cpp">
      <Filter>sim</Filter>
    </ClCompile>
    <ClCompile Include="sim\sim_bldg_power_network_recompute.cpp">
      <Filter>sim</Filter>
    </ClCompile>
    <ClCompile Include="sim\sim_bldg_power_recompute.cpp">
      <Filter>sim</Filter>
    </ClCompile>
    <ClCompile Include="sim\sim_bldg_propagate_network_connectivity.cpp">
      <Filter>sim</Filter>
    </ClCompile>
    <ClCompile Include="sim\sim_bldg_refresh_all_buildings.cpp">
      <Filter>sim</Filter>
    </ClCompile>
    <ClCompile Include="sim\sim_bldg_refund_resources_scaled_by_energy.cpp">
      <Filter>sim</Filter>
    </ClCompile>
    <ClCompile Include="sim\sim_bldg_register_online.cpp">
      <Filter>sim</Filter>
    </ClCompile>
    <ClCompile Include="sim\sim_bldg_remove_workers.cpp">
      <Filter>sim</Filter>
    </ClCompile>
    <ClCompile Include="sim\sim_bldg_reset_construction_anim.cpp">
      <Filter>sim</Filter>
    </ClCompile>
    <ClCompile Include="sim\sim_bldg_roster_queries.cpp">
      <Filter>sim</Filter>
    </ClCompile>
    <ClCompile Include="sim\sim_bldg_scrap_stored_units.cpp">
      <Filter>sim</Filter>
    </ClCompile>
    <ClCompile Include="sim\sim_bldg_set_connected_flag.cpp">
      <Filter>sim</Filter>
    </ClCompile>
    <ClCompile Include="sim\sim_bldg_shuttle_slot_is_free.cpp">
      <Filter>sim</Filter>
    </ClCompile>
    <ClCompile Include="sim\sim_bldg_side_has_aircraft_producer.cpp">
      <Filter>sim</Filter>
    </ClCompile>
    <ClCompile Include="sim\sim_bldg_sprite_anchor.cpp">
      <Filter>sim</Filter>
    </ClCompile>
    <ClCompile Include="sim\sim_bldg_staffed_flag.cpp">
      <Filter>sim</Filter>
    </ClCompile>
    <ClCompile Include="sim\sim_bldg_state_charge.cpp">
      <Filter>sim</Filter>
    </ClCompile>
    <ClCompile Include="sim\sim_bldg_state_deploy.cpp">
      <Filter>sim</Filter>
    </ClCompile>
    <ClCompile Include="sim\sim_bldg_state_destroyed.cpp">
      <Filter>sim</Filter>
    </ClCompile>
    <ClCompile Include="sim\sim_bldg_state_dismantle.cpp">
      <Filter>sim</Filter>
    </ClCompile>
    <ClCompile Include="sim\sim_bldg_state_hangar.cpp">
      <Filter>sim</Filter>
    </ClCompile>
    <ClCompile Include="sim\sim_bldg_state_mine.cpp">
      <Filter>sim</Filter>
    </ClCompile>
    <ClCompile Include="sim\sim_bldg_state_mine_scan.cpp">
      <Filter>sim</Filter>
    </ClCompile>
    <ClCompile Include="sim\sim_bldg_state_power.cpp">
      <Filter>sim</Filter>
    </ClCompile>
    <ClCompile Include="sim\sim_bldg_state_prod.cpp">
      <Filter>sim</Filter>
    </ClCompile>
    <ClCompile Include="sim\sim_bldg_state_reset_idle.cpp">
      <Filter>sim</Filter>
    </ClCompile>
    <ClCompile Include="sim\sim_bldg_state_rubble_decay.cpp">
      <Filter>sim</Filter>
    </ClCompile>
    <ClCompile Include="sim\sim_bldg_state_to_unit.cpp">
      <Filter>sim</Filter>
    </ClCompile>
    <ClCompile Include="sim\sim_bldg_state_turret.cpp">
      <Filter>sim</Filter>
    </ClCompile>
    <ClCompile Include="sim\sim_bldg_state_upgrade_research.cpp">
      <Filter>sim</Filter>
    </ClCompile>
    <ClCompile Include="sim\sim_bldg_tick_animation_state.cpp">
      <Filter>sim</Filter>
    </ClCompile>
    <ClCompile Include="sim\sim_bldg_tick_pip_anim.cpp">
      <Filter>sim</Filter>
    </ClCompile>
    <ClCompile Include="sim\sim_bldg_transfer_notify_noop.cpp">
      <Filter>sim</Filter>
    </ClCompile>
    <ClCompile Include="sim\sim_bldg_turret_combat.cpp">
      <Filter>sim</Filter>
    </ClCompile>
    <ClCompile Include="sim\sim_bldg_turret_reload_tick.cpp">
      <Filter>sim</Filter>
    </ClCompile>
    <ClCompile Include="sim\sim_bldg_unmap_footprint.cpp">
      <Filter>sim</Filter>
    </ClCompile>
    <ClCompile Include="sim\sim_bldg_update_charge_pips.cpp">
      <Filter>sim</Filter>
    </ClCompile>
    <ClCompile Include="sim\sim_bldg_uses_workers.cpp">
      <Filter>sim</Filter>
    </ClCompile>
    <ClCompile Include="sim\sim_bldg_worker_assign.cpp">
      <Filter>sim</Filter>
    </ClCompile>
    <ClCompile Include="sim\sim_building_tick.cpp">
      <Filter>sim</Filter>
    </ClCompile>
    <ClCompile Include="sim\sim_cfg_anim_frame_at_progress.cpp">
      <Filter>sim</Filter>
    </ClCompile>
    <ClCompile Include="sim\sim_cfg_apply_project_resources.cpp">
      <Filter>sim</Filter>
    </ClCompile>
    <ClCompile Include="sim\sim_check_storage_overflow.cpp">
      <Filter>sim</Filter>
    </ClCompile>
    <ClCompile Include="sim\sim_combat_credit_planet_conquest_kills.cpp">
      <Filter>sim</Filter>
    </ClCompile>
    <ClCompile Include="sim\sim_combat_kill_credit.cpp">
      <Filter>sim</Filter>
    </ClCompile>
    <ClCompile Include="sim\sim_debug_roll_random.cpp">
      <Filter>sim</Filter>
    </ClCompile>
    <ClCompile Include="sim\sim_diplomacy_ai_relation_swap.cpp">
      <Filter>sim</Filter>
    </ClCompile>
    <ClCompile Include="sim\sim_diplomacy_set_relation.cpp">
      <Filter>sim</Filter>
    </ClCompile>
    <ClCompile Include="sim\sim_dir_headings.cpp">
      <Filter>sim</Filter>
    </ClCompile>
    <ClCompile Include="sim\sim_dist_out_of_range.cpp">
      <Filter>sim</Filter>
    </ClCompile>
    <ClCompile Include="sim\sim_dmp_enqueue_scripted_order.cpp">
      <Filter>sim</Filter>
    </ClCompile>
    <ClCompile Include="sim\sim_dock_slot_is_busy.cpp">
      <Filter>sim</Filter>
    </ClCompile>
    <ClCompile Include="sim\sim_facing24_from_points.cpp">
      <Filter>sim</Filter>
    </ClCompile>
    <ClCompile Include="sim\sim_fog_of_war.cpp">
      <Filter>sim</Filter>
    </ClCompile>
    <ClCompile Include="sim\sim_fx_anim_chain_find_tail.cpp">
      <Filter>sim</Filter>
    </ClCompile>
    <ClCompile Include="sim\sim_fx_anim_seq_cancel.cpp">
      <Filter>sim</Filter>
    </ClCompile>
    <ClCompile Include="sim\sim_fx_anim_tick.cpp">
      <Filter>sim</Filter>
    </ClCompile>
    <ClCompile Include="sim\sim_fx_debris_burst.cpp">
      <Filter>sim</Filter>
    </ClCompile>
    <ClCompile Include="sim\sim_game_add_planet_to_available.cpp">
      <Filter>sim</Filter>
    </ClCompile>
    <ClCompile Include="sim\sim_game_add_project_to_available.cpp">
      <Filter>sim</Filter>
    </ClCompile>
    <ClCompile Include="sim\sim_game_add_to_available_buildings.cpp">
      <Filter>sim</Filter>
    </ClCompile>
    <ClCompile Include="sim\sim_game_get_starting_unit.cpp">
      <Filter>sim</Filter>
    </ClCompile>
    <ClCompile Include="sim\sim_game_handle_progress.cpp">
      <Filter>sim</Filter>
    </ClCompile>
    <ClCompile Include="sim\sim_game_handle_upgrade.cpp">
      <Filter>sim</Filter>
    </ClCompile>
    <ClCompile Include="sim\sim_game_insert_item_in_player_array.cpp">
      <Filter>sim</Filter>
    </ClCompile>
    <ClCompile Include="sim\sim_game_notify_system_available.cpp">
      <Filter>sim</Filter>
    </ClCompile>
    <ClCompile Include="sim\sim_game_player_set_side.cpp">
      <Filter>sim</Filter>
    </ClCompile>
    <ClCompile Include="sim\sim_game_set_event.cpp">
      <Filter>sim</Filter>
    </ClCompile>
    <ClCompile Include="sim\sim_game_sp_outcome_announce.cpp">
      <Filter>sim</Filter>
    </ClCompile>
    <ClCompile Include="sim\sim_game_speed_adjust.cpp">
      <Filter>sim</Filter>
    </ClCompile>
    <ClCompile Include="sim\sim_game_speed_recompute.cpp">
      <Filter>sim</Filter>
    </ClCompile>
    <ClCompile Include="sim\sim_game_try_start_project.cpp">
      <Filter>sim</Filter>
    </ClCompile>
    <ClCompile Include="sim\sim_game_update_progress.cpp">
      <Filter>sim</Filter>
    </ClCompile>
    <ClCompile Include="sim\sim_game_update_resource_stats.cpp">
      <Filter>sim</Filter>
    </ClCompile>
    <ClCompile Include="sim\sim_geom_toroidal.cpp">
      <Filter>sim</Filter>
    </ClCompile>
    <ClCompile Include="sim\sim_group_move_order_commit.cpp">
      <Filter>sim</Filter>
    </ClCompile>
    <ClCompile Include="sim\sim_group_move_order_pathfind.cpp">
      <Filter>sim</Filter>
    </ClCompile>
    <ClCompile Include="sim\sim_group_move_register_member.cpp">
      <Filter>sim</Filter>
    </ClCompile>
    <ClCompile Include="sim\sim_group_path_step_append.cpp">
      <Filter>sim</Filter>
    </ClCompile>
    <ClCompile Include="sim\sim_group_plan_formation_positions.cpp">
      <Filter>sim</Filter>
    </ClCompile>
    <ClCompile Include="sim\sim_group_scratch_add_unit.cpp">
      <Filter>sim</Filter>
    </ClCompile>
    <ClCompile Include="sim\sim_group_scratch_centroid.cpp">
      <Filter>sim</Filter>
    </ClCompile>
    <ClCompile Include="sim\sim_hangar_energy.cpp">
      <Filter>sim</Filter>
    </ClCompile>
    <ClCompile Include="sim\sim_hostreach_promote.cpp">
      <Filter>sim</Filter>
    </ClCompile>
    <ClCompile Include="sim\sim_invasion.cpp">
      <Filter>sim</Filter>
    </ClCompile>
    <ClCompile Include="sim\sim_invasion_alert_arm.cpp">
      <Filter>sim</Filter>
    </ClCompile>
    <ClCompile Include="sim\sim_landing_queries.cpp">
      <Filter>sim</Filter>
    </ClCompile>
    <ClCompile Include="sim\sim_landing_spot.cpp">
      <Filter>sim</Filter>
    </ClCompile>
    <ClCompile Include="sim\sim_load_base_layout_dmp.cpp">
      <Filter>sim</Filter>
    </ClCompile>
    <ClCompile Include="sim\sim_locate_active_port.cpp">
      <Filter>sim</Filter>
    </ClCompile>
    <ClCompile Include="sim\sim_map_apply_area.cpp">
      <Filter>sim</Filter>
    </ClCompile>
    <ClCompile Include="sim\sim_map_create_building.cpp">
      <Filter>sim</Filter>
    </ClCompile>
    <ClCompile Include="sim\sim_map_fog_of_war_recompute.cpp">
      <Filter>sim</Filter>
    </ClCompile>
    <ClCompile Include="sim\sim_map_fow_reveal_full.cpp">
      <Filter>sim</Filter>
    </ClCompile>
    <ClCompile Include="sim\sim_map_region_helpers.cpp">
      <Filter>sim</Filter>
    </ClCompile>
    <ClCompile Include="sim\sim_map_region_recompute_adjacency.cpp">
      <Filter>sim</Filter>
    </ClCompile>
    <ClCompile Include="sim\sim_map_region_route_marking.cpp">
      <Filter>sim</Filter>
    </ClCompile>
    <ClCompile Include="sim\sim_map_region_routing.cpp">
      <Filter>sim</Filter>
    </ClCompile>
    <ClCompile Include="sim\sim_map_region_split.cpp">
      <Filter>sim</Filter>
    </ClCompile>
    <ClCompile Include="sim\sim_map_region_tile_find.cpp">
      <Filter>sim</Filter>
    </ClCompile>
    <ClCompile Include="sim\sim_map_unit_add.cpp">
      <Filter>sim</Filter>
    </ClCompile>
    <ClCompile Include="sim\sim_map_wrap_delta_row.cpp">
      <Filter>sim</Filter>
    </ClCompile>
    <ClCompile Include="sim\sim_map_wrap_delta_xy.cpp">
      <Filter>sim</Filter>
    </ClCompile>
    <ClCompile Include="sim\sim_map_zoom_scale_x_get.cpp">
      <Filter>sim</Filter>
    </ClCompile>
    <ClCompile Include="sim\sim_mine_scan_deposit_slot.cpp">
      <Filter>sim</Filter>
    </ClCompile>
    <ClCompile Include="sim\sim_order_dispatch.cpp">
      <Filter>sim</Filter>
    </ClCompile>
    <ClCompile Include="sim\sim_order_dispatch_admin.cpp">
      <Filter>sim</Filter>
    </ClCompile>
    <ClCompile Include="sim\sim_order_dispatch_bldg.cpp">
      <Filter>sim</Filter>
    </ClCompile>
    <ClCompile Include="sim\sim_order_enqueue.cpp">
      <Filter>sim</Filter>
    </ClCompile>
    <ClCompile Include="sim\sim_order_issue_0xf_adjacent.cpp">
      <Filter>sim</Filter>
    </ClCompile>
    <ClCompile Include="sim\sim_path_alloc_slot.cpp">
      <Filter>sim</Filter>
    </ClCompile>
    <ClCompile Include="sim\sim_path_attach_slot.cpp">
      <Filter>sim</Filter>
    </ClCompile>
    <ClCompile Include="sim\sim_path_group_steps.cpp">
      <Filter>sim</Filter>
    </ClCompile>
    <ClCompile Include="sim\sim_path_make_single_step.cpp">
      <Filter>sim</Filter>
    </ClCompile>
    <ClCompile Include="sim\sim_path_slot_dist.cpp">
      <Filter>sim</Filter>
    </ClCompile>
    <ClCompile Include="sim\sim_path_solver.cpp">
      <Filter>sim</Filter>
    </ClCompile>
    <ClCompile Include="sim\sim_path_step_check_and_request_detour.cpp">
      <Filter>sim</Filter>
    </ClCompile>
    <ClCompile Include="sim\sim_pathfind_dir_code_and_adjacency.cpp">
      <Filter>sim</Filter>
    </ClCompile>
    <ClCompile Include="sim\sim_pathfind_geom_misc.cpp">
      <Filter>sim</Filter>
    </ClCompile>
    <ClCompile Include="sim\sim_pathfind_grid_geometry.cpp">
      <Filter>sim</Filter>
    </ClCompile>
    <ClCompile Include="sim\sim_pathfind_route.cpp">
      <Filter>sim</Filter>
    </ClCompile>
    <ClCompile Include="sim\sim_pathfind_route_leg_group_and_sort.cpp">
      <Filter>sim</Filter>
    </ClCompile>
    <ClCompile Include="sim\sim_pathfind_route_leg_reconcile.cpp">
      <Filter>sim</Filter>
    </ClCompile>
    <ClCompile Include="sim\sim_pathtrace_dir_table.cpp">
      <Filter>sim</Filter>
    </ClCompile>
    <ClCompile Include="sim\sim_pathtrace_greedy.cpp">
      <Filter>sim</Filter>
    </ClCompile>
    <ClCompile Include="sim\sim_planet_distance.cpp">
      <Filter>sim</Filter>
    </ClCompile>
    <ClCompile Include="sim\sim_player_presence_lost.cpp">
      <Filter>sim</Filter>
    </ClCompile>
    <ClCompile Include="sim\sim_player_teardown_hook_stub.cpp">
      <Filter>sim</Filter>
    </ClCompile>
    <ClCompile Include="sim\sim_population_add.cpp">
      <Filter>sim</Filter>
    </ClCompile>
    <ClCompile Include="sim\sim_population_change.cpp">
      <Filter>sim</Filter>
    </ClCompile>
    <ClCompile Include="sim\sim_prod_bind_planet.cpp">
      <Filter>sim</Filter>
    </ClCompile>
    <ClCompile Include="sim\sim_prod_bldg_depart_finalize.cpp">
      <Filter>sim</Filter>
    </ClCompile>
    <ClCompile Include="sim\sim_prod_cargo.cpp">
      <Filter>sim</Filter>
    </ClCompile>
    <ClCompile Include="sim\sim_prod_deliver_arrivals.cpp">
      <Filter>sim</Filter>
    </ClCompile>
    <ClCompile Include="sim\sim_prod_planet_distance_factor.cpp">
      <Filter>sim</Filter>
    </ClCompile>
    <ClCompile Include="sim\sim_prod_shuttle_bay_unload_all.cpp">
      <Filter>sim</Filter>
    </ClCompile>
    <ClCompile Include="sim\sim_prod_shuttle_complete.cpp">
      <Filter>sim</Filter>
    </ClCompile>
    <ClCompile Include="sim\sim_prod_shuttle_depart.cpp">
      <Filter>sim</Filter>
    </ClCompile>
    <ClCompile Include="sim\sim_prod_shuttle_fuel_apply.cpp">
      <Filter>sim</Filter>
    </ClCompile>
    <ClCompile Include="sim\sim_prod_shuttle_fuel_check.cpp">
      <Filter>sim</Filter>
    </ClCompile>
    <ClCompile Include="sim\sim_prod_shuttle_load_passengers.cpp">
      <Filter>sim</Filter>
    </ClCompile>
    <ClCompile Include="sim\sim_prod_shuttle_load_resource.cpp">
      <Filter>sim</Filter>
    </ClCompile>
    <ClCompile Include="sim\sim_prod_shuttle_slot_bind_default.cpp">
      <Filter>sim</Filter>
    </ClCompile>
    <ClCompile Include="sim\sim_prod_shuttle_slot_release.cpp">
      <Filter>sim</Filter>
    </ClCompile>
    <ClCompile Include="sim\sim_prod_shuttle_unload_passengers.cpp">
      <Filter>sim</Filter>
    </ClCompile>
    <ClCompile Include="sim\sim_prod_shuttle_unload_resource.cpp">
      <Filter>sim</Filter>
    </ClCompile>
    <ClCompile Include="sim\sim_prod_spawn_arrived_unit.cpp">
      <Filter>sim</Filter>
    </ClCompile>
    <ClCompile Include="sim\sim_prod_unbind_planet.cpp">
      <Filter>sim</Filter>
    </ClCompile>
    <ClCompile Include="sim\sim_prod_unload_cargo_unit.cpp">
      <Filter>sim</Filter>
    </ClCompile>
    <ClCompile Include="sim\sim_projectile_tick.cpp">
      <Filter>sim</Filter>
    </ClCompile>
    <ClCompile Include="sim\sim_reason_to_housing_bldg.cpp">
      <Filter>sim</Filter>
    </ClCompile>
    <ClCompile Include="sim\sim_refresh_building.cpp">
      <Filter>sim</Filter>
    </ClCompile>
    <ClCompile Include="sim\sim_region_adjacency_edge.cpp">
      <Filter>sim</Filter>
    </ClCompile>
    <ClCompile Include="sim\sim_register_bldg_type_callbacks.cpp">
      <Filter>sim</Filter>
    </ClCompile>
    <ClCompile Include="sim\sim_register_state_handlers.cpp">
      <Filter>sim</Filter>
    </ClCompile>
    <ClCompile Include="sim\sim_resource_add_spend.cpp">
      <Filter>sim</Filter>
    </ClCompile>
    <ClCompile Include="sim\sim_resource_decay.cpp">
      <Filter>sim</Filter>
    </ClCompile>
    <ClCompile Include="sim\sim_resource_spend.cpp">
      <Filter>sim</Filter>
    </ClCompile>
    <ClCompile Include="sim\sim_revoke_invention.cpp">
      <Filter>sim</Filter>
    </ClCompile>
    <ClCompile Include="sim\sim_rng_next.cpp">
      <Filter>sim</Filter>
    </ClCompile>
    <ClCompile Include="sim\sim_spawn_invasion_force.cpp">
      <Filter>sim</Filter>
    </ClCompile>
    <ClCompile Include="sim\sim_squad_pick_free_formation_anchor.cpp">
      <Filter>sim</Filter>
    </ClCompile>
    <ClCompile Include="sim\sim_state.cpp">
      <Filter>sim</Filter>
    </ClCompile>
    <ClCompile Include="sim\sim_step.cpp">
      <Filter>sim</Filter>
    </ClCompile>
    <ClCompile Include="sim\sim_storage_accepts_unit_type.cpp">
      <Filter>sim</Filter>
    </ClCompile>
    <ClCompile Include="sim\sim_storage_can.cpp">
      <Filter>sim</Filter>
    </ClCompile>
    <ClCompile Include="sim\sim_storage_cancel_pending_docked.cpp">
      <Filter>sim</Filter>
    </ClCompile>
    <ClCompile Include="sim\sim_storage_dock.cpp">
      <Filter>sim</Filter>
    </ClCompile>
    <ClCompile Include="sim\sim_storage_dock_unit_at_building.cpp">
      <Filter>sim</Filter>
    </ClCompile>
    <ClCompile Include="sim\sim_storage_exit_placement.cpp">
      <Filter>sim</Filter>
    </ClCompile>
    <ClCompile Include="sim\sim_storage_exit_query.cpp">
      <Filter>sim</Filter>
    </ClCompile>
    <ClCompile Include="sim\sim_storage_find_home_for_unit.cpp">
      <Filter>sim</Filter>
    </ClCompile>
    <ClCompile Include="sim\sim_storage_get_approach_tile.cpp">
      <Filter>sim</Filter>
    </ClCompile>
    <ClCompile Include="sim\sim_storage_launch_parked_to_orbit.cpp">
      <Filter>sim</Filter>
    </ClCompile>
    <ClCompile Include="sim\sim_storage_path.cpp">
      <Filter>sim</Filter>
    </ClCompile>
    <ClCompile Include="sim\sim_storage_purge_dead_docked.cpp">
      <Filter>sim</Filter>
    </ClCompile>
    <ClCompile Include="sim\sim_storage_release_door_held_by_unit.cpp">
      <Filter>sim</Filter>
    </ClCompile>
    <ClCompile Include="sim\sim_storage_remove_docked_unit.cpp">
      <Filter>sim</Filter>
    </ClCompile>
    <ClCompile Include="sim\sim_storage_scrap.cpp">
      <Filter>sim</Filter>
    </ClCompile>
    <ClCompile Include="sim\sim_storage_type_accepts_unit.cpp">
      <Filter>sim</Filter>
    </ClCompile>
    <ClCompile Include="sim\sim_target_class.cpp">
      <Filter>sim</Filter>
    </ClCompile>
    <ClCompile Include="sim\sim_target_release_ref.cpp">
      <Filter>sim</Filter>
    </ClCompile>
    <ClCompile Include="sim\sim_tile_delta_wrapped.cpp">
      <Filter>sim</Filter>
    </ClCompile>
    <ClCompile Include="sim\sim_tile_neighbor_reverse_dir.cpp">
      <Filter>sim</Filter>
    </ClCompile>
    <ClCompile Include="sim\sim_tile_pixel_wrap_delta.cpp">
      <Filter>sim</Filter>
    </ClCompile>
    <ClCompile Include="sim\sim_unit_add_docked.cpp">
      <Filter>sim</Filter>
    </ClCompile>
    <ClCompile Include="sim\sim_unit_apply_damage.cpp">
      <Filter>sim</Filter>
    </ClCompile>
    <ClCompile Include="sim\sim_unit_apply_production_completion.cpp">
      <Filter>sim</Filter>
    </ClCompile>
    <ClCompile Include="sim\sim_unit_bldg_apply_lethal_damage.cpp">
      <Filter>sim</Filter>
    </ClCompile>
    <ClCompile Include="sim\sim_unit_bldg_apply_scaled_damage.cpp">
      <Filter>sim</Filter>
    </ClCompile>
    <ClCompile Include="sim\sim_unit_bldg_energy_refill_full.cpp">
      <Filter>sim</Filter>
    </ClCompile>
    <ClCompile Include="sim\sim_unit_calc_range_approach_point.cpp">
      <Filter>sim</Filter>
    </ClCompile>
    <ClCompile Include="sim\sim_unit_change_proto_and_energy.cpp">
      <Filter>sim</Filter>
    </ClCompile>
    <ClCompile Include="sim\sim_unit_chase_check.cpp">
      <Filter>sim</Filter>
    </ClCompile>
    <ClCompile Include="sim\sim_unit_create.cpp">
      <Filter>sim</Filter>
    </ClCompile>
    <ClCompile Include="sim\sim_unit_create_soldier.cpp">
      <Filter>sim</Filter>
    </ClCompile>
    <ClCompile Include="sim\sim_unit_ctrl_group.cpp">
      <Filter>sim</Filter>
    </ClCompile>
    <ClCompile Include="sim\sim_unit_ctrlgroup_leave.cpp">
      <Filter>sim</Filter>
    </ClCompile>
    <ClCompile Include="sim\sim_unit_ctrlgroup_member.cpp">
      <Filter>sim</Filter>
    </ClCompile>
    <ClCompile Include="sim\sim_unit_facing24_delta.cpp">
      <Filter>sim</Filter>
    </ClCompile>
    <ClCompile Include="sim\sim_unit_fine_pos.cpp">
      <Filter>sim</Filter>
    </ClCompile>
    <ClCompile Include="sim\sim_unit_fire_at_target.cpp">
      <Filter>sim</Filter>
    </ClCompile>
    <ClCompile Include="sim\sim_unit_fire_at_target2_if_aimed.cpp">
      <Filter>sim</Filter>
    </ClCompile>
    <ClCompile Include="sim\sim_unit_fire_weapon.cpp">
      <Filter>sim</Filter>
    </ClCompile>
    <ClCompile Include="sim\sim_unit_force_disembark.cpp">
      <Filter>sim</Filter>
    </ClCompile>
    <ClCompile Include="sim\sim_unit_free_slot.cpp">
      <Filter>sim</Filter>
    </ClCompile>
    <ClCompile Include="sim\sim_unit_get_ready_home_building.cpp">
      <Filter>sim</Filter>
    </ClCompile>
    <ClCompile Include="sim\sim_unit_get_sight.cpp">
      <Filter>sim</Filter>
    </ClCompile>
    <ClCompile Include="sim\sim_unit_goal_in_weapon_range.cpp">
      <Filter>sim</Filter>
    </ClCompile>
    <ClCompile Include="sim\sim_unit_group_step_ground.cpp">
      <Filter>sim</Filter>
    </ClCompile>
    <ClCompile Include="sim\sim_unit_group_step_plane.cpp">
      <Filter>sim</Filter>
    </ClCompile>
    <ClCompile Include="sim\sim_unit_housing_count.cpp">
      <Filter>sim</Filter>
    </ClCompile>
    <ClCompile Include="sim\sim_unit_hover_tile_crowded.cpp">
      <Filter>sim</Filter>
    </ClCompile>
    <ClCompile Include="sim\sim_unit_idle_state.cpp">
      <Filter>sim</Filter>
    </ClCompile>
    <ClCompile Include="sim\sim_unit_in_weapon_range.cpp">
      <Filter>sim</Filter>
    </ClCompile>
    <ClCompile Include="sim\sim_unit_init_record.cpp">
      <Filter>sim</Filter>
    </ClCompile>
    <ClCompile Include="sim\sim_unit_is_boarding.cpp">
      <Filter>sim</Filter>
    </ClCompile>
    <ClCompile Include="sim\sim_unit_load_into_shuttle_cargo.cpp">
      <Filter>sim</Filter>
    </ClCompile>
    <ClCompile Include="sim\sim_unit_mount_pos.cpp">
      <Filter>sim</Filter>
    </ClCompile>
    <ClCompile Include="sim\sim_unit_notify.cpp">
      <Filter>sim</Filter>
    </ClCompile>
    <ClCompile Include="sim\sim_unit_on_destroyed.cpp">
      <Filter>sim</Filter>
    </ClCompile>
    <ClCompile Include="sim\sim_unit_order_disembark_soldiers.cpp">
      <Filter>sim</Filter>
    </ClCompile>
    <ClCompile Include="sim\sim_unit_passive_engage.cpp">
      <Filter>sim</Filter>
    </ClCompile>
    <ClCompile Include="sim\sim_unit_path_detour.cpp">
      <Filter>sim</Filter>
    </ClCompile>
    <ClCompile Include="sim\sim_unit_path_free_slot.cpp">
      <Filter>sim</Filter>
    </ClCompile>
    <ClCompile Include="sim\sim_unit_path_queue_count.cpp">
      <Filter>sim</Filter>
    </ClCompile>
    <ClCompile Include="sim\sim_unit_path_step_blocked.cpp">
      <Filter>sim</Filter>
    </ClCompile>
    <ClCompile Include="sim\sim_unit_population_remove.cpp">
      <Filter>sim</Filter>
    </ClCompile>
    <ClCompile Include="sim\sim_unit_predict_coords.cpp">
      <Filter>sim</Filter>
    </ClCompile>
    <ClCompile Include="sim\sim_unit_purge_unregistered.cpp">
      <Filter>sim</Filter>
    </ClCompile>
    <ClCompile Include="sim\sim_unit_put_on_map.cpp">
      <Filter>sim</Filter>
    </ClCompile>
    <ClCompile Include="sim\sim_unit_queue_advance.cpp">
      <Filter>sim</Filter>
    </ClCompile>
    <ClCompile Include="sim\sim_unit_recruit.cpp">
      <Filter>sim</Filter>
    </ClCompile>
    <ClCompile Include="sim\sim_unit_refund.cpp">
      <Filter>sim</Filter>
    </ClCompile>
    <ClCompile Include="sim\sim_unit_remove_from_map.cpp">
      <Filter>sim</Filter>
    </ClCompile>
    <ClCompile Include="sim\sim_unit_select_weapon.cpp">
      <Filter>sim</Filter>
    </ClCompile>
    <ClCompile Include="sim\sim_unit_set_state.cpp">
      <Filter>sim</Filter>
    </ClCompile>
    <ClCompile Include="sim\sim_unit_set_state_of.cpp">
      <Filter>sim</Filter>
    </ClCompile>
    <ClCompile Include="sim\sim_unit_set_state_order.cpp">
      <Filter>sim</Filter>
    </ClCompile>
    <ClCompile Include="sim\sim_unit_set_state_order_of.cpp">
      <Filter>sim</Filter>
    </ClCompile>
    <ClCompile Include="sim\sim_unit_soldier_anim.cpp">
      <Filter>sim</Filter>
    </ClCompile>
    <ClCompile Include="sim\sim_unit_soldier_chain.cpp">
      <Filter>sim</Filter>
    </ClCompile>
    <ClCompile Include="sim\sim_unit_soldier_screen_pos.cpp">
      <Filter>sim</Filter>
    </ClCompile>
    <ClCompile Include="sim\sim_unit_spawn_docked.cpp">
      <Filter>sim</Filter>
    </ClCompile>
    <ClCompile Include="sim\sim_unit_spawn_on_tile.cpp">
      <Filter>sim</Filter>
    </ClCompile>
    <ClCompile Include="sim\sim_unit_state_attack_building.cpp">
      <Filter>sim</Filter>
    </ClCompile>
    <ClCompile Include="sim\sim_unit_state_attack_unit.cpp">
      <Filter>sim</Filter>
    </ClCompile>
    <ClCompile Include="sim\sim_unit_state_budget_noop.cpp">
      <Filter>sim</Filter>
    </ClCompile>
    <ClCompile Include="sim\sim_unit_state_corpse_fow_decay.cpp">
      <Filter>sim</Filter>
    </ClCompile>
    <ClCompile Include="sim\sim_unit_state_deploy.cpp">
      <Filter>sim</Filter>
    </ClCompile>
    <ClCompile Include="sim\sim_unit_state_die_explode.cpp">
      <Filter>sim</Filter>
    </ClCompile>
    <ClCompile Include="sim\sim_unit_state_enter.cpp">
      <Filter>sim</Filter>
    </ClCompile>
    <ClCompile Include="sim\sim_unit_state_exit.cpp">
      <Filter>sim</Filter>
    </ClCompile>
    <ClCompile Include="sim\sim_unit_state_flight.cpp">
      <Filter>sim</Filter>
    </ClCompile>
    <ClCompile Include="sim\sim_unit_state_group_marshal.cpp">
      <Filter>sim</Filter>
    </ClCompile>
    <ClCompile Include="sim\sim_unit_state_group_step.cpp">
      <Filter>sim</Filter>
    </ClCompile>
    <ClCompile Include="sim\sim_unit_state_hover_engage.cpp">
      <Filter>sim</Filter>
    </ClCompile>
    <ClCompile Include="sim\sim_unit_state_idle_scatter.cpp">
      <Filter>sim</Filter>
    </ClCompile>
    <ClCompile Include="sim\sim_unit_state_misc2.cpp">
      <Filter>sim</Filter>
    </ClCompile>
    <ClCompile Include="sim\sim_unit_state_move_path.cpp">
      <Filter>sim</Filter>
    </ClCompile>
    <ClCompile Include="sim\sim_unit_state_move_walker.cpp">
      <Filter>sim</Filter>
    </ClCompile>
    <ClCompile Include="sim\sim_unit_state_patrol_swap.cpp">
      <Filter>sim</Filter>
    </ClCompile>
    <ClCompile Include="sim\sim_unit_state_plot_turn_path.cpp">
      <Filter>sim</Filter>
    </ClCompile>
    <ClCompile Include="sim\sim_unit_state_predicates.cpp">
      <Filter>sim</Filter>
    </ClCompile>
    <ClCompile Include="sim\sim_unit_state_remove_silent.cpp">
      <Filter>sim</Filter>
    </ClCompile>
    <ClCompile Include="sim\sim_unit_state_squad_merge.cpp">
      <Filter>sim</Filter>
    </ClCompile>
    <ClCompile Include="sim\sim_unit_state_stop_to_default.cpp">
      <Filter>sim</Filter>
    </ClCompile>
    <ClCompile Include="sim\sim_unit_state_takeoff.cpp">
      <Filter>sim</Filter>
    </ClCompile>
    <ClCompile Include="sim\sim_unit_state_taxi_dock.cpp">
      <Filter>sim</Filter>
    </ClCompile>
    <ClCompile Include="sim\sim_unit_status_bits.cpp">
      <Filter>sim</Filter>
    </ClCompile>
    <ClCompile Include="sim\sim_unit_storage_transit.cpp">
      <Filter>sim</Filter>
    </ClCompile>
    <ClCompile Include="sim\sim_unit_target_tracking.cpp">
      <Filter>sim</Filter>
    </ClCompile>
    <ClCompile Include="sim\sim_unit_teardown.cpp">
      <Filter>sim</Filter>
    </ClCompile>
    <ClCompile Include="sim\sim_unit_teardown_mapped.cpp">
      <Filter>sim</Filter>
    </ClCompile>
    <ClCompile Include="sim\sim_unit_tick.cpp">
      <Filter>sim</Filter>
    </ClCompile>
    <ClCompile Include="sim\sim_unit_transport_unload.cpp">
      <Filter>sim</Filter>
    </ClCompile>
    <ClCompile Include="sim\sim_unit_try_pay_action_cost.cpp">
      <Filter>sim</Filter>
    </ClCompile>
    <ClCompile Include="sim\sim_unit_type_group_index.cpp">
      <Filter>sim</Filter>
    </ClCompile>
    <ClCompile Include="sim\sim_unit_type_predicates.cpp">
      <Filter>sim</Filter>
    </ClCompile>
    <ClCompile Include="sim\sim_unit_unlink_tile.cpp">
      <Filter>sim</Filter>
    </ClCompile>
    <ClCompile Include="sim\sim_unit_update_anim.cpp">
      <Filter>sim</Filter>
    </ClCompile>
    <ClCompile Include="sim\sim_unit_update_damage_smoke.cpp">
      <Filter>sim</Filter>
    </ClCompile>
    <ClCompile Include="sim\sim_unit_update_rotation.cpp">
      <Filter>sim</Filter>
    </ClCompile>
    <ClCompile Include="sim\sim_unit_update_soldiers.cpp">
      <Filter>sim</Filter>
    </ClCompile>
    <ClCompile Include="sim\sim_unit_walk_step_allowed.cpp">
      <Filter>sim</Filter>
    </ClCompile>
    <ClCompile Include="sim\sim_unit_weapon_reload_tick.cpp">
      <Filter>sim</Filter>
    </ClCompile>
    <ClCompile Include="sim\sim_unit_weapons.cpp">
      <Filter>sim</Filter>
    </ClCompile>
    <ClCompile Include="sim\sim_weapon_damage_calc.cpp">
      <Filter>sim</Filter>
    </ClCompile>
    <ClCompile Include="sim\sim_weapon_projectile_spawn.cpp">
      <Filter>sim</Filter>
    </ClCompile>
    <ClCompile Include="sim\sim_xtl_promote.cpp">
      <Filter>sim</Filter>
    </ClCompile>
    <ClCompile Include="state\boot_snapshot.cpp">
      <Filter>state</Filter>
    </ClCompile>
    <ClCompile Include="state\hook_api.cpp">
      <Filter>state</Filter>
    </ClCompile>
    <ClCompile Include="state\host_api.cpp">
      <Filter>state</Filter>
    </ClCompile>
    <ClCompile Include="state\host_bind.cpp">
      <Filter>state</Filter>
    </ClCompile>
    <ClCompile Include="state\host_events.cpp">
      <Filter>state</Filter>
    </ClCompile>
    <ClCompile Include="state\host_in.cpp">
      <Filter>state</Filter>
    </ClCompile>
    <ClCompile Include="state\nav_trailer.cpp">
      <Filter>state</Filter>
    </ClCompile>
    <ClCompile Include="state\rebind_arming.cpp">
      <Filter>state</Filter>
    </ClCompile>
    <ClCompile Include="state\rebind_shims.cpp">
      <Filter>state</Filter>
    </ClCompile>
    <ClCompile Include="state\rebind_traps.gen.cpp">
      <Filter>state</Filter>
    </ClCompile>
    <ClCompile Include="state\rebind_verify.gen.cpp">
      <Filter>state</Filter>
    </ClCompile>
    <ClCompile Include="state\spine.cpp">
      <Filter>state</Filter>
    </ClCompile>
    <ClCompile Include="state\spine_exports.cpp">
      <Filter>state</Filter>
    </ClCompile>
    <ClCompile Include="state\world_snapshot.cpp">
      <Filter>state</Filter>
    </ClCompile>
    <ClCompile Include="tact\tact_active_unit_count_hud_draw.cpp">
      <Filter>tact</Filter>
    </ClCompile>
    <ClCompile Include="tact\tact_ambient_sound.cpp">
      <Filter>tact</Filter>
    </ClCompile>
    <ClCompile Include="tact\tact_calc_dir24.cpp">
      <Filter>tact</Filter>
    </ClCompile>
    <ClCompile Include="tact\tact_cam_follow_selection_tick.cpp">
      <Filter>tact</Filter>
    </ClCompile>
    <ClCompile Include="tact\tact_camera_center_on_tile.cpp">
      <Filter>tact</Filter>
    </ClCompile>
    <ClCompile Include="tact\tact_cfg_keyword.cpp">
      <Filter>tact</Filter>
    </ClCompile>
    <ClCompile Include="tact\tact_character_parse.cpp">
      <Filter>tact</Filter>
    </ClCompile>
    <ClCompile Include="tact\tact_dir24_approach.cpp">
      <Filter>tact</Filter>
    </ClCompile>
    <ClCompile Include="tact\tact_door.cpp">
      <Filter>tact</Filter>
    </ClCompile>
    <ClCompile Include="tact\tact_facing_to_delta.cpp">
      <Filter>tact</Filter>
    </ClCompile>
    <ClCompile Include="tact\tact_fov.cpp">
      <Filter>tact</Filter>
    </ClCompile>
    <ClCompile Include="tact\tact_frame.cpp">
      <Filter>tact</Filter>
    </ClCompile>
    <ClCompile Include="tact\tact_fx_spawn.cpp">
      <Filter>tact</Filter>
    </ClCompile>
    <ClCompile Include="tact\tact_fx_splash_damage.cpp">
      <Filter>tact</Filter>
    </ClCompile>
    <ClCompile Include="tact\tact_fx_update_projectile.cpp">
      <Filter>tact</Filter>
    </ClCompile>
    <ClCompile Include="tact\tact_group_issue_order.cpp">
      <Filter>tact</Filter>
    </ClCompile>
    <ClCompile Include="tact\tact_map_bounds.cpp">
      <Filter>tact</Filter>
    </ClCompile>
    <ClCompile Include="tact\tact_map_reset.cpp">
      <Filter>tact</Filter>
    </ClCompile>
    <ClCompile Include="tact\tact_mission_disposition.cpp">
      <Filter>tact</Filter>
    </ClCompile>
    <ClCompile Include="tact\tact_mission_end_finalize.cpp">
      <Filter>tact</Filter>
    </ClCompile>
    <ClCompile Include="tact\tact_mission_end_return_to_strategic.cpp">
      <Filter>tact</Filter>
    </ClCompile>
    <ClCompile Include="tact\tact_mission_load.cpp">
      <Filter>tact</Filter>
    </ClCompile>
    <ClCompile Include="tact\tact_mission_parse.cpp">
      <Filter>tact</Filter>
    </ClCompile>
    <ClCompile Include="tact\tact_mission_start.cpp">
      <Filter>tact</Filter>
    </ClCompile>
    <ClCompile Include="tact\tact_move_path_build.cpp">
      <Filter>tact</Filter>
    </ClCompile>
    <ClCompile Include="tact\tact_move_path_preview_walk.cpp">
      <Filter>tact</Filter>
    </ClCompile>
    <ClCompile Include="tact\tact_move_step_attempt.cpp">
      <Filter>tact</Filter>
    </ClCompile>
    <ClCompile Include="tact\tact_pilot.cpp">
      <Filter>tact</Filter>
    </ClCompile>
    <ClCompile Include="tact\tact_scroll_target_proximity_tick.cpp">
      <Filter>tact</Filter>
    </ClCompile>
    <ClCompile Include="tact\tact_select_next_unit.cpp">
      <Filter>tact</Filter>
    </ClCompile>
    <ClCompile Include="tact\tact_selection_clear_unless_ctrl.cpp">
      <Filter>tact</Filter>
    </ClCompile>
    <ClCompile Include="tact\tact_selection_panel_refresh.cpp">
      <Filter>tact</Filter>
    </ClCompile>
    <ClCompile Include="tact\tact_sidebar_dispatch.cpp">
      <Filter>tact</Filter>
    </ClCompile>
    <ClCompile Include="tact\tact_squad_assault_resolve.cpp">
      <Filter>tact</Filter>
    </ClCompile>
    <ClCompile Include="tact\tact_squad_roster_refresh.cpp">
      <Filter>tact</Filter>
    </ClCompile>
    <ClCompile Include="tact\tact_squad_status.cpp">
      <Filter>tact</Filter>
    </ClCompile>
    <ClCompile Include="tact\tact_state.cpp">
      <Filter>tact</Filter>
    </ClCompile>
    <ClCompile Include="tact\tact_teleport_cmdqueue_jump.cpp">
      <Filter>tact</Filter>
    </ClCompile>
    <ClCompile Include="tact\tact_teleport_zone.cpp">
      <Filter>tact</Filter>
    </ClCompile>
    <ClCompile Include="tact\tact_tile_occupancy.cpp">
      <Filter>tact</Filter>
    </ClCompile>
    <ClCompile Include="tact\tact_ui_order_buttons_minimap_tick.cpp">
      <Filter>tact</Filter>
    </ClCompile>
    <ClCompile Include="tact\tact_ui_sel_panel_init.cpp">
      <Filter>tact</Filter>
    </ClCompile>
    <ClCompile Include="tact\tact_ui_sel_panel_multi_mode_tick.cpp">
      <Filter>tact</Filter>
    </ClCompile>
    <ClCompile Include="tact\tact_ui_sel_panel_single_mode_tick.cpp">
      <Filter>tact</Filter>
    </ClCompile>
    <ClCompile Include="tact\tact_unit_cmd_advance.cpp">
      <Filter>tact</Filter>
    </ClCompile>
    <ClCompile Include="tact\tact_unit_cmd_advance_with_defstat.cpp">
      <Filter>tact</Filter>
    </ClCompile>
    <ClCompile Include="tact\tact_unit_cmd_queue_advance.cpp">
      <Filter>tact</Filter>
    </ClCompile>
    <ClCompile Include="tact\tact_unit_cmd_queue_resubmit_run.cpp">
      <Filter>tact</Filter>
    </ClCompile>
    <ClCompile Include="tact\tact_unit_cmd_stance.cpp">
      <Filter>tact</Filter>
    </ClCompile>
    <ClCompile Include="tact\tact_unit_cmd_teleport_jump_tick.cpp">
      <Filter>tact</Filter>
    </ClCompile>
    <ClCompile Include="tact\tact_unit_death_tick.cpp">
      <Filter>tact</Filter>
    </ClCompile>
    <ClCompile Include="tact\tact_unit_despawn.cpp">
      <Filter>tact</Filter>
    </ClCompile>
    <ClCompile Include="tact\tact_unit_destroy.cpp">
      <Filter>tact</Filter>
    </ClCompile>
    <ClCompile Include="tact\tact_unit_enqueue_command.cpp">
      <Filter>tact</Filter>
    </ClCompile>
    <ClCompile Include="tact\tact_unit_fire_weapon.cpp">
      <Filter>tact</Filter>
    </ClCompile>
    <ClCompile Include="tact\tact_unit_get_muzzle_offset.cpp">
      <Filter>tact</Filter>
    </ClCompile>
    <ClCompile Include="tact\tact_unit_kneel_tick.cpp">
      <Filter>tact</Filter>
    </ClCompile>
    <ClCompile Include="tact\tact_unit_mine_arm_tick.cpp">
      <Filter>tact</Filter>
    </ClCompile>
    <ClCompile Include="tact\tact_unit_move_advance.cpp">
      <Filter>tact</Filter>
    </ClCompile>
    <ClCompile Include="tact\tact_unit_move_tick.cpp">
      <Filter>tact</Filter>
    </ClCompile>
    <ClCompile Include="tact\tact_unit_owner_tick.cpp">
      <Filter>tact</Filter>
    </ClCompile>
    <ClCompile Include="tact\tact_unit_rotate_step.cpp">
      <Filter>tact</Filter>
    </ClCompile>
    <ClCompile Include="tact\tact_unit_rotate_tick.cpp">
      <Filter>tact</Filter>
    </ClCompile>
    <ClCompile Include="tact\tact_unit_set_anim_state.cpp">
      <Filter>tact</Filter>
    </ClCompile>
    <ClCompile Include="tact\tact_unit_spawn.cpp">
      <Filter>tact</Filter>
    </ClCompile>
    <ClCompile Include="tact\tact_unit_stand_tick.cpp">
      <Filter>tact</Filter>
    </ClCompile>
    <ClCompile Include="tact\tact_unit_teleport.cpp">
      <Filter>tact</Filter>
    </ClCompile>
    <ClCompile Include="tact\tact_unit_update_anim.cpp">
      <Filter>tact</Filter>
    </ClCompile>
    <ClCompile Include="tact\tact_unit_vision.cpp">
      <Filter>tact</Filter>
    </ClCompile>
    <ClCompile Include="tact\tact_unit_weapon_in_range.cpp">
      <Filter>tact</Filter>
    </ClCompile>
    <ClCompile Include="tact\tact_unit_weapons_tick.cpp">
      <Filter>tact</Filter>
    </ClCompile>
    <ClCompile Include="tact\tact_update_units_and_fx.cpp">
      <Filter>tact</Filter>
    </ClCompile>
    <ClCompile Include="tact\tact_view_shift.cpp">
      <Filter>tact</Filter>
    </ClCompile>
    <ClCompile Include="tact\tact_weapon_calc_scatter.cpp">
      <Filter>tact</Filter>
    </ClCompile>
  </ItemGroup>
</Project>
