<?xml version="1.0" encoding="utf-8"?>
<Project ToolsVersion="4.0" xmlns="http://schemas.microsoft.com/developer/msbuild/2003">
  <!-- GENERATED by tools/gen_vcxproj_filters.py - do not hand-edit; rerun the generator.
       The folder tree MIRRORS THE ON-DISK LAYOUT (fork F5P); it is not a taxonomy. -->
  <ItemGroup>
    <Filter Include="mh">
      <UniqueIdentifier>{84DF9EFA-AEAE-5660-B962-5F8219A63181}</UniqueIdentifier>
    </Filter>
    <Filter Include="mh\addr">
      <UniqueIdentifier>{44A0698E-F6BF-501C-A1A6-0778CECA35B7}</UniqueIdentifier>
    </Filter>
  </ItemGroup>
  <ItemGroup>
    <ClCompile Include="harness.cpp" />
    <ClCompile Include="..\mh\addr\mh_calls.gen.cpp">
      <Filter>mh\addr</Filter>
    </ClCompile>
    <ClCompile Include="mh_harness_dllmain.cpp" />
    <ClCompile Include="harness_contract.gen.cpp" />
  </ItemGroup>
  <ItemGroup>
    <None Include="mh_harness.def" />
  </ItemGroup>
  <ItemGroup>
    <ClInclude Include="harness_contract.gen.h" />
  </ItemGroup>
</Project>
