<?xml version="1.0" encoding="utf-8"?>
<Project ToolsVersion="4.0" xmlns="http://schemas.microsoft.com/developer/msbuild/2003">
  <!-- GENERATED by tools/gen_vcxproj_filters.py - do not hand-edit; rerun the generator.
       The folder tree MIRRORS THE ON-DISK LAYOUT (fork F5P); it is not a taxonomy. -->
  <ItemGroup>
    <Filter Include="addr">
      <UniqueIdentifier>{B2FD189B-C5D8-5EC6-B3E1-EC668982F7C4}</UniqueIdentifier>
    </Filter>
    <Filter Include="desync">
      <UniqueIdentifier>{44183E90-DDDC-55A1-92DB-E8658718406D}</UniqueIdentifier>
    </Filter>
    <Filter Include="fix">
      <UniqueIdentifier>{EB26D497-D3C5-5710-88B9-AE003B6BD8D0}</UniqueIdentifier>
    </Filter>
    <Filter Include="hook">
      <UniqueIdentifier>{739D9F5C-6E7F-59D2-A8A2-77BEA0572343}</UniqueIdentifier>
    </Filter>
    <Filter Include="include">
      <UniqueIdentifier>{6478C3D5-71F6-568A-B212-7568B66DA8CF}</UniqueIdentifier>
    </Filter>
    <Filter Include="libmh">
      <UniqueIdentifier>{BED652F9-5B34-5E79-8D05-63B30062B929}</UniqueIdentifier>
    </Filter>
    <Filter Include="libmh\lockstep">
      <UniqueIdentifier>{E3BDCEF2-2A6E-5DAF-81C9-B330316214AB}</UniqueIdentifier>
    </Filter>
    <Filter Include="libmh\orders">
      <UniqueIdentifier>{D775A888-6735-5428-AA1E-92E95025F23F}</UniqueIdentifier>
    </Filter>
    <Filter Include="libmh\orders\issue">
      <UniqueIdentifier>{5B809BC8-567A-5FF1-80B1-1D7DC4719B54}</UniqueIdentifier>
    </Filter>
    <Filter Include="patch">
      <UniqueIdentifier>{34BFEC4A-FF69-59B5-9FEB-C2C64934B4B4}</UniqueIdentifier>
    </Filter>
    <Filter Include="seams">
      <UniqueIdentifier>{4DF1E25E-48BC-5956-853C-10134D15774F}</UniqueIdentifier>
    </Filter>
    <Filter Include="ui">
      <UniqueIdentifier>{39BD256F-3055-5D92-9AF1-C776F3FF8A70}</UniqueIdentifier>
    </Filter>
  </ItemGroup>
  <ItemGroup>
    <ClCompile Include="seams\libmh_bind.cpp">
      <Filter>seams</Filter>
    </ClCompile>
    <ClCompile Include="seams\libmh_contract.gen.cpp">
      <Filter>seams</Filter>
    </ClCompile>
    <ClCompile Include="addr\mh_calls.gen.cpp">
      <Filter>addr</Filter>
    </ClCompile>
    <ClCompile Include="addr\mh_hostapi_bind.gen.cpp">
      <Filter>addr</Filter>
    </ClCompile>
    <ClCompile Include="en_guard.cpp" />
    <ClCompile Include="hook\detour.cpp">
      <Filter>hook</Filter>
    </ClCompile>
    <ClCompile Include="hook\patch.cpp">
      <Filter>hook</Filter>
    </ClCompile>
    <ClCompile Include="hook\promoted.cpp">
      <Filter>hook</Filter>
    </ClCompile>
    <ClCompile Include="patch\inmem_patch.cpp">
      <Filter>patch</Filter>
    </ClCompile>
    <ClCompile Include="patch\inmem_install.cpp">
      <Filter>patch</Filter>
    </ClCompile>
    <ClCompile Include="hook\tombstone.cpp">
      <Filter>hook</Filter>
    </ClCompile>
    <ClCompile Include="hook\watcall.cpp">
      <Filter>hook</Filter>
    </ClCompile>
    <ClCompile Include="mh.c" />
    <ClCompile Include="seams\gfx_capture.cpp">
      <Filter>seams</Filter>
    </ClCompile>
    <ClCompile Include="seams\core_arm.cpp">
      <Filter>seams</Filter>
    </ClCompile>
    <ClCompile Include="seams\crash_marker.cpp">
      <Filter>seams</Filter>
    </ClCompile>
    <ClCompile Include="seams\harness_bind.cpp">
      <Filter>seams</Filter>
    </ClCompile>
    <ClCompile Include="seams\module_bind.cpp">
      <Filter>seams</Filter>
    </ClCompile>
    <ClCompile Include="seams\libmh_hook_host.cpp">
      <Filter>seams</Filter>
    </ClCompile>
    <ClCompile Include="seams\gfx_overlay.cpp">
      <Filter>seams</Filter>
    </ClCompile>
    <ClCompile Include="seams\gfx_font_guard.cpp">
      <Filter>seams</Filter>
    </ClCompile>
    <ClCompile Include="seams\ui_chat_input.cpp">
      <Filter>seams</Filter>
    </ClCompile>
    <ClCompile Include="seams\ui_cheat_gate.cpp">
      <Filter>seams</Filter>
    </ClCompile>
    <ClCompile Include="seams\ui_diplomacy_echo.cpp">
      <Filter>seams</Filter>
    </ClCompile>
    <ClCompile Include="seams\ui_bldg_cancel_task.cpp">
      <Filter>seams</Filter>
    </ClCompile>
    <ClCompile Include="seams\ui_net_indicator.cpp">
      <Filter>seams</Filter>
    </ClCompile>
    <ClCompile Include="seams\save_triggers.cpp">
      <Filter>seams</Filter>
    </ClCompile>
    <ClCompile Include="seams\ui_drive.cpp">
      <Filter>seams</Filter>
    </ClCompile>
    <ClCompile Include="seams\ui_keyrepeat.cpp">
      <Filter>seams</Filter>
    </ClCompile>
    <ClCompile Include="seams\ui_pause.cpp">
      <Filter>seams</Filter>
    </ClCompile>
    <ClCompile Include="seams\launch.cpp">
      <Filter>seams</Filter>
    </ClCompile>
    <ClCompile Include="seams\mp_menu.cpp">
      <Filter>seams</Filter>
    </ClCompile>
    <ClCompile Include="seams\standalone.cpp">
      <Filter>seams</Filter>
    </ClCompile>
    <ClCompile Include="seams\net_diag.cpp">
      <Filter>seams</Filter>
    </ClCompile>
    <ClCompile Include="seams\net_discovery.cpp">
      <Filter>seams</Filter>
    </ClCompile>
    <ClCompile Include="seams\map_transfer.cpp">
      <Filter>seams</Filter>
    </ClCompile>
    <ClCompile Include="seams\net_lockstep.cpp">
      <Filter>seams</Filter>
    </ClCompile>
    <ClCompile Include="seams\net_seams.cpp">
      <Filter>seams</Filter>
    </ClCompile>
    <ClCompile Include="seams\reimpl_probe.cpp">
      <Filter>seams</Filter>
    </ClCompile>
    <ClCompile Include="ui\ui_runtime.cpp">
      <Filter>ui</Filter>
    </ClCompile>
    <ClCompile Include="ui\lobby_slide.cpp">
      <Filter>ui</Filter>
    </ClCompile>
    <ClCompile Include="ui\lobby_notice.cpp">
      <Filter>ui</Filter>
    </ClCompile>
    <ClCompile Include="ui\lobby_widgets.cpp">
      <Filter>ui</Filter>
    </ClCompile>
    <ClCompile Include="ui\lobby_ping.cpp">
      <Filter>ui</Filter>
    </ClCompile>
    <ClCompile Include="ui\lobby_announce.cpp">
      <Filter>ui</Filter>
    </ClCompile>
    <ClCompile Include="hook\export.cpp">
      <Filter>hook</Filter>
    </ClCompile>
    <ClCompile Include="hook\hookpoint.cpp">
      <Filter>hook</Filter>
    </ClCompile>
    <ClCompile Include="seams\host_event_sink.cpp">
      <Filter>seams</Filter>
    </ClCompile>
    <ClCompile Include="seams\hostapi_io_bind.cpp">
      <Filter>seams</Filter>
    </ClCompile>
    <ClCompile Include="desync\desync_watch.cpp">
      <Filter>desync</Filter>
    </ClCompile>
    <ClCompile Include="seams\video.cpp">
      <Filter>seams</Filter>
    </ClCompile>
  </ItemGroup>
  <ItemGroup>
    <None Include="mh.def" />
  </ItemGroup>
  <ItemGroup>
    <ClInclude Include="addr\mh_addrs.gen.h">
      <Filter>addr</Filter>
    </ClInclude>
    <ClInclude Include="addr\mh_calls.gen.h">
      <Filter>addr</Filter>
    </ClInclude>
    <ClInclude Include="addr\mh_structs.gen.h">
      <Filter>addr</Filter>
    </ClInclude>
    <ClInclude Include="en_guard.h" />
    <ClInclude Include="seams\ui_net_indicator.h">
      <Filter>seams</Filter>
    </ClInclude>
    <ClInclude Include="addr\mh_export.gen.h">
      <Filter>addr</Filter>
    </ClInclude>
    <ClInclude Include="hook\detour.h">
      <Filter>hook</Filter>
    </ClInclude>
    <ClInclude Include="hook\export.h">
      <Filter>hook</Filter>
    </ClInclude>
    <ClInclude Include="hook\hookpoint.h">
      <Filter>hook</Filter>
    </ClInclude>
    <ClInclude Include="..\libmh\orders\order_queue.h">
      <Filter>libmh\orders</Filter>
    </ClInclude>
    <ClInclude Include="..\libmh\orders\issue\issue_state.h">
      <Filter>libmh\orders\issue</Filter>
    </ClInclude>
    <ClInclude Include="..\libmh\lockstep\turn_engine.h">
      <Filter>libmh\lockstep</Filter>
    </ClInclude>
    <ClInclude Include="fix\resync_clamp.h">
      <Filter>fix</Filter>
    </ClInclude>
    <ClInclude Include="desync\desync_watch.h">
      <Filter>desync</Filter>
    </ClInclude>
    <ClInclude Include="hook\patch.h">
      <Filter>hook</Filter>
    </ClInclude>
    <ClInclude Include="hook\watcall.h">
      <Filter>hook</Filter>
    </ClInclude>
    <ClInclude Include="include\mh_standalone_export.h">
      <Filter>include</Filter>
    </ClInclude>
    <ClInclude Include="include\mh_harness_export.h">
      <Filter>include</Filter>
    </ClInclude>
    <ClInclude Include="include\mh_launch_export.h">
      <Filter>include</Filter>
    </ClInclude>
    <ClInclude Include="include\mh_mpmenu_export.h">
      <Filter>include</Filter>
    </ClInclude>
    <ClInclude Include="include\mh_module_bind.h">
      <Filter>include</Filter>
    </ClInclude>
    <ClInclude Include="include\mh_seam_export.h">
      <Filter>include</Filter>
    </ClInclude>
    <ClInclude Include="include\projectile.h">
      <Filter>include</Filter>
    </ClInclude>
    <ClInclude Include="seams\net_internal.h">
      <Filter>seams</Filter>
    </ClInclude>
    <ClInclude Include="ui\lobby_ui.h">
      <Filter>ui</Filter>
    </ClInclude>
    <ClInclude Include="ui\lobby_ping.h">
      <Filter>ui</Filter>
    </ClInclude>
    <ClInclude Include="ui\ui_internal.h">
      <Filter>ui</Filter>
    </ClInclude>
  </ItemGroup>
</Project>
